
Microsoft Visual Studio Solution File, Format Version 12.00
# Visual Studio 2012
Project("{FAE04EC0-301F-11D3-BF4B-00C04F79EFBC}") = "MoreControls.Core", "MoreControls.Core\MoreControls.Core.csproj", "{E3E9712D-59AA-46B3-B4BF-CE83EB7D6730}"
EndProject
Project("{FAE04EC0-301F-11D3-BF4B-00C04F79EFBC}") = "MoreControls.Droid", "MoreControls.Droid\MoreControls.Droid.csproj", "{DD68EEDC-127E-4B78-9508-F4B3586CEC2B}"
EndProject
Global
	GlobalSection(SolutionConfigurationPlatforms) = preSolution
		Debug|Any CPU = Debug|Any CPU
		Release|Any CPU = Release|Any CPU
	EndGlobalSection
	GlobalSection(ProjectConfigurationPlatforms) = postSolution
		{E3E9712D-59AA-46B3-B4BF-CE83EB7D6730}.Debug|Any CPU.ActiveCfg = Debug|Any CPU
		{E3E9712D-59AA-46B3-B4BF-CE83EB7D6730}.Debug|Any CPU.Build.0 = Debug|Any CPU
		{E3E9712D-59AA-46B3-B4BF-CE83EB7D6730}.Release|Any CPU.ActiveCfg = Release|Any CPU
		{E3E9712D-59AA-46B3-B4BF-CE83EB7D6730}.Release|Any CPU.Build.0 = Release|Any CPU
		{DD68EEDC-127E-4B78-9508-F4B3586CEC2B}.Debug|Any CPU.ActiveCfg = Debug|Any CPU
		{DD68EEDC-127E-4B78-9508-F4B3586CEC2B}.Debug|Any CPU.Build.0 = Debug|Any CPU
		{DD68EEDC-127E-4B78-9508-F4B3586CEC2B}.Debug|Any CPU.Deploy.0 = Debug|Any CPU
		{DD68EEDC-127E-4B78-9508-F4B3586CEC2B}.Release|Any CPU.ActiveCfg = Release|Any CPU
		{DD68EEDC-127E-4B78-9508-F4B3586CEC2B}.Release|Any CPU.Build.0 = Release|Any CPU
		{DD68EEDC-127E-4B78-9508-F4B3586CEC2B}.Release|Any CPU.Deploy.0 = Release|Any CPU
	EndGlobalSection
	GlobalSection(SolutionProperties) = preSolution
		HideSolutionNode = FALSE
	EndGlobalSection
EndGlobal
