
Microsoft Visual Studio Solution File, Format Version 12.00
# Visual Studio 14
VisualStudioVersion = 14.0.24720.0
MinimumVisualStudioVersion = 10.0.40219.1
Project("{FAE04EC0-301F-11D3-BF4B-00C04F79EFBC}") = "TipCalc.Core", "TipCalc.Core\TipCalc.Core.csproj", "{278DBED9-619C-4998-B734-4A4CC69C8269}"
EndProject
Project("{FAE04EC0-301F-11D3-BF4B-00C04F79EFBC}") = "TipCalc.UI.iOS", "TipCalc.UI.iOS\TipCalc.UI.iOS.csproj", "{9F649F0F-E5E4-4A40-B292-80A73EE88D01}"
EndProject
Project("{FAE04EC0-301F-11D3-BF4B-00C04F79EFBC}") = "TipCalc.UI.Droid", "TipCalc.UI.Droid\TipCalc.UI.Droid.csproj", "{61343446-D796-4161-8185-0A19C114245D}"
EndProject
Project("{FAE04EC0-301F-11D3-BF4B-00C04F79EFBC}") = "TipCalc.UI.WP", "TipCalc.UI.WP\TipCalc.UI.WP.csproj", "{2D2944C3-2D04-4CAA-AAE8-DBF241F1C4AD}"
EndProject
Project("{FAE04EC0-301F-11D3-BF4B-00C04F79EFBC}") = "TipCalc.UI.WindowsStore", "TipCalc.UI.WindowsStore\TipCalc.UI.WindowsStore.csproj", "{731958BD-2E05-4BB6-AA0B-2C66E019547B}"
EndProject
Project("{2150E333-8FDC-42A3-9474-1A3956D46DE8}") = "TipCalc.UI.WindowsCommon", "TipCalc.UI.WindowsCommon", "{BC7AB3C9-6A94-4EB1-B781-95233C973CFD}"
EndProject
Project("{D954291E-2A0B-460D-934E-DC6B0785DB48}") = "TipCalc.UI.WindowsCommon.Shared", "TipCalc.UI.WindowsCommon\TipCalc.UI.WindowsCommon.Shared\TipCalc.UI.WindowsCommon.Shared.shproj", "{CF7DF63B-9D20-4A35-87E6-5A58C9A0A018}"
EndProject
Project("{FAE04EC0-301F-11D3-BF4B-00C04F79EFBC}") = "TipCalc.UI.WindowsCommon.Windows", "TipCalc.UI.WindowsCommon\TipCalc.UI.WindowsCommon.Windows\TipCalc.UI.WindowsCommon.Windows.csproj", "{08EC0BB5-117E-4CEA-9CD5-81AD4D4A02EB}"
EndProject
Project("{FAE04EC0-301F-11D3-BF4B-00C04F79EFBC}") = "TipCalc.UI.WindowsCommon.WindowsPhone", "TipCalc.UI.WindowsCommon\TipCalc.UI.WindowsCommon.WindowsPhone\TipCalc.UI.WindowsCommon.WindowsPhone.csproj", "{1E0DEE0A-46A1-4D93-9345-1C01C84ADA82}"
EndProject
Project("{FAE04EC0-301F-11D3-BF4B-00C04F79EFBC}") = "TipCalc.UI.Wpf", "TipCalc.UI.Wpf\TipCalc.UI.Wpf.csproj", "{5A39CBC2-C298-48D5-A578-40EE2CA73EC5}"
EndProject
Project("{FAE04EC0-301F-11D3-BF4B-00C04F79EFBC}") = "TipCalc.UI.UWP", "TipCalc.UI.UWP\TipCalc.UI.UWP.csproj", "{671AE5FD-6DF0-4BE6-9ECA-14C23036ABD5}"
EndProject
Global
	GlobalSection(SharedMSBuildProjectFiles) = preSolution
		TipCalc.UI.WindowsCommon\TipCalc.UI.WindowsCommon.Shared\TipCalc.UI.WindowsCommon.Shared.projitems*{08ec0bb5-117e-4cea-9cd5-81ad4d4a02eb}*SharedItemsImports = 4
		TipCalc.UI.WindowsCommon\TipCalc.UI.WindowsCommon.Shared\TipCalc.UI.WindowsCommon.Shared.projitems*{cf7df63b-9d20-4a35-87e6-5a58c9a0a018}*SharedItemsImports = 13
		TipCalc.UI.WindowsCommon\TipCalc.UI.WindowsCommon.Shared\TipCalc.UI.WindowsCommon.Shared.projitems*{1e0dee0a-46a1-4d93-9345-1c01c84ada82}*SharedItemsImports = 4
	EndGlobalSection
	GlobalSection(SolutionConfigurationPlatforms) = preSolution
		Debug|Any CPU = Debug|Any CPU
		Debug|ARM = Debug|ARM
		Debug|iPhone = Debug|iPhone
		Debug|iPhoneSimulator = Debug|iPhoneSimulator
		Debug|x64 = Debug|x64
		Debug|x86 = Debug|x86
		Release|Any CPU = Release|Any CPU
		Release|ARM = Release|ARM
		Release|iPhone = Release|iPhone
		Release|iPhoneSimulator = Release|iPhoneSimulator
		Release|x64 = Release|x64
		Release|x86 = Release|x86
	EndGlobalSection
	GlobalSection(ProjectConfigurationPlatforms) = postSolution
		{278DBED9-619C-4998-B734-4A4CC69C8269}.Debug|Any CPU.ActiveCfg = Debug|Any CPU
		{278DBED9-619C-4998-B734-4A4CC69C8269}.Debug|Any CPU.Build.0 = Debug|Any CPU
		{278DBED9-619C-4998-B734-4A4CC69C8269}.Debug|ARM.ActiveCfg = Debug|Any CPU
		{278DBED9-619C-4998-B734-4A4CC69C8269}.Debug|ARM.Build.0 = Debug|Any CPU
		{278DBED9-619C-4998-B734-4A4CC69C8269}.Debug|iPhone.ActiveCfg = Debug|Any CPU
		{278DBED9-619C-4998-B734-4A4CC69C8269}.Debug|iPhone.Build.0 = Debug|Any CPU
		{278DBED9-619C-4998-B734-4A4CC69C8269}.Debug|iPhoneSimulator.ActiveCfg = Debug|Any CPU
		{278DBED9-619C-4998-B734-4A4CC69C8269}.Debug|iPhoneSimulator.Build.0 = Debug|Any CPU
		{278DBED9-619C-4998-B734-4A4CC69C8269}.Debug|x64.ActiveCfg = Debug|Any CPU
		{278DBED9-619C-4998-B734-4A4CC69C8269}.Debug|x64.Build.0 = Debug|Any CPU
		{278DBED9-619C-4998-B734-4A4CC69C8269}.Debug|x86.ActiveCfg = Debug|Any CPU
		{278DBED9-619C-4998-B734-4A4CC69C8269}.Debug|x86.Build.0 = Debug|Any CPU
		{278DBED9-619C-4998-B734-4A4CC69C8269}.Release|Any CPU.ActiveCfg = Release|Any CPU
		{278DBED9-619C-4998-B734-4A4CC69C8269}.Release|Any CPU.Build.0 = Release|Any CPU
		{278DBED9-619C-4998-B734-4A4CC69C8269}.Release|ARM.ActiveCfg = Release|Any CPU
		{278DBED9-619C-4998-B734-4A4CC69C8269}.Release|ARM.Build.0 = Release|Any CPU
		{278DBED9-619C-4998-B734-4A4CC69C8269}.Release|iPhone.ActiveCfg = Release|Any CPU
		{278DBED9-619C-4998-B734-4A4CC69C8269}.Release|iPhone.Build.0 = Release|Any CPU
		{278DBED9-619C-4998-B734-4A4CC69C8269}.Release|iPhoneSimulator.ActiveCfg = Release|Any CPU
		{278DBED9-619C-4998-B734-4A4CC69C8269}.Release|iPhoneSimulator.Build.0 = Release|Any CPU
		{278DBED9-619C-4998-B734-4A4CC69C8269}.Release|x64.ActiveCfg = Release|Any CPU
		{278DBED9-619C-4998-B734-4A4CC69C8269}.Release|x64.Build.0 = Release|Any CPU
		{278DBED9-619C-4998-B734-4A4CC69C8269}.Release|x86.ActiveCfg = Release|Any CPU
		{278DBED9-619C-4998-B734-4A4CC69C8269}.Release|x86.Build.0 = Release|Any CPU
		{9F649F0F-E5E4-4A40-B292-80A73EE88D01}.Debug|Any CPU.ActiveCfg = Debug|iPhoneSimulator
		{9F649F0F-E5E4-4A40-B292-80A73EE88D01}.Debug|Any CPU.Build.0 = Debug|iPhoneSimulator
		{9F649F0F-E5E4-4A40-B292-80A73EE88D01}.Debug|ARM.ActiveCfg = Debug|iPhone
		{9F649F0F-E5E4-4A40-B292-80A73EE88D01}.Debug|iPhone.ActiveCfg = Debug|iPhone
		{9F649F0F-E5E4-4A40-B292-80A73EE88D01}.Debug|iPhone.Build.0 = Debug|iPhone
		{9F649F0F-E5E4-4A40-B292-80A73EE88D01}.Debug|iPhoneSimulator.ActiveCfg = Debug|iPhoneSimulator
		{9F649F0F-E5E4-4A40-B292-80A73EE88D01}.Debug|iPhoneSimulator.Build.0 = Debug|iPhoneSimulator
		{9F649F0F-E5E4-4A40-B292-80A73EE88D01}.Debug|x64.ActiveCfg = Debug|iPhone
		{9F649F0F-E5E4-4A40-B292-80A73EE88D01}.Debug|x86.ActiveCfg = Debug|iPhone
		{9F649F0F-E5E4-4A40-B292-80A73EE88D01}.Release|Any CPU.ActiveCfg = Release|iPhone
		{9F649F0F-E5E4-4A40-B292-80A73EE88D01}.Release|Any CPU.Build.0 = Release|iPhone
		{9F649F0F-E5E4-4A40-B292-80A73EE88D01}.Release|ARM.ActiveCfg = Release|iPhoneSimulator
		{9F649F0F-E5E4-4A40-B292-80A73EE88D01}.Release|iPhone.ActiveCfg = Release|iPhone
		{9F649F0F-E5E4-4A40-B292-80A73EE88D01}.Release|iPhone.Build.0 = Release|iPhone
		{9F649F0F-E5E4-4A40-B292-80A73EE88D01}.Release|iPhoneSimulator.ActiveCfg = Release|iPhoneSimulator
		{9F649F0F-E5E4-4A40-B292-80A73EE88D01}.Release|iPhoneSimulator.Build.0 = Release|iPhoneSimulator
		{9F649F0F-E5E4-4A40-B292-80A73EE88D01}.Release|x64.ActiveCfg = Release|iPhoneSimulator
		{9F649F0F-E5E4-4A40-B292-80A73EE88D01}.Release|x86.ActiveCfg = Release|iPhoneSimulator
		{61343446-D796-4161-8185-0A19C114245D}.Debug|Any CPU.ActiveCfg = Debug|Any CPU
		{61343446-D796-4161-8185-0A19C114245D}.Debug|Any CPU.Build.0 = Debug|Any CPU
		{61343446-D796-4161-8185-0A19C114245D}.Debug|Any CPU.Deploy.0 = Debug|Any CPU
		{61343446-D796-4161-8185-0A19C114245D}.Debug|ARM.ActiveCfg = Debug|Any CPU
		{61343446-D796-4161-8185-0A19C114245D}.Debug|ARM.Build.0 = Debug|Any CPU
		{61343446-D796-4161-8185-0A19C114245D}.Debug|ARM.Deploy.0 = Debug|Any CPU
		{61343446-D796-4161-8185-0A19C114245D}.Debug|iPhone.ActiveCfg = Debug|Any CPU
		{61343446-D796-4161-8185-0A19C114245D}.Debug|iPhone.Build.0 = Debug|Any CPU
		{61343446-D796-4161-8185-0A19C114245D}.Debug|iPhone.Deploy.0 = Debug|Any CPU
		{61343446-D796-4161-8185-0A19C114245D}.Debug|iPhoneSimulator.ActiveCfg = Debug|Any CPU
		{61343446-D796-4161-8185-0A19C114245D}.Debug|iPhoneSimulator.Build.0 = Debug|Any CPU
		{61343446-D796-4161-8185-0A19C114245D}.Debug|iPhoneSimulator.Deploy.0 = Debug|Any CPU
		{61343446-D796-4161-8185-0A19C114245D}.Debug|x64.ActiveCfg = Debug|Any CPU
		{61343446-D796-4161-8185-0A19C114245D}.Debug|x64.Build.0 = Debug|Any CPU
		{61343446-D796-4161-8185-0A19C114245D}.Debug|x64.Deploy.0 = Debug|Any CPU
		{61343446-D796-4161-8185-0A19C114245D}.Debug|x86.ActiveCfg = Debug|Any CPU
		{61343446-D796-4161-8185-0A19C114245D}.Debug|x86.Build.0 = Debug|Any CPU
		{61343446-D796-4161-8185-0A19C114245D}.Debug|x86.Deploy.0 = Debug|Any CPU
		{61343446-D796-4161-8185-0A19C114245D}.Release|Any CPU.ActiveCfg = Release|Any CPU
		{61343446-D796-4161-8185-0A19C114245D}.Release|Any CPU.Build.0 = Release|Any CPU
		{61343446-D796-4161-8185-0A19C114245D}.Release|Any CPU.Deploy.0 = Release|Any CPU
		{61343446-D796-4161-8185-0A19C114245D}.Release|ARM.ActiveCfg = Release|Any CPU
		{61343446-D796-4161-8185-0A19C114245D}.Release|ARM.Build.0 = Release|Any CPU
		{61343446-D796-4161-8185-0A19C114245D}.Release|ARM.Deploy.0 = Release|Any CPU
		{61343446-D796-4161-8185-0A19C114245D}.Release|iPhone.ActiveCfg = Release|Any CPU
		{61343446-D796-4161-8185-0A19C114245D}.Release|iPhone.Build.0 = Release|Any CPU
		{61343446-D796-4161-8185-0A19C114245D}.Release|iPhone.Deploy.0 = Release|Any CPU
		{61343446-D796-4161-8185-0A19C114245D}.Release|iPhoneSimulator.ActiveCfg = Release|Any CPU
		{61343446-D796-4161-8185-0A19C114245D}.Release|iPhoneSimulator.Build.0 = Release|Any CPU
		{61343446-D796-4161-8185-0A19C114245D}.Release|iPhoneSimulator.Deploy.0 = Release|Any CPU
		{61343446-D796-4161-8185-0A19C114245D}.Release|x64.ActiveCfg = Release|Any CPU
		{61343446-D796-4161-8185-0A19C114245D}.Release|x64.Build.0 = Release|Any CPU
		{61343446-D796-4161-8185-0A19C114245D}.Release|x64.Deploy.0 = Release|Any CPU
		{61343446-D796-4161-8185-0A19C114245D}.Release|x86.ActiveCfg = Release|Any CPU
		{61343446-D796-4161-8185-0A19C114245D}.Release|x86.Build.0 = Release|Any CPU
		{61343446-D796-4161-8185-0A19C114245D}.Release|x86.Deploy.0 = Release|Any CPU
		{2D2944C3-2D04-4CAA-AAE8-DBF241F1C4AD}.Debug|Any CPU.ActiveCfg = Debug|Any CPU
		{2D2944C3-2D04-4CAA-AAE8-DBF241F1C4AD}.Debug|Any CPU.Build.0 = Debug|Any CPU
		{2D2944C3-2D04-4CAA-AAE8-DBF241F1C4AD}.Debug|Any CPU.Deploy.0 = Debug|Any CPU
		{2D2944C3-2D04-4CAA-AAE8-DBF241F1C4AD}.Debug|ARM.ActiveCfg = Debug|ARM
		{2D2944C3-2D04-4CAA-AAE8-DBF241F1C4AD}.Debug|ARM.Build.0 = Debug|ARM
		{2D2944C3-2D04-4CAA-AAE8-DBF241F1C4AD}.Debug|ARM.Deploy.0 = Debug|ARM
		{2D2944C3-2D04-4CAA-AAE8-DBF241F1C4AD}.Debug|iPhone.ActiveCfg = Debug|Any CPU
		{2D2944C3-2D04-4CAA-AAE8-DBF241F1C4AD}.Debug|iPhone.Build.0 = Debug|Any CPU
		{2D2944C3-2D04-4CAA-AAE8-DBF241F1C4AD}.Debug|iPhone.Deploy.0 = Debug|Any CPU
		{2D2944C3-2D04-4CAA-AAE8-DBF241F1C4AD}.Debug|iPhoneSimulator.ActiveCfg = Debug|Any CPU
		{2D2944C3-2D04-4CAA-AAE8-DBF241F1C4AD}.Debug|iPhoneSimulator.Build.0 = Debug|Any CPU
		{2D2944C3-2D04-4CAA-AAE8-DBF241F1C4AD}.Debug|iPhoneSimulator.Deploy.0 = Debug|Any CPU
		{2D2944C3-2D04-4CAA-AAE8-DBF241F1C4AD}.Debug|x64.ActiveCfg = Debug|Any CPU
		{2D2944C3-2D04-4CAA-AAE8-DBF241F1C4AD}.Debug|x64.Build.0 = Debug|Any CPU
		{2D2944C3-2D04-4CAA-AAE8-DBF241F1C4AD}.Debug|x64.Deploy.0 = Debug|Any CPU
		{2D2944C3-2D04-4CAA-AAE8-DBF241F1C4AD}.Debug|x86.ActiveCfg = Debug|x86
		{2D2944C3-2D04-4CAA-AAE8-DBF241F1C4AD}.Debug|x86.Build.0 = Debug|x86
		{2D2944C3-2D04-4CAA-AAE8-DBF241F1C4AD}.Debug|x86.Deploy.0 = Debug|x86
		{2D2944C3-2D04-4CAA-AAE8-DBF241F1C4AD}.Release|Any CPU.ActiveCfg = Release|Any CPU
		{2D2944C3-2D04-4CAA-AAE8-DBF241F1C4AD}.Release|Any CPU.Build.0 = Release|Any CPU
		{2D2944C3-2D04-4CAA-AAE8-DBF241F1C4AD}.Release|Any CPU.Deploy.0 = Release|Any CPU
		{2D2944C3-2D04-4CAA-AAE8-DBF241F1C4AD}.Release|ARM.ActiveCfg = Release|ARM
		{2D2944C3-2D04-4CAA-AAE8-DBF241F1C4AD}.Release|ARM.Build.0 = Release|ARM
		{2D2944C3-2D04-4CAA-AAE8-DBF241F1C4AD}.Release|ARM.Deploy.0 = Release|ARM
		{2D2944C3-2D04-4CAA-AAE8-DBF241F1C4AD}.Release|iPhone.ActiveCfg = Release|Any CPU
		{2D2944C3-2D04-4CAA-AAE8-DBF241F1C4AD}.Release|iPhone.Build.0 = Release|Any CPU
		{2D2944C3-2D04-4CAA-AAE8-DBF241F1C4AD}.Release|iPhone.Deploy.0 = Release|Any CPU
		{2D2944C3-2D04-4CAA-AAE8-DBF241F1C4AD}.Release|iPhoneSimulator.ActiveCfg = Release|Any CPU
		{2D2944C3-2D04-4CAA-AAE8-DBF241F1C4AD}.Release|iPhoneSimulator.Build.0 = Release|Any CPU
		{2D2944C3-2D04-4CAA-AAE8-DBF241F1C4AD}.Release|iPhoneSimulator.Deploy.0 = Release|Any CPU
		{2D2944C3-2D04-4CAA-AAE8-DBF241F1C4AD}.Release|x64.ActiveCfg = Release|Any CPU
		{2D2944C3-2D04-4CAA-AAE8-DBF241F1C4AD}.Release|x64.Build.0 = Release|Any CPU
		{2D2944C3-2D04-4CAA-AAE8-DBF241F1C4AD}.Release|x64.Deploy.0 = Release|Any CPU
		{2D2944C3-2D04-4CAA-AAE8-DBF241F1C4AD}.Release|x86.ActiveCfg = Release|x86
		{2D2944C3-2D04-4CAA-AAE8-DBF241F1C4AD}.Release|x86.Build.0 = Release|x86
		{2D2944C3-2D04-4CAA-AAE8-DBF241F1C4AD}.Release|x86.Deploy.0 = Release|x86
		{731958BD-2E05-4BB6-AA0B-2C66E019547B}.Debug|Any CPU.ActiveCfg = Debug|Any CPU
		{731958BD-2E05-4BB6-AA0B-2C66E019547B}.Debug|Any CPU.Build.0 = Debug|Any CPU
		{731958BD-2E05-4BB6-AA0B-2C66E019547B}.Debug|Any CPU.Deploy.0 = Debug|Any CPU
		{731958BD-2E05-4BB6-AA0B-2C66E019547B}.Debug|ARM.ActiveCfg = Debug|ARM
		{731958BD-2E05-4BB6-AA0B-2C66E019547B}.Debug|ARM.Build.0 = Debug|ARM
		{731958BD-2E05-4BB6-AA0B-2C66E019547B}.Debug|ARM.Deploy.0 = Debug|ARM
		{731958BD-2E05-4BB6-AA0B-2C66E019547B}.Debug|iPhone.ActiveCfg = Debug|Any CPU
		{731958BD-2E05-4BB6-AA0B-2C66E019547B}.Debug|iPhone.Build.0 = Debug|Any CPU
		{731958BD-2E05-4BB6-AA0B-2C66E019547B}.Debug|iPhone.Deploy.0 = Debug|Any CPU
		{731958BD-2E05-4BB6-AA0B-2C66E019547B}.Debug|iPhoneSimulator.ActiveCfg = Debug|Any CPU
		{731958BD-2E05-4BB6-AA0B-2C66E019547B}.Debug|iPhoneSimulator.Build.0 = Debug|Any CPU
		{731958BD-2E05-4BB6-AA0B-2C66E019547B}.Debug|iPhoneSimulator.Deploy.0 = Debug|Any CPU
		{731958BD-2E05-4BB6-AA0B-2C66E019547B}.Debug|x64.ActiveCfg = Debug|x64
		{731958BD-2E05-4BB6-AA0B-2C66E019547B}.Debug|x64.Build.0 = Debug|x64
		{731958BD-2E05-4BB6-AA0B-2C66E019547B}.Debug|x64.Deploy.0 = Debug|x64
		{731958BD-2E05-4BB6-AA0B-2C66E019547B}.Debug|x86.ActiveCfg = Debug|x86
		{731958BD-2E05-4BB6-AA0B-2C66E019547B}.Debug|x86.Build.0 = Debug|x86
		{731958BD-2E05-4BB6-AA0B-2C66E019547B}.Debug|x86.Deploy.0 = Debug|x86
		{731958BD-2E05-4BB6-AA0B-2C66E019547B}.Release|Any CPU.ActiveCfg = Release|Any CPU
		{731958BD-2E05-4BB6-AA0B-2C66E019547B}.Release|Any CPU.Build.0 = Release|Any CPU
		{731958BD-2E05-4BB6-AA0B-2C66E019547B}.Release|Any CPU.Deploy.0 = Release|Any CPU
		{731958BD-2E05-4BB6-AA0B-2C66E019547B}.Release|ARM.ActiveCfg = Release|ARM
		{731958BD-2E05-4BB6-AA0B-2C66E019547B}.Release|ARM.Build.0 = Release|ARM
		{731958BD-2E05-4BB6-AA0B-2C66E019547B}.Release|ARM.Deploy.0 = Release|ARM
		{731958BD-2E05-4BB6-AA0B-2C66E019547B}.Release|iPhone.ActiveCfg = Release|Any CPU
		{731958BD-2E05-4BB6-AA0B-2C66E019547B}.Release|iPhone.Build.0 = Release|Any CPU
		{731958BD-2E05-4BB6-AA0B-2C66E019547B}.Release|iPhone.Deploy.0 = Release|Any CPU
		{731958BD-2E05-4BB6-AA0B-2C66E019547B}.Release|iPhoneSimulator.ActiveCfg = Release|Any CPU
		{731958BD-2E05-4BB6-AA0B-2C66E019547B}.Release|iPhoneSimulator.Build.0 = Release|Any CPU
		{731958BD-2E05-4BB6-AA0B-2C66E019547B}.Release|iPhoneSimulator.Deploy.0 = Release|Any CPU
		{731958BD-2E05-4BB6-AA0B-2C66E019547B}.Release|x64.ActiveCfg = Release|x64
		{731958BD-2E05-4BB6-AA0B-2C66E019547B}.Release|x64.Build.0 = Release|x64
		{731958BD-2E05-4BB6-AA0B-2C66E019547B}.Release|x64.Deploy.0 = Release|x64
		{731958BD-2E05-4BB6-AA0B-2C66E019547B}.Release|x86.ActiveCfg = Release|x86
		{731958BD-2E05-4BB6-AA0B-2C66E019547B}.Release|x86.Build.0 = Release|x86
		{731958BD-2E05-4BB6-AA0B-2C66E019547B}.Release|x86.Deploy.0 = Release|x86
		{08EC0BB5-117E-4CEA-9CD5-81AD4D4A02EB}.Debug|Any CPU.ActiveCfg = Debug|Any CPU
		{08EC0BB5-117E-4CEA-9CD5-81AD4D4A02EB}.Debug|Any CPU.Build.0 = Debug|Any CPU
		{08EC0BB5-117E-4CEA-9CD5-81AD4D4A02EB}.Debug|Any CPU.Deploy.0 = Debug|Any CPU
		{08EC0BB5-117E-4CEA-9CD5-81AD4D4A02EB}.Debug|ARM.ActiveCfg = Debug|ARM
		{08EC0BB5-117E-4CEA-9CD5-81AD4D4A02EB}.Debug|ARM.Build.0 = Debug|ARM
		{08EC0BB5-117E-4CEA-9CD5-81AD4D4A02EB}.Debug|ARM.Deploy.0 = Debug|ARM
		{08EC0BB5-117E-4CEA-9CD5-81AD4D4A02EB}.Debug|iPhone.ActiveCfg = Debug|Any CPU
		{08EC0BB5-117E-4CEA-9CD5-81AD4D4A02EB}.Debug|iPhone.Build.0 = Debug|Any CPU
		{08EC0BB5-117E-4CEA-9CD5-81AD4D4A02EB}.Debug|iPhone.Deploy.0 = Debug|Any CPU
		{08EC0BB5-117E-4CEA-9CD5-81AD4D4A02EB}.Debug|iPhoneSimulator.ActiveCfg = Debug|Any CPU
		{08EC0BB5-117E-4CEA-9CD5-81AD4D4A02EB}.Debug|iPhoneSimulator.Build.0 = Debug|Any CPU
		{08EC0BB5-117E-4CEA-9CD5-81AD4D4A02EB}.Debug|iPhoneSimulator.Deploy.0 = Debug|Any CPU
		{08EC0BB5-117E-4CEA-9CD5-81AD4D4A02EB}.Debug|x64.ActiveCfg = Debug|x64
		{08EC0BB5-117E-4CEA-9CD5-81AD4D4A02EB}.Debug|x64.Build.0 = Debug|x64
		{08EC0BB5-117E-4CEA-9CD5-81AD4D4A02EB}.Debug|x64.Deploy.0 = Debug|x64
		{08EC0BB5-117E-4CEA-9CD5-81AD4D4A02EB}.Debug|x86.ActiveCfg = Debug|x86
		{08EC0BB5-117E-4CEA-9CD5-81AD4D4A02EB}.Debug|x86.Build.0 = Debug|x86
		{08EC0BB5-117E-4CEA-9CD5-81AD4D4A02EB}.Debug|x86.Deploy.0 = Debug|x86
		{08EC0BB5-117E-4CEA-9CD5-81AD4D4A02EB}.Release|Any CPU.ActiveCfg = Release|Any CPU
		{08EC0BB5-117E-4CEA-9CD5-81AD4D4A02EB}.Release|Any CPU.Build.0 = Release|Any CPU
		{08EC0BB5-117E-4CEA-9CD5-81AD4D4A02EB}.Release|Any CPU.Deploy.0 = Release|Any CPU
		{08EC0BB5-117E-4CEA-9CD5-81AD4D4A02EB}.Release|ARM.ActiveCfg = Release|ARM
		{08EC0BB5-117E-4CEA-9CD5-81AD4D4A02EB}.Release|ARM.Build.0 = Release|ARM
		{08EC0BB5-117E-4CEA-9CD5-81AD4D4A02EB}.Release|ARM.Deploy.0 = Release|ARM
		{08EC0BB5-117E-4CEA-9CD5-81AD4D4A02EB}.Release|iPhone.ActiveCfg = Release|Any CPU
		{08EC0BB5-117E-4CEA-9CD5-81AD4D4A02EB}.Release|iPhone.Build.0 = Release|Any CPU
		{08EC0BB5-117E-4CEA-9CD5-81AD4D4A02EB}.Release|iPhone.Deploy.0 = Release|Any CPU
		{08EC0BB5-117E-4CEA-9CD5-81AD4D4A02EB}.Release|iPhoneSimulator.ActiveCfg = Release|Any CPU
		{08EC0BB5-117E-4CEA-9CD5-81AD4D4A02EB}.Release|iPhoneSimulator.Build.0 = Release|Any CPU
		{08EC0BB5-117E-4CEA-9CD5-81AD4D4A02EB}.Release|iPhoneSimulator.Deploy.0 = Release|Any CPU
		{08EC0BB5-117E-4CEA-9CD5-81AD4D4A02EB}.Release|x64.ActiveCfg = Release|x64
		{08EC0BB5-117E-4CEA-9CD5-81AD4D4A02EB}.Release|x64.Build.0 = Release|x64
		{08EC0BB5-117E-4CEA-9CD5-81AD4D4A02EB}.Release|x64.Deploy.0 = Release|x64
		{08EC0BB5-117E-4CEA-9CD5-81AD4D4A02EB}.Release|x86.ActiveCfg = Release|x86
		{08EC0BB5-117E-4CEA-9CD5-81AD4D4A02EB}.Release|x86.Build.0 = Release|x86
		{08EC0BB5-117E-4CEA-9CD5-81AD4D4A02EB}.Release|x86.Deploy.0 = Release|x86
		{1E0DEE0A-46A1-4D93-9345-1C01C84ADA82}.Debug|Any CPU.ActiveCfg = Debug|Any CPU
		{1E0DEE0A-46A1-4D93-9345-1C01C84ADA82}.Debug|Any CPU.Build.0 = Debug|Any CPU
		{1E0DEE0A-46A1-4D93-9345-1C01C84ADA82}.Debug|Any CPU.Deploy.0 = Debug|Any CPU
		{1E0DEE0A-46A1-4D93-9345-1C01C84ADA82}.Debug|ARM.ActiveCfg = Debug|ARM
		{1E0DEE0A-46A1-4D93-9345-1C01C84ADA82}.Debug|ARM.Build.0 = Debug|ARM
		{1E0DEE0A-46A1-4D93-9345-1C01C84ADA82}.Debug|ARM.Deploy.0 = Debug|ARM
		{1E0DEE0A-46A1-4D93-9345-1C01C84ADA82}.Debug|iPhone.ActiveCfg = Debug|Any CPU
		{1E0DEE0A-46A1-4D93-9345-1C01C84ADA82}.Debug|iPhone.Build.0 = Debug|Any CPU
		{1E0DEE0A-46A1-4D93-9345-1C01C84ADA82}.Debug|iPhone.Deploy.0 = Debug|Any CPU
		{1E0DEE0A-46A1-4D93-9345-1C01C84ADA82}.Debug|iPhoneSimulator.ActiveCfg = Debug|Any CPU
		{1E0DEE0A-46A1-4D93-9345-1C01C84ADA82}.Debug|iPhoneSimulator.Build.0 = Debug|Any CPU
		{1E0DEE0A-46A1-4D93-9345-1C01C84ADA82}.Debug|iPhoneSimulator.Deploy.0 = Debug|Any CPU
		{1E0DEE0A-46A1-4D93-9345-1C01C84ADA82}.Debug|x64.ActiveCfg = Debug|Any CPU
		{1E0DEE0A-46A1-4D93-9345-1C01C84ADA82}.Debug|x64.Build.0 = Debug|Any CPU
		{1E0DEE0A-46A1-4D93-9345-1C01C84ADA82}.Debug|x64.Deploy.0 = Debug|Any CPU
		{1E0DEE0A-46A1-4D93-9345-1C01C84ADA82}.Debug|x86.ActiveCfg = Debug|x86
		{1E0DEE0A-46A1-4D93-9345-1C01C84ADA82}.Debug|x86.Build.0 = Debug|x86
		{1E0DEE0A-46A1-4D93-9345-1C01C84ADA82}.Debug|x86.Deploy.0 = Debug|x86
		{1E0DEE0A-46A1-4D93-9345-1C01C84ADA82}.Release|Any CPU.ActiveCfg = Release|Any CPU
		{1E0DEE0A-46A1-4D93-9345-1C01C84ADA82}.Release|Any CPU.Build.0 = Release|Any CPU
		{1E0DEE0A-46A1-4D93-9345-1C01C84ADA82}.Release|Any CPU.Deploy.0 = Release|Any CPU
		{1E0DEE0A-46A1-4D93-9345-1C01C84ADA82}.Release|ARM.ActiveCfg = Release|ARM
		{1E0DEE0A-46A1-4D93-9345-1C01C84ADA82}.Release|ARM.Build.0 = Release|ARM
		{1E0DEE0A-46A1-4D93-9345-1C01C84ADA82}.Release|ARM.Deploy.0 = Release|ARM
		{1E0DEE0A-46A1-4D93-9345-1C01C84ADA82}.Release|iPhone.ActiveCfg = Release|Any CPU
		{1E0DEE0A-46A1-4D93-9345-1C01C84ADA82}.Release|iPhone.Build.0 = Release|Any CPU
		{1E0DEE0A-46A1-4D93-9345-1C01C84ADA82}.Release|iPhone.Deploy.0 = Release|Any CPU
		{1E0DEE0A-46A1-4D93-9345-1C01C84ADA82}.Release|iPhoneSimulator.ActiveCfg = Release|Any CPU
		{1E0DEE0A-46A1-4D93-9345-1C01C84ADA82}.Release|iPhoneSimulator.Build.0 = Release|Any CPU
		{1E0DEE0A-46A1-4D93-9345-1C01C84ADA82}.Release|iPhoneSimulator.Deploy.0 = Release|Any CPU
		{1E0DEE0A-46A1-4D93-9345-1C01C84ADA82}.Release|x64.ActiveCfg = Release|Any CPU
		{1E0DEE0A-46A1-4D93-9345-1C01C84ADA82}.Release|x64.Build.0 = Release|Any CPU
		{1E0DEE0A-46A1-4D93-9345-1C01C84ADA82}.Release|x64.Deploy.0 = Release|Any CPU
		{1E0DEE0A-46A1-4D93-9345-1C01C84ADA82}.Release|x86.ActiveCfg = Release|x86
		{1E0DEE0A-46A1-4D93-9345-1C01C84ADA82}.Release|x86.Build.0 = Release|x86
		{1E0DEE0A-46A1-4D93-9345-1C01C84ADA82}.Release|x86.Deploy.0 = Release|x86
		{5A39CBC2-C298-48D5-A578-40EE2CA73EC5}.Debug|Any CPU.ActiveCfg = Debug|Any CPU
		{5A39CBC2-C298-48D5-A578-40EE2CA73EC5}.Debug|Any CPU.Build.0 = Debug|Any CPU
		{5A39CBC2-C298-48D5-A578-40EE2CA73EC5}.Debug|ARM.ActiveCfg = Debug|Any CPU
		{5A39CBC2-C298-48D5-A578-40EE2CA73EC5}.Debug|ARM.Build.0 = Debug|Any CPU
		{5A39CBC2-C298-48D5-A578-40EE2CA73EC5}.Debug|iPhone.ActiveCfg = Debug|Any CPU
		{5A39CBC2-C298-48D5-A578-40EE2CA73EC5}.Debug|iPhone.Build.0 = Debug|Any CPU
		{5A39CBC2-C298-48D5-A578-40EE2CA73EC5}.Debug|iPhoneSimulator.ActiveCfg = Debug|Any CPU
		{5A39CBC2-C298-48D5-A578-40EE2CA73EC5}.Debug|iPhoneSimulator.Build.0 = Debug|Any CPU
		{5A39CBC2-C298-48D5-A578-40EE2CA73EC5}.Debug|x64.ActiveCfg = Debug|Any CPU
		{5A39CBC2-C298-48D5-A578-40EE2CA73EC5}.Debug|x64.Build.0 = Debug|Any CPU
		{5A39CBC2-C298-48D5-A578-40EE2CA73EC5}.Debug|x86.ActiveCfg = Debug|Any CPU
		{5A39CBC2-C298-48D5-A578-40EE2CA73EC5}.Debug|x86.Build.0 = Debug|Any CPU
		{5A39CBC2-C298-48D5-A578-40EE2CA73EC5}.Release|Any CPU.ActiveCfg = Release|Any CPU
		{5A39CBC2-C298-48D5-A578-40EE2CA73EC5}.Release|Any CPU.Build.0 = Release|Any CPU
		{5A39CBC2-C298-48D5-A578-40EE2CA73EC5}.Release|ARM.ActiveCfg = Release|Any CPU
		{5A39CBC2-C298-48D5-A578-40EE2CA73EC5}.Release|ARM.Build.0 = Release|Any CPU
		{5A39CBC2-C298-48D5-A578-40EE2CA73EC5}.Release|iPhone.ActiveCfg = Release|Any CPU
		{5A39CBC2-C298-48D5-A578-40EE2CA73EC5}.Release|iPhone.Build.0 = Release|Any CPU
		{5A39CBC2-C298-48D5-A578-40EE2CA73EC5}.Release|iPhoneSimulator.ActiveCfg = Release|Any CPU
		{5A39CBC2-C298-48D5-A578-40EE2CA73EC5}.Release|iPhoneSimulator.Build.0 = Release|Any CPU
		{5A39CBC2-C298-48D5-A578-40EE2CA73EC5}.Release|x64.ActiveCfg = Release|Any CPU
		{5A39CBC2-C298-48D5-A578-40EE2CA73EC5}.Release|x64.Build.0 = Release|Any CPU
		{5A39CBC2-C298-48D5-A578-40EE2CA73EC5}.Release|x86.ActiveCfg = Release|Any CPU
		{5A39CBC2-C298-48D5-A578-40EE2CA73EC5}.Release|x86.Build.0 = Release|Any CPU
		{671AE5FD-6DF0-4BE6-9ECA-14C23036ABD5}.Debug|Any CPU.ActiveCfg = Debug|x86
		{671AE5FD-6DF0-4BE6-9ECA-14C23036ABD5}.Debug|ARM.ActiveCfg = Debug|ARM
		{671AE5FD-6DF0-4BE6-9ECA-14C23036ABD5}.Debug|ARM.Build.0 = Debug|ARM
		{671AE5FD-6DF0-4BE6-9ECA-14C23036ABD5}.Debug|ARM.Deploy.0 = Debug|ARM
		{671AE5FD-6DF0-4BE6-9ECA-14C23036ABD5}.Debug|iPhone.ActiveCfg = Debug|x86
		{671AE5FD-6DF0-4BE6-9ECA-14C23036ABD5}.Debug|iPhoneSimulator.ActiveCfg = Debug|x86
		{671AE5FD-6DF0-4BE6-9ECA-14C23036ABD5}.Debug|x64.ActiveCfg = Debug|x64
		{671AE5FD-6DF0-4BE6-9ECA-14C23036ABD5}.Debug|x64.Build.0 = Debug|x64
		{671AE5FD-6DF0-4BE6-9ECA-14C23036ABD5}.Debug|x64.Deploy.0 = Debug|x64
		{671AE5FD-6DF0-4BE6-9ECA-14C23036ABD5}.Debug|x86.ActiveCfg = Debug|x86
		{671AE5FD-6DF0-4BE6-9ECA-14C23036ABD5}.Debug|x86.Build.0 = Debug|x86
		{671AE5FD-6DF0-4BE6-9ECA-14C23036ABD5}.Debug|x86.Deploy.0 = Debug|x86
		{671AE5FD-6DF0-4BE6-9ECA-14C23036ABD5}.Release|Any CPU.ActiveCfg = Release|x86
		{671AE5FD-6DF0-4BE6-9ECA-14C23036ABD5}.Release|ARM.ActiveCfg = Release|ARM
		{671AE5FD-6DF0-4BE6-9ECA-14C23036ABD5}.Release|ARM.Build.0 = Release|ARM
		{671AE5FD-6DF0-4BE6-9ECA-14C23036ABD5}.Release|ARM.Deploy.0 = Release|ARM
		{671AE5FD-6DF0-4BE6-9ECA-14C23036ABD5}.Release|iPhone.ActiveCfg = Release|x86
		{671AE5FD-6DF0-4BE6-9ECA-14C23036ABD5}.Release|iPhoneSimulator.ActiveCfg = Release|x86
		{671AE5FD-6DF0-4BE6-9ECA-14C23036ABD5}.Release|x64.ActiveCfg = Release|x64
		{671AE5FD-6DF0-4BE6-9ECA-14C23036ABD5}.Release|x64.Build.0 = Release|x64
		{671AE5FD-6DF0-4BE6-9ECA-14C23036ABD5}.Release|x64.Deploy.0 = Release|x64
		{671AE5FD-6DF0-4BE6-9ECA-14C23036ABD5}.Release|x86.ActiveCfg = Release|x86
		{671AE5FD-6DF0-4BE6-9ECA-14C23036ABD5}.Release|x86.Build.0 = Release|x86
		{671AE5FD-6DF0-4BE6-9ECA-14C23036ABD5}.Release|x86.Deploy.0 = Release|x86
	EndGlobalSection
	GlobalSection(SolutionProperties) = preSolution
		HideSolutionNode = FALSE
	EndGlobalSection
	GlobalSection(NestedProjects) = preSolution
		{CF7DF63B-9D20-4A35-87E6-5A58C9A0A018} = {BC7AB3C9-6A94-4EB1-B781-95233C973CFD}
		{08EC0BB5-117E-4CEA-9CD5-81AD4D4A02EB} = {BC7AB3C9-6A94-4EB1-B781-95233C973CFD}
		{1E0DEE0A-46A1-4D93-9345-1C01C84ADA82} = {BC7AB3C9-6A94-4EB1-B781-95233C973CFD}
	EndGlobalSection
EndGlobal
