
Microsoft Visual Studio Solution File, Format Version 12.00
# Visual Studio 15
VisualStudioVersion = 15.0.26730.12
MinimumVisualStudioVersion = 10.0.40219.1
Project("{9A19103F-16F7-4668-BE54-9A1E7A4F7556}") = "TipCalc.Core", "TipCalc.Core\TipCalc.Core.csproj", "{278DBED9-619C-4998-B734-4A4CC69C8269}"
EndProject
Project("{FAE04EC0-301F-11D3-BF4B-00C04F79EFBC}") = "TipCalc.Droid", "TipCalc.Droid\TipCalc.Droid.csproj", "{61343446-D796-4161-8185-0A19C114245D}"
EndProject
Project("{FAE04EC0-301F-11D3-BF4B-00C04F79EFBC}") = "TipCalc.iOS", "TipCalc.iOS\TipCalc.iOS.csproj", "{9F649F0F-E5E4-4A40-B292-80A73EE88D01}"
EndProject
Project("{9A19103F-16F7-4668-BE54-9A1E7A4F7556}") = "TipCalc.Forms.UI", "TipCalc.Forms.UI\TipCalc.Forms.UI.csproj", "{AE0DF5A8-BE4F-4928-BF36-D386BB88BBA2}"
EndProject
Project("{FAE04EC0-301F-11D3-BF4B-00C04F79EFBC}") = "TipCalc.Forms.iOS", "TipCalc.Form.iOS\TipCalc.Forms.iOS.csproj", "{B1E24BD5-C273-427A-A0B9-C6F8A7AE73D6}"
EndProject
Project("{FAE04EC0-301F-11D3-BF4B-00C04F79EFBC}") = "TipCalc.Forms.Droid", "TipCalc.Forms.Droid\TipCalc.Forms.Droid.csproj", "{6E38F2AF-D556-465F-92E7-2B8020B80E25}"
EndProject
Project("{FAE04EC0-301F-11D3-BF4B-00C04F79EFBC}") = "TipCalc.UWP", "TipCalc.UWP\TipCalc.UWP.csproj", "{04A0108B-562B-4F58-B7C5-43B5C44012CE}"
EndProject
Global
	GlobalSection(SolutionConfigurationPlatforms) = preSolution
		Debug|Any CPU = Debug|Any CPU
		Debug|ARM = Debug|ARM
		Debug|iPhone = Debug|iPhone
		Debug|iPhoneSimulator = Debug|iPhoneSimulator
		Debug|x64 = Debug|x64
		Debug|x86 = Debug|x86
		Release|Any CPU = Release|Any CPU
		Release|ARM = Release|ARM
		Release|iPhone = Release|iPhone
		Release|iPhoneSimulator = Release|iPhoneSimulator
		Release|x64 = Release|x64
		Release|x86 = Release|x86
	EndGlobalSection
	GlobalSection(ProjectConfigurationPlatforms) = postSolution
		{278DBED9-619C-4998-B734-4A4CC69C8269}.Debug|Any CPU.ActiveCfg = Debug|Any CPU
		{278DBED9-619C-4998-B734-4A4CC69C8269}.Debug|Any CPU.Build.0 = Debug|Any CPU
		{278DBED9-619C-4998-B734-4A4CC69C8269}.Debug|ARM.ActiveCfg = Debug|Any CPU
		{278DBED9-619C-4998-B734-4A4CC69C8269}.Debug|ARM.Build.0 = Debug|Any CPU
		{278DBED9-619C-4998-B734-4A4CC69C8269}.Debug|iPhone.ActiveCfg = Debug|Any CPU
		{278DBED9-619C-4998-B734-4A4CC69C8269}.Debug|iPhone.Build.0 = Debug|Any CPU
		{278DBED9-619C-4998-B734-4A4CC69C8269}.Debug|iPhoneSimulator.ActiveCfg = Debug|Any CPU
		{278DBED9-619C-4998-B734-4A4CC69C8269}.Debug|iPhoneSimulator.Build.0 = Debug|Any CPU
		{278DBED9-619C-4998-B734-4A4CC69C8269}.Debug|x64.ActiveCfg = Debug|Any CPU
		{278DBED9-619C-4998-B734-4A4CC69C8269}.Debug|x64.Build.0 = Debug|Any CPU
		{278DBED9-619C-4998-B734-4A4CC69C8269}.Debug|x86.ActiveCfg = Debug|Any CPU
		{278DBED9-619C-4998-B734-4A4CC69C8269}.Debug|x86.Build.0 = Debug|Any CPU
		{278DBED9-619C-4998-B734-4A4CC69C8269}.Release|Any CPU.ActiveCfg = Release|Any CPU
		{278DBED9-619C-4998-B734-4A4CC69C8269}.Release|Any CPU.Build.0 = Release|Any CPU
		{278DBED9-619C-4998-B734-4A4CC69C8269}.Release|ARM.ActiveCfg = Release|Any CPU
		{278DBED9-619C-4998-B734-4A4CC69C8269}.Release|ARM.Build.0 = Release|Any CPU
		{278DBED9-619C-4998-B734-4A4CC69C8269}.Release|iPhone.ActiveCfg = Release|Any CPU
		{278DBED9-619C-4998-B734-4A4CC69C8269}.Release|iPhone.Build.0 = Release|Any CPU
		{278DBED9-619C-4998-B734-4A4CC69C8269}.Release|iPhoneSimulator.ActiveCfg = Release|Any CPU
		{278DBED9-619C-4998-B734-4A4CC69C8269}.Release|iPhoneSimulator.Build.0 = Release|Any CPU
		{278DBED9-619C-4998-B734-4A4CC69C8269}.Release|x64.ActiveCfg = Release|Any CPU
		{278DBED9-619C-4998-B734-4A4CC69C8269}.Release|x64.Build.0 = Release|Any CPU
		{278DBED9-619C-4998-B734-4A4CC69C8269}.Release|x86.ActiveCfg = Release|Any CPU
		{278DBED9-619C-4998-B734-4A4CC69C8269}.Release|x86.Build.0 = Release|Any CPU
		{61343446-D796-4161-8185-0A19C114245D}.Debug|Any CPU.ActiveCfg = Debug|Any CPU
		{61343446-D796-4161-8185-0A19C114245D}.Debug|Any CPU.Build.0 = Debug|Any CPU
		{61343446-D796-4161-8185-0A19C114245D}.Debug|ARM.ActiveCfg = Debug|Any CPU
		{61343446-D796-4161-8185-0A19C114245D}.Debug|ARM.Build.0 = Debug|Any CPU
		{61343446-D796-4161-8185-0A19C114245D}.Debug|iPhone.ActiveCfg = Debug|Any CPU
		{61343446-D796-4161-8185-0A19C114245D}.Debug|iPhone.Build.0 = Debug|Any CPU
		{61343446-D796-4161-8185-0A19C114245D}.Debug|iPhoneSimulator.ActiveCfg = Debug|Any CPU
		{61343446-D796-4161-8185-0A19C114245D}.Debug|iPhoneSimulator.Build.0 = Debug|Any CPU
		{61343446-D796-4161-8185-0A19C114245D}.Debug|x64.ActiveCfg = Debug|Any CPU
		{61343446-D796-4161-8185-0A19C114245D}.Debug|x64.Build.0 = Debug|Any CPU
		{61343446-D796-4161-8185-0A19C114245D}.Debug|x86.ActiveCfg = Debug|Any CPU
		{61343446-D796-4161-8185-0A19C114245D}.Debug|x86.Build.0 = Debug|Any CPU
		{61343446-D796-4161-8185-0A19C114245D}.Release|Any CPU.ActiveCfg = Release|Any CPU
		{61343446-D796-4161-8185-0A19C114245D}.Release|Any CPU.Build.0 = Release|Any CPU
		{61343446-D796-4161-8185-0A19C114245D}.Release|ARM.ActiveCfg = Release|Any CPU
		{61343446-D796-4161-8185-0A19C114245D}.Release|ARM.Build.0 = Release|Any CPU
		{61343446-D796-4161-8185-0A19C114245D}.Release|iPhone.ActiveCfg = Release|Any CPU
		{61343446-D796-4161-8185-0A19C114245D}.Release|iPhone.Build.0 = Release|Any CPU
		{61343446-D796-4161-8185-0A19C114245D}.Release|iPhoneSimulator.ActiveCfg = Release|Any CPU
		{61343446-D796-4161-8185-0A19C114245D}.Release|iPhoneSimulator.Build.0 = Release|Any CPU
		{61343446-D796-4161-8185-0A19C114245D}.Release|x64.ActiveCfg = Release|Any CPU
		{61343446-D796-4161-8185-0A19C114245D}.Release|x64.Build.0 = Release|Any CPU
		{61343446-D796-4161-8185-0A19C114245D}.Release|x86.ActiveCfg = Release|Any CPU
		{61343446-D796-4161-8185-0A19C114245D}.Release|x86.Build.0 = Release|Any CPU
		{9F649F0F-E5E4-4A40-B292-80A73EE88D01}.Debug|Any CPU.ActiveCfg = Debug|iPhoneSimulator
		{9F649F0F-E5E4-4A40-B292-80A73EE88D01}.Debug|Any CPU.Build.0 = Debug|iPhoneSimulator
		{9F649F0F-E5E4-4A40-B292-80A73EE88D01}.Debug|ARM.ActiveCfg = Debug|iPhoneSimulator
		{9F649F0F-E5E4-4A40-B292-80A73EE88D01}.Debug|ARM.Build.0 = Debug|iPhoneSimulator
		{9F649F0F-E5E4-4A40-B292-80A73EE88D01}.Debug|iPhone.ActiveCfg = Debug|iPhone
		{9F649F0F-E5E4-4A40-B292-80A73EE88D01}.Debug|iPhone.Build.0 = Debug|iPhone
		{9F649F0F-E5E4-4A40-B292-80A73EE88D01}.Debug|iPhoneSimulator.ActiveCfg = Debug|iPhoneSimulator
		{9F649F0F-E5E4-4A40-B292-80A73EE88D01}.Debug|iPhoneSimulator.Build.0 = Debug|iPhoneSimulator
		{9F649F0F-E5E4-4A40-B292-80A73EE88D01}.Debug|x64.ActiveCfg = Debug|iPhoneSimulator
		{9F649F0F-E5E4-4A40-B292-80A73EE88D01}.Debug|x64.Build.0 = Debug|iPhoneSimulator
		{9F649F0F-E5E4-4A40-B292-80A73EE88D01}.Debug|x86.ActiveCfg = Debug|iPhoneSimulator
		{9F649F0F-E5E4-4A40-B292-80A73EE88D01}.Debug|x86.Build.0 = Debug|iPhoneSimulator
		{9F649F0F-E5E4-4A40-B292-80A73EE88D01}.Release|Any CPU.ActiveCfg = Release|iPhone
		{9F649F0F-E5E4-4A40-B292-80A73EE88D01}.Release|Any CPU.Build.0 = Release|iPhone
		{9F649F0F-E5E4-4A40-B292-80A73EE88D01}.Release|ARM.ActiveCfg = Release|iPhone
		{9F649F0F-E5E4-4A40-B292-80A73EE88D01}.Release|ARM.Build.0 = Release|iPhone
		{9F649F0F-E5E4-4A40-B292-80A73EE88D01}.Release|iPhone.ActiveCfg = Release|iPhone
		{9F649F0F-E5E4-4A40-B292-80A73EE88D01}.Release|iPhone.Build.0 = Release|iPhone
		{9F649F0F-E5E4-4A40-B292-80A73EE88D01}.Release|iPhoneSimulator.ActiveCfg = Release|iPhoneSimulator
		{9F649F0F-E5E4-4A40-B292-80A73EE88D01}.Release|iPhoneSimulator.Build.0 = Release|iPhoneSimulator
		{9F649F0F-E5E4-4A40-B292-80A73EE88D01}.Release|x64.ActiveCfg = Release|iPhone
		{9F649F0F-E5E4-4A40-B292-80A73EE88D01}.Release|x64.Build.0 = Release|iPhone
		{9F649F0F-E5E4-4A40-B292-80A73EE88D01}.Release|x86.ActiveCfg = Release|iPhone
		{9F649F0F-E5E4-4A40-B292-80A73EE88D01}.Release|x86.Build.0 = Release|iPhone
		{AE0DF5A8-BE4F-4928-BF36-D386BB88BBA2}.Debug|Any CPU.ActiveCfg = Debug|Any CPU
		{AE0DF5A8-BE4F-4928-BF36-D386BB88BBA2}.Debug|Any CPU.Build.0 = Debug|Any CPU
		{AE0DF5A8-BE4F-4928-BF36-D386BB88BBA2}.Debug|ARM.ActiveCfg = Debug|Any CPU
		{AE0DF5A8-BE4F-4928-BF36-D386BB88BBA2}.Debug|ARM.Build.0 = Debug|Any CPU
		{AE0DF5A8-BE4F-4928-BF36-D386BB88BBA2}.Debug|iPhone.ActiveCfg = Debug|Any CPU
		{AE0DF5A8-BE4F-4928-BF36-D386BB88BBA2}.Debug|iPhone.Build.0 = Debug|Any CPU
		{AE0DF5A8-BE4F-4928-BF36-D386BB88BBA2}.Debug|iPhoneSimulator.ActiveCfg = Debug|Any CPU
		{AE0DF5A8-BE4F-4928-BF36-D386BB88BBA2}.Debug|iPhoneSimulator.Build.0 = Debug|Any CPU
		{AE0DF5A8-BE4F-4928-BF36-D386BB88BBA2}.Debug|x64.ActiveCfg = Debug|Any CPU
		{AE0DF5A8-BE4F-4928-BF36-D386BB88BBA2}.Debug|x64.Build.0 = Debug|Any CPU
		{AE0DF5A8-BE4F-4928-BF36-D386BB88BBA2}.Debug|x86.ActiveCfg = Debug|Any CPU
		{AE0DF5A8-BE4F-4928-BF36-D386BB88BBA2}.Debug|x86.Build.0 = Debug|Any CPU
		{AE0DF5A8-BE4F-4928-BF36-D386BB88BBA2}.Release|Any CPU.ActiveCfg = Release|Any CPU
		{AE0DF5A8-BE4F-4928-BF36-D386BB88BBA2}.Release|Any CPU.Build.0 = Release|Any CPU
		{AE0DF5A8-BE4F-4928-BF36-D386BB88BBA2}.Release|ARM.ActiveCfg = Release|Any CPU
		{AE0DF5A8-BE4F-4928-BF36-D386BB88BBA2}.Release|ARM.Build.0 = Release|Any CPU
		{AE0DF5A8-BE4F-4928-BF36-D386BB88BBA2}.Release|iPhone.ActiveCfg = Release|Any CPU
		{AE0DF5A8-BE4F-4928-BF36-D386BB88BBA2}.Release|iPhone.Build.0 = Release|Any CPU
		{AE0DF5A8-BE4F-4928-BF36-D386BB88BBA2}.Release|iPhoneSimulator.ActiveCfg = Release|Any CPU
		{AE0DF5A8-BE4F-4928-BF36-D386BB88BBA2}.Release|iPhoneSimulator.Build.0 = Release|Any CPU
		{AE0DF5A8-BE4F-4928-BF36-D386BB88BBA2}.Release|x64.ActiveCfg = Release|Any CPU
		{AE0DF5A8-BE4F-4928-BF36-D386BB88BBA2}.Release|x64.Build.0 = Release|Any CPU
		{AE0DF5A8-BE4F-4928-BF36-D386BB88BBA2}.Release|x86.ActiveCfg = Release|Any CPU
		{AE0DF5A8-BE4F-4928-BF36-D386BB88BBA2}.Release|x86.Build.0 = Release|Any CPU
		{B1E24BD5-C273-427A-A0B9-C6F8A7AE73D6}.Debug|Any CPU.ActiveCfg = Debug|iPhoneSimulator
		{B1E24BD5-C273-427A-A0B9-C6F8A7AE73D6}.Debug|Any CPU.Build.0 = Debug|iPhoneSimulator
		{B1E24BD5-C273-427A-A0B9-C6F8A7AE73D6}.Debug|ARM.ActiveCfg = Debug|iPhoneSimulator
		{B1E24BD5-C273-427A-A0B9-C6F8A7AE73D6}.Debug|ARM.Build.0 = Debug|iPhoneSimulator
		{B1E24BD5-C273-427A-A0B9-C6F8A7AE73D6}.Debug|iPhone.ActiveCfg = Debug|iPhone
		{B1E24BD5-C273-427A-A0B9-C6F8A7AE73D6}.Debug|iPhone.Build.0 = Debug|iPhone
		{B1E24BD5-C273-427A-A0B9-C6F8A7AE73D6}.Debug|iPhoneSimulator.ActiveCfg = Debug|iPhoneSimulator
		{B1E24BD5-C273-427A-A0B9-C6F8A7AE73D6}.Debug|iPhoneSimulator.Build.0 = Debug|iPhoneSimulator
		{B1E24BD5-C273-427A-A0B9-C6F8A7AE73D6}.Debug|x64.ActiveCfg = Debug|iPhoneSimulator
		{B1E24BD5-C273-427A-A0B9-C6F8A7AE73D6}.Debug|x64.Build.0 = Debug|iPhoneSimulator
		{B1E24BD5-C273-427A-A0B9-C6F8A7AE73D6}.Debug|x86.ActiveCfg = Debug|iPhoneSimulator
		{B1E24BD5-C273-427A-A0B9-C6F8A7AE73D6}.Debug|x86.Build.0 = Debug|iPhoneSimulator
		{B1E24BD5-C273-427A-A0B9-C6F8A7AE73D6}.Release|Any CPU.ActiveCfg = Release|iPhone
		{B1E24BD5-C273-427A-A0B9-C6F8A7AE73D6}.Release|Any CPU.Build.0 = Release|iPhone
		{B1E24BD5-C273-427A-A0B9-C6F8A7AE73D6}.Release|ARM.ActiveCfg = Release|iPhone
		{B1E24BD5-C273-427A-A0B9-C6F8A7AE73D6}.Release|ARM.Build.0 = Release|iPhone
		{B1E24BD5-C273-427A-A0B9-C6F8A7AE73D6}.Release|iPhone.ActiveCfg = Release|iPhone
		{B1E24BD5-C273-427A-A0B9-C6F8A7AE73D6}.Release|iPhone.Build.0 = Release|iPhone
		{B1E24BD5-C273-427A-A0B9-C6F8A7AE73D6}.Release|iPhoneSimulator.ActiveCfg = Release|iPhoneSimulator
		{B1E24BD5-C273-427A-A0B9-C6F8A7AE73D6}.Release|iPhoneSimulator.Build.0 = Release|iPhoneSimulator
		{B1E24BD5-C273-427A-A0B9-C6F8A7AE73D6}.Release|x64.ActiveCfg = Release|iPhone
		{B1E24BD5-C273-427A-A0B9-C6F8A7AE73D6}.Release|x64.Build.0 = Release|iPhone
		{B1E24BD5-C273-427A-A0B9-C6F8A7AE73D6}.Release|x86.ActiveCfg = Release|iPhone
		{B1E24BD5-C273-427A-A0B9-C6F8A7AE73D6}.Release|x86.Build.0 = Release|iPhone
		{6E38F2AF-D556-465F-92E7-2B8020B80E25}.Debug|Any CPU.ActiveCfg = Debug|Any CPU
		{6E38F2AF-D556-465F-92E7-2B8020B80E25}.Debug|Any CPU.Build.0 = Debug|Any CPU
		{6E38F2AF-D556-465F-92E7-2B8020B80E25}.Debug|ARM.ActiveCfg = Debug|Any CPU
		{6E38F2AF-D556-465F-92E7-2B8020B80E25}.Debug|ARM.Build.0 = Debug|Any CPU
		{6E38F2AF-D556-465F-92E7-2B8020B80E25}.Debug|iPhone.ActiveCfg = Debug|Any CPU
		{6E38F2AF-D556-465F-92E7-2B8020B80E25}.Debug|iPhone.Build.0 = Debug|Any CPU
		{6E38F2AF-D556-465F-92E7-2B8020B80E25}.Debug|iPhoneSimulator.ActiveCfg = Debug|Any CPU
		{6E38F2AF-D556-465F-92E7-2B8020B80E25}.Debug|iPhoneSimulator.Build.0 = Debug|Any CPU
		{6E38F2AF-D556-465F-92E7-2B8020B80E25}.Debug|x64.ActiveCfg = Debug|Any CPU
		{6E38F2AF-D556-465F-92E7-2B8020B80E25}.Debug|x64.Build.0 = Debug|Any CPU
		{6E38F2AF-D556-465F-92E7-2B8020B80E25}.Debug|x86.ActiveCfg = Debug|Any CPU
		{6E38F2AF-D556-465F-92E7-2B8020B80E25}.Debug|x86.Build.0 = Debug|Any CPU
		{6E38F2AF-D556-465F-92E7-2B8020B80E25}.Release|Any CPU.ActiveCfg = Release|Any CPU
		{6E38F2AF-D556-465F-92E7-2B8020B80E25}.Release|Any CPU.Build.0 = Release|Any CPU
		{6E38F2AF-D556-465F-92E7-2B8020B80E25}.Release|ARM.ActiveCfg = Release|Any CPU
		{6E38F2AF-D556-465F-92E7-2B8020B80E25}.Release|ARM.Build.0 = Release|Any CPU
		{6E38F2AF-D556-465F-92E7-2B8020B80E25}.Release|iPhone.ActiveCfg = Release|Any CPU
		{6E38F2AF-D556-465F-92E7-2B8020B80E25}.Release|iPhone.Build.0 = Release|Any CPU
		{6E38F2AF-D556-465F-92E7-2B8020B80E25}.Release|iPhoneSimulator.ActiveCfg = Release|Any CPU
		{6E38F2AF-D556-465F-92E7-2B8020B80E25}.Release|iPhoneSimulator.Build.0 = Release|Any CPU
		{6E38F2AF-D556-465F-92E7-2B8020B80E25}.Release|x64.ActiveCfg = Release|Any CPU
		{6E38F2AF-D556-465F-92E7-2B8020B80E25}.Release|x64.Build.0 = Release|Any CPU
		{6E38F2AF-D556-465F-92E7-2B8020B80E25}.Release|x86.ActiveCfg = Release|Any CPU
		{6E38F2AF-D556-465F-92E7-2B8020B80E25}.Release|x86.Build.0 = Release|Any CPU
		{04A0108B-562B-4F58-B7C5-43B5C44012CE}.Debug|Any CPU.ActiveCfg = Debug|x86
		{04A0108B-562B-4F58-B7C5-43B5C44012CE}.Debug|ARM.ActiveCfg = Debug|ARM
		{04A0108B-562B-4F58-B7C5-43B5C44012CE}.Debug|ARM.Build.0 = Debug|ARM
		{04A0108B-562B-4F58-B7C5-43B5C44012CE}.Debug|ARM.Deploy.0 = Debug|ARM
		{04A0108B-562B-4F58-B7C5-43B5C44012CE}.Debug|iPhone.ActiveCfg = Debug|x86
		{04A0108B-562B-4F58-B7C5-43B5C44012CE}.Debug|iPhoneSimulator.ActiveCfg = Debug|x86
		{04A0108B-562B-4F58-B7C5-43B5C44012CE}.Debug|x64.ActiveCfg = Debug|x64
		{04A0108B-562B-4F58-B7C5-43B5C44012CE}.Debug|x64.Build.0 = Debug|x64
		{04A0108B-562B-4F58-B7C5-43B5C44012CE}.Debug|x64.Deploy.0 = Debug|x64
		{04A0108B-562B-4F58-B7C5-43B5C44012CE}.Debug|x86.ActiveCfg = Debug|x86
		{04A0108B-562B-4F58-B7C5-43B5C44012CE}.Debug|x86.Build.0 = Debug|x86
		{04A0108B-562B-4F58-B7C5-43B5C44012CE}.Debug|x86.Deploy.0 = Debug|x86
		{04A0108B-562B-4F58-B7C5-43B5C44012CE}.Release|Any CPU.ActiveCfg = Release|x86
		{04A0108B-562B-4F58-B7C5-43B5C44012CE}.Release|ARM.ActiveCfg = Release|ARM
		{04A0108B-562B-4F58-B7C5-43B5C44012CE}.Release|ARM.Build.0 = Release|ARM
		{04A0108B-562B-4F58-B7C5-43B5C44012CE}.Release|ARM.Deploy.0 = Release|ARM
		{04A0108B-562B-4F58-B7C5-43B5C44012CE}.Release|iPhone.ActiveCfg = Release|x86
		{04A0108B-562B-4F58-B7C5-43B5C44012CE}.Release|iPhoneSimulator.ActiveCfg = Release|x86
		{04A0108B-562B-4F58-B7C5-43B5C44012CE}.Release|x64.ActiveCfg = Release|x64
		{04A0108B-562B-4F58-B7C5-43B5C44012CE}.Release|x64.Build.0 = Release|x64
		{04A0108B-562B-4F58-B7C5-43B5C44012CE}.Release|x64.Deploy.0 = Release|x64
		{04A0108B-562B-4F58-B7C5-43B5C44012CE}.Release|x86.ActiveCfg = Release|x86
		{04A0108B-562B-4F58-B7C5-43B5C44012CE}.Release|x86.Build.0 = Release|x86
		{04A0108B-562B-4F58-B7C5-43B5C44012CE}.Release|x86.Deploy.0 = Release|x86
	EndGlobalSection
	GlobalSection(SolutionProperties) = preSolution
		HideSolutionNode = FALSE
	EndGlobalSection
	GlobalSection(ExtensibilityGlobals) = postSolution
		SolutionGuid = {ED3F6152-16E8-46F2-A223-EE78D79BE969}
	EndGlobalSection
EndGlobal
