
Microsoft Visual Studio Solution File, Format Version 12.00
# Visual Studio 14
VisualStudioVersion = 14.0.24720.0
MinimumVisualStudioVersion = 10.0.40219.1
Project("{FAE04EC0-301F-11D3-BF4B-00C04F79EFBC}") = "XPlatformMenus.Droid", "XPlatformMenus.Droid\XPlatformMenus.Droid.csproj", "{2AC48CC7-2058-46D1-A2C9-BA85F0461FC3}"
EndProject
Project("{FAE04EC0-301F-11D3-BF4B-00C04F79EFBC}") = "XPlatformMenus.Core", "XPlatformMenus.Core\XPlatformMenus.Core.csproj", "{C23A254A-EEC5-4BD7-B1F6-D01060BAC88B}"
EndProject
Project("{FAE04EC0-301F-11D3-BF4B-00C04F79EFBC}") = "XPlatformMenus.iOS", "XPlatformMenus.iOS\XPlatformMenus.iOS.csproj", "{A246F75A-20D7-49E0-954B-4C82900D6104}"
EndProject
Project("{FAE04EC0-301F-11D3-BF4B-00C04F79EFBC}") = "XPlatformMenusTabs.iOS", "XPlatformMenusTabs.iOS\XPlatformMenusTabs.iOS.csproj", "{6A015CFE-10BA-4D98-B5FC-7B84BEF8402D}"
EndProject
Global
	GlobalSection(SolutionConfigurationPlatforms) = preSolution
		Ad-Hoc|Any CPU = Ad-Hoc|Any CPU
		Ad-Hoc|ARM = Ad-Hoc|ARM
		Ad-Hoc|iPhone = Ad-Hoc|iPhone
		Ad-Hoc|iPhoneSimulator = Ad-Hoc|iPhoneSimulator
		Ad-Hoc|Mixed Platforms = Ad-Hoc|Mixed Platforms
		Ad-Hoc|x86 = Ad-Hoc|x86
		AppStore|Any CPU = AppStore|Any CPU
		AppStore|ARM = AppStore|ARM
		AppStore|iPhone = AppStore|iPhone
		AppStore|iPhoneSimulator = AppStore|iPhoneSimulator
		AppStore|Mixed Platforms = AppStore|Mixed Platforms
		AppStore|x86 = AppStore|x86
		Debug|Any CPU = Debug|Any CPU
		Debug|ARM = Debug|ARM
		Debug|iPhone = Debug|iPhone
		Debug|iPhoneSimulator = Debug|iPhoneSimulator
		Debug|Mixed Platforms = Debug|Mixed Platforms
		Debug|x86 = Debug|x86
		Release|Any CPU = Release|Any CPU
		Release|ARM = Release|ARM
		Release|iPhone = Release|iPhone
		Release|iPhoneSimulator = Release|iPhoneSimulator
		Release|Mixed Platforms = Release|Mixed Platforms
		Release|x86 = Release|x86
	EndGlobalSection
	GlobalSection(ProjectConfigurationPlatforms) = postSolution
		{2AC48CC7-2058-46D1-A2C9-BA85F0461FC3}.Ad-Hoc|Any CPU.ActiveCfg = Release|Any CPU
		{2AC48CC7-2058-46D1-A2C9-BA85F0461FC3}.Ad-Hoc|Any CPU.Build.0 = Release|Any CPU
		{2AC48CC7-2058-46D1-A2C9-BA85F0461FC3}.Ad-Hoc|Any CPU.Deploy.0 = Release|Any CPU
		{2AC48CC7-2058-46D1-A2C9-BA85F0461FC3}.Ad-Hoc|ARM.ActiveCfg = Debug|Any CPU
		{2AC48CC7-2058-46D1-A2C9-BA85F0461FC3}.Ad-Hoc|iPhone.ActiveCfg = Release|Any CPU
		{2AC48CC7-2058-46D1-A2C9-BA85F0461FC3}.Ad-Hoc|iPhoneSimulator.ActiveCfg = Release|Any CPU
		{2AC48CC7-2058-46D1-A2C9-BA85F0461FC3}.Ad-Hoc|Mixed Platforms.ActiveCfg = Release|Any CPU
		{2AC48CC7-2058-46D1-A2C9-BA85F0461FC3}.Ad-Hoc|Mixed Platforms.Build.0 = Release|Any CPU
		{2AC48CC7-2058-46D1-A2C9-BA85F0461FC3}.Ad-Hoc|Mixed Platforms.Deploy.0 = Release|Any CPU
		{2AC48CC7-2058-46D1-A2C9-BA85F0461FC3}.Ad-Hoc|x86.ActiveCfg = Debug|Any CPU
		{2AC48CC7-2058-46D1-A2C9-BA85F0461FC3}.AppStore|Any CPU.ActiveCfg = Release|Any CPU
		{2AC48CC7-2058-46D1-A2C9-BA85F0461FC3}.AppStore|Any CPU.Build.0 = Release|Any CPU
		{2AC48CC7-2058-46D1-A2C9-BA85F0461FC3}.AppStore|Any CPU.Deploy.0 = Release|Any CPU
		{2AC48CC7-2058-46D1-A2C9-BA85F0461FC3}.AppStore|ARM.ActiveCfg = Debug|Any CPU
		{2AC48CC7-2058-46D1-A2C9-BA85F0461FC3}.AppStore|iPhone.ActiveCfg = Release|Any CPU
		{2AC48CC7-2058-46D1-A2C9-BA85F0461FC3}.AppStore|iPhoneSimulator.ActiveCfg = Release|Any CPU
		{2AC48CC7-2058-46D1-A2C9-BA85F0461FC3}.AppStore|Mixed Platforms.ActiveCfg = Release|Any CPU
		{2AC48CC7-2058-46D1-A2C9-BA85F0461FC3}.AppStore|Mixed Platforms.Build.0 = Release|Any CPU
		{2AC48CC7-2058-46D1-A2C9-BA85F0461FC3}.AppStore|Mixed Platforms.Deploy.0 = Release|Any CPU
		{2AC48CC7-2058-46D1-A2C9-BA85F0461FC3}.AppStore|x86.ActiveCfg = Debug|Any CPU
		{2AC48CC7-2058-46D1-A2C9-BA85F0461FC3}.Debug|Any CPU.ActiveCfg = Debug|Any CPU
		{2AC48CC7-2058-46D1-A2C9-BA85F0461FC3}.Debug|Any CPU.Build.0 = Debug|Any CPU
		{2AC48CC7-2058-46D1-A2C9-BA85F0461FC3}.Debug|Any CPU.Deploy.0 = Debug|Any CPU
		{2AC48CC7-2058-46D1-A2C9-BA85F0461FC3}.Debug|ARM.ActiveCfg = Debug|Any CPU
		{2AC48CC7-2058-46D1-A2C9-BA85F0461FC3}.Debug|iPhone.ActiveCfg = Debug|Any CPU
		{2AC48CC7-2058-46D1-A2C9-BA85F0461FC3}.Debug|iPhoneSimulator.ActiveCfg = Debug|Any CPU
		{2AC48CC7-2058-46D1-A2C9-BA85F0461FC3}.Debug|Mixed Platforms.ActiveCfg = Debug|Any CPU
		{2AC48CC7-2058-46D1-A2C9-BA85F0461FC3}.Debug|Mixed Platforms.Build.0 = Debug|Any CPU
		{2AC48CC7-2058-46D1-A2C9-BA85F0461FC3}.Debug|Mixed Platforms.Deploy.0 = Debug|Any CPU
		{2AC48CC7-2058-46D1-A2C9-BA85F0461FC3}.Debug|x86.ActiveCfg = Debug|Any CPU
		{2AC48CC7-2058-46D1-A2C9-BA85F0461FC3}.Release|Any CPU.ActiveCfg = Release|Any CPU
		{2AC48CC7-2058-46D1-A2C9-BA85F0461FC3}.Release|Any CPU.Build.0 = Release|Any CPU
		{2AC48CC7-2058-46D1-A2C9-BA85F0461FC3}.Release|Any CPU.Deploy.0 = Release|Any CPU
		{2AC48CC7-2058-46D1-A2C9-BA85F0461FC3}.Release|ARM.ActiveCfg = Release|Any CPU
		{2AC48CC7-2058-46D1-A2C9-BA85F0461FC3}.Release|iPhone.ActiveCfg = Release|Any CPU
		{2AC48CC7-2058-46D1-A2C9-BA85F0461FC3}.Release|iPhoneSimulator.ActiveCfg = Release|Any CPU
		{2AC48CC7-2058-46D1-A2C9-BA85F0461FC3}.Release|Mixed Platforms.ActiveCfg = Release|Any CPU
		{2AC48CC7-2058-46D1-A2C9-BA85F0461FC3}.Release|Mixed Platforms.Build.0 = Release|Any CPU
		{2AC48CC7-2058-46D1-A2C9-BA85F0461FC3}.Release|Mixed Platforms.Deploy.0 = Release|Any CPU
		{2AC48CC7-2058-46D1-A2C9-BA85F0461FC3}.Release|x86.ActiveCfg = Release|Any CPU
		{C23A254A-EEC5-4BD7-B1F6-D01060BAC88B}.Ad-Hoc|Any CPU.ActiveCfg = Release|Any CPU
		{C23A254A-EEC5-4BD7-B1F6-D01060BAC88B}.Ad-Hoc|Any CPU.Build.0 = Release|Any CPU
		{C23A254A-EEC5-4BD7-B1F6-D01060BAC88B}.Ad-Hoc|ARM.ActiveCfg = Debug|Any CPU
		{C23A254A-EEC5-4BD7-B1F6-D01060BAC88B}.Ad-Hoc|iPhone.ActiveCfg = Release|Any CPU
		{C23A254A-EEC5-4BD7-B1F6-D01060BAC88B}.Ad-Hoc|iPhoneSimulator.ActiveCfg = Release|Any CPU
		{C23A254A-EEC5-4BD7-B1F6-D01060BAC88B}.Ad-Hoc|Mixed Platforms.ActiveCfg = Release|Any CPU
		{C23A254A-EEC5-4BD7-B1F6-D01060BAC88B}.Ad-Hoc|Mixed Platforms.Build.0 = Release|Any CPU
		{C23A254A-EEC5-4BD7-B1F6-D01060BAC88B}.Ad-Hoc|x86.ActiveCfg = Debug|Any CPU
		{C23A254A-EEC5-4BD7-B1F6-D01060BAC88B}.AppStore|Any CPU.ActiveCfg = Release|Any CPU
		{C23A254A-EEC5-4BD7-B1F6-D01060BAC88B}.AppStore|Any CPU.Build.0 = Release|Any CPU
		{C23A254A-EEC5-4BD7-B1F6-D01060BAC88B}.AppStore|ARM.ActiveCfg = Debug|Any CPU
		{C23A254A-EEC5-4BD7-B1F6-D01060BAC88B}.AppStore|iPhone.ActiveCfg = Release|Any CPU
		{C23A254A-EEC5-4BD7-B1F6-D01060BAC88B}.AppStore|iPhoneSimulator.ActiveCfg = Release|Any CPU
		{C23A254A-EEC5-4BD7-B1F6-D01060BAC88B}.AppStore|Mixed Platforms.ActiveCfg = Release|Any CPU
		{C23A254A-EEC5-4BD7-B1F6-D01060BAC88B}.AppStore|Mixed Platforms.Build.0 = Release|Any CPU
		{C23A254A-EEC5-4BD7-B1F6-D01060BAC88B}.AppStore|x86.ActiveCfg = Debug|Any CPU
		{C23A254A-EEC5-4BD7-B1F6-D01060BAC88B}.Debug|Any CPU.ActiveCfg = Debug|Any CPU
		{C23A254A-EEC5-4BD7-B1F6-D01060BAC88B}.Debug|Any CPU.Build.0 = Debug|Any CPU
		{C23A254A-EEC5-4BD7-B1F6-D01060BAC88B}.Debug|ARM.ActiveCfg = Debug|Any CPU
		{C23A254A-EEC5-4BD7-B1F6-D01060BAC88B}.Debug|iPhone.ActiveCfg = Debug|Any CPU
		{C23A254A-EEC5-4BD7-B1F6-D01060BAC88B}.Debug|iPhoneSimulator.ActiveCfg = Debug|Any CPU
		{C23A254A-EEC5-4BD7-B1F6-D01060BAC88B}.Debug|iPhoneSimulator.Build.0 = Debug|Any CPU
		{C23A254A-EEC5-4BD7-B1F6-D01060BAC88B}.Debug|Mixed Platforms.ActiveCfg = Debug|Any CPU
		{C23A254A-EEC5-4BD7-B1F6-D01060BAC88B}.Debug|Mixed Platforms.Build.0 = Debug|Any CPU
		{C23A254A-EEC5-4BD7-B1F6-D01060BAC88B}.Debug|x86.ActiveCfg = Debug|Any CPU
		{C23A254A-EEC5-4BD7-B1F6-D01060BAC88B}.Release|Any CPU.ActiveCfg = Release|Any CPU
		{C23A254A-EEC5-4BD7-B1F6-D01060BAC88B}.Release|Any CPU.Build.0 = Release|Any CPU
		{C23A254A-EEC5-4BD7-B1F6-D01060BAC88B}.Release|ARM.ActiveCfg = Release|Any CPU
		{C23A254A-EEC5-4BD7-B1F6-D01060BAC88B}.Release|iPhone.ActiveCfg = Release|Any CPU
		{C23A254A-EEC5-4BD7-B1F6-D01060BAC88B}.Release|iPhoneSimulator.ActiveCfg = Release|Any CPU
		{C23A254A-EEC5-4BD7-B1F6-D01060BAC88B}.Release|Mixed Platforms.ActiveCfg = Release|Any CPU
		{C23A254A-EEC5-4BD7-B1F6-D01060BAC88B}.Release|Mixed Platforms.Build.0 = Release|Any CPU
		{C23A254A-EEC5-4BD7-B1F6-D01060BAC88B}.Release|x86.ActiveCfg = Release|Any CPU
		{A246F75A-20D7-49E0-954B-4C82900D6104}.Ad-Hoc|Any CPU.ActiveCfg = Ad-Hoc|iPhone
		{A246F75A-20D7-49E0-954B-4C82900D6104}.Ad-Hoc|ARM.ActiveCfg = Ad-Hoc|iPhoneSimulator
		{A246F75A-20D7-49E0-954B-4C82900D6104}.Ad-Hoc|iPhone.ActiveCfg = Ad-Hoc|iPhone
		{A246F75A-20D7-49E0-954B-4C82900D6104}.Ad-Hoc|iPhone.Build.0 = Ad-Hoc|iPhone
		{A246F75A-20D7-49E0-954B-4C82900D6104}.Ad-Hoc|iPhoneSimulator.ActiveCfg = Ad-Hoc|iPhoneSimulator
		{A246F75A-20D7-49E0-954B-4C82900D6104}.Ad-Hoc|iPhoneSimulator.Build.0 = Ad-Hoc|iPhoneSimulator
		{A246F75A-20D7-49E0-954B-4C82900D6104}.Ad-Hoc|Mixed Platforms.ActiveCfg = Ad-Hoc|iPhone
		{A246F75A-20D7-49E0-954B-4C82900D6104}.Ad-Hoc|Mixed Platforms.Build.0 = Ad-Hoc|iPhone
		{A246F75A-20D7-49E0-954B-4C82900D6104}.Ad-Hoc|x86.ActiveCfg = Ad-Hoc|iPhoneSimulator
		{A246F75A-20D7-49E0-954B-4C82900D6104}.AppStore|Any CPU.ActiveCfg = AppStore|iPhone
		{A246F75A-20D7-49E0-954B-4C82900D6104}.AppStore|ARM.ActiveCfg = AppStore|iPhoneSimulator
		{A246F75A-20D7-49E0-954B-4C82900D6104}.AppStore|iPhone.ActiveCfg = AppStore|iPhone
		{A246F75A-20D7-49E0-954B-4C82900D6104}.AppStore|iPhone.Build.0 = AppStore|iPhone
		{A246F75A-20D7-49E0-954B-4C82900D6104}.AppStore|iPhoneSimulator.ActiveCfg = AppStore|iPhoneSimulator
		{A246F75A-20D7-49E0-954B-4C82900D6104}.AppStore|iPhoneSimulator.Build.0 = AppStore|iPhoneSimulator
		{A246F75A-20D7-49E0-954B-4C82900D6104}.AppStore|Mixed Platforms.ActiveCfg = AppStore|iPhone
		{A246F75A-20D7-49E0-954B-4C82900D6104}.AppStore|Mixed Platforms.Build.0 = AppStore|iPhone
		{A246F75A-20D7-49E0-954B-4C82900D6104}.AppStore|x86.ActiveCfg = AppStore|iPhoneSimulator
		{A246F75A-20D7-49E0-954B-4C82900D6104}.Debug|Any CPU.ActiveCfg = Debug|iPhone
		{A246F75A-20D7-49E0-954B-4C82900D6104}.Debug|ARM.ActiveCfg = Debug|iPhoneSimulator
		{A246F75A-20D7-49E0-954B-4C82900D6104}.Debug|iPhone.ActiveCfg = Debug|iPhone
		{A246F75A-20D7-49E0-954B-4C82900D6104}.Debug|iPhone.Build.0 = Debug|iPhone
		{A246F75A-20D7-49E0-954B-4C82900D6104}.Debug|iPhoneSimulator.ActiveCfg = Debug|iPhoneSimulator
		{A246F75A-20D7-49E0-954B-4C82900D6104}.Debug|iPhoneSimulator.Build.0 = Debug|iPhoneSimulator
		{A246F75A-20D7-49E0-954B-4C82900D6104}.Debug|Mixed Platforms.ActiveCfg = Debug|iPhone
		{A246F75A-20D7-49E0-954B-4C82900D6104}.Debug|Mixed Platforms.Build.0 = Debug|iPhone
		{A246F75A-20D7-49E0-954B-4C82900D6104}.Debug|x86.ActiveCfg = Debug|iPhoneSimulator
		{A246F75A-20D7-49E0-954B-4C82900D6104}.Release|Any CPU.ActiveCfg = Release|iPhone
		{A246F75A-20D7-49E0-954B-4C82900D6104}.Release|ARM.ActiveCfg = Release|iPhoneSimulator
		{A246F75A-20D7-49E0-954B-4C82900D6104}.Release|iPhone.ActiveCfg = Release|iPhone
		{A246F75A-20D7-49E0-954B-4C82900D6104}.Release|iPhone.Build.0 = Release|iPhone
		{A246F75A-20D7-49E0-954B-4C82900D6104}.Release|iPhoneSimulator.ActiveCfg = Release|iPhoneSimulator
		{A246F75A-20D7-49E0-954B-4C82900D6104}.Release|iPhoneSimulator.Build.0 = Release|iPhoneSimulator
		{A246F75A-20D7-49E0-954B-4C82900D6104}.Release|Mixed Platforms.ActiveCfg = Release|iPhone
		{A246F75A-20D7-49E0-954B-4C82900D6104}.Release|Mixed Platforms.Build.0 = Release|iPhone
		{A246F75A-20D7-49E0-954B-4C82900D6104}.Release|x86.ActiveCfg = Release|iPhoneSimulator
		{6A015CFE-10BA-4D98-B5FC-7B84BEF8402D}.Ad-Hoc|Any CPU.ActiveCfg = Ad-Hoc|iPhone
		{6A015CFE-10BA-4D98-B5FC-7B84BEF8402D}.Ad-Hoc|ARM.ActiveCfg = Ad-Hoc|iPhone
		{6A015CFE-10BA-4D98-B5FC-7B84BEF8402D}.Ad-Hoc|iPhone.ActiveCfg = Ad-Hoc|iPhone
		{6A015CFE-10BA-4D98-B5FC-7B84BEF8402D}.Ad-Hoc|iPhone.Build.0 = Ad-Hoc|iPhone
		{6A015CFE-10BA-4D98-B5FC-7B84BEF8402D}.Ad-Hoc|iPhoneSimulator.ActiveCfg = Ad-Hoc|iPhoneSimulator
		{6A015CFE-10BA-4D98-B5FC-7B84BEF8402D}.Ad-Hoc|iPhoneSimulator.Build.0 = Ad-Hoc|iPhoneSimulator
		{6A015CFE-10BA-4D98-B5FC-7B84BEF8402D}.Ad-Hoc|Mixed Platforms.ActiveCfg = Ad-Hoc|iPhone
		{6A015CFE-10BA-4D98-B5FC-7B84BEF8402D}.Ad-Hoc|Mixed Platforms.Build.0 = Ad-Hoc|iPhone
		{6A015CFE-10BA-4D98-B5FC-7B84BEF8402D}.Ad-Hoc|x86.ActiveCfg = Ad-Hoc|iPhone
		{6A015CFE-10BA-4D98-B5FC-7B84BEF8402D}.AppStore|Any CPU.ActiveCfg = AppStore|iPhone
		{6A015CFE-10BA-4D98-B5FC-7B84BEF8402D}.AppStore|ARM.ActiveCfg = AppStore|iPhone
		{6A015CFE-10BA-4D98-B5FC-7B84BEF8402D}.AppStore|iPhone.ActiveCfg = AppStore|iPhone
		{6A015CFE-10BA-4D98-B5FC-7B84BEF8402D}.AppStore|iPhone.Build.0 = AppStore|iPhone
		{6A015CFE-10BA-4D98-B5FC-7B84BEF8402D}.AppStore|iPhoneSimulator.ActiveCfg = AppStore|iPhoneSimulator
		{6A015CFE-10BA-4D98-B5FC-7B84BEF8402D}.AppStore|iPhoneSimulator.Build.0 = AppStore|iPhoneSimulator
		{6A015CFE-10BA-4D98-B5FC-7B84BEF8402D}.AppStore|Mixed Platforms.ActiveCfg = AppStore|iPhone
		{6A015CFE-10BA-4D98-B5FC-7B84BEF8402D}.AppStore|Mixed Platforms.Build.0 = AppStore|iPhone
		{6A015CFE-10BA-4D98-B5FC-7B84BEF8402D}.AppStore|x86.ActiveCfg = AppStore|iPhone
		{6A015CFE-10BA-4D98-B5FC-7B84BEF8402D}.Debug|Any CPU.ActiveCfg = Debug|iPhone
		{6A015CFE-10BA-4D98-B5FC-7B84BEF8402D}.Debug|ARM.ActiveCfg = Debug|iPhone
		{6A015CFE-10BA-4D98-B5FC-7B84BEF8402D}.Debug|iPhone.ActiveCfg = Debug|iPhone
		{6A015CFE-10BA-4D98-B5FC-7B84BEF8402D}.Debug|iPhone.Build.0 = Debug|iPhone
		{6A015CFE-10BA-4D98-B5FC-7B84BEF8402D}.Debug|iPhoneSimulator.ActiveCfg = Debug|iPhoneSimulator
		{6A015CFE-10BA-4D98-B5FC-7B84BEF8402D}.Debug|iPhoneSimulator.Build.0 = Debug|iPhoneSimulator
		{6A015CFE-10BA-4D98-B5FC-7B84BEF8402D}.Debug|Mixed Platforms.ActiveCfg = Debug|iPhone
		{6A015CFE-10BA-4D98-B5FC-7B84BEF8402D}.Debug|Mixed Platforms.Build.0 = Debug|iPhone
		{6A015CFE-10BA-4D98-B5FC-7B84BEF8402D}.Debug|x86.ActiveCfg = Debug|iPhone
		{6A015CFE-10BA-4D98-B5FC-7B84BEF8402D}.Release|Any CPU.ActiveCfg = Release|iPhone
		{6A015CFE-10BA-4D98-B5FC-7B84BEF8402D}.Release|ARM.ActiveCfg = Release|iPhone
		{6A015CFE-10BA-4D98-B5FC-7B84BEF8402D}.Release|iPhone.ActiveCfg = Release|iPhone
		{6A015CFE-10BA-4D98-B5FC-7B84BEF8402D}.Release|iPhone.Build.0 = Release|iPhone
		{6A015CFE-10BA-4D98-B5FC-7B84BEF8402D}.Release|iPhoneSimulator.ActiveCfg = Release|iPhoneSimulator
		{6A015CFE-10BA-4D98-B5FC-7B84BEF8402D}.Release|iPhoneSimulator.Build.0 = Release|iPhoneSimulator
		{6A015CFE-10BA-4D98-B5FC-7B84BEF8402D}.Release|Mixed Platforms.ActiveCfg = Release|iPhone
		{6A015CFE-10BA-4D98-B5FC-7B84BEF8402D}.Release|Mixed Platforms.Build.0 = Release|iPhone
		{6A015CFE-10BA-4D98-B5FC-7B84BEF8402D}.Release|x86.ActiveCfg = Release|iPhone
	EndGlobalSection
	GlobalSection(SolutionProperties) = preSolution
		HideSolutionNode = FALSE
	EndGlobalSection
EndGlobal
