
Microsoft Visual Studio Solution File, Format Version 12.00
# Visual Studio 2012
Project("{FAE04EC0-301F-11D3-BF4B-00C04F79EFBC}") = "InternetMinute.Core", "InternetMinute.Core\InternetMinute.Core.csproj", "{8B8B8F17-57AB-4162-B401-7D752101F623}"
EndProject
Project("{FAE04EC0-301F-11D3-BF4B-00C04F79EFBC}") = "InternetMinute.Store", "InternetMinute.Store\InternetMinute.Store.csproj", "{50F2D515-AE63-4226-BB0F-A050C661FC53}"
EndProject
Project("{FAE04EC0-301F-11D3-BF4B-00C04F79EFBC}") = "InternetMinute.Droid", "InternetMinute.Droid\InternetMinute.Droid.csproj", "{6F7FDDBD-DCFD-40CE-B0F0-630982F582CF}"
EndProject
Project("{FAE04EC0-301F-11D3-BF4B-00C04F79EFBC}") = "InternetMinute.Phone", "InternetMinute.Phone\InternetMinute.Phone.csproj", "{D38EDC91-CA7D-4010-B87A-BBDCBD6318E1}"
EndProject
Project("{FAE04EC0-301F-11D3-BF4B-00C04F79EFBC}") = "InternetMinute.Touch", "InternetMinute.Touch\InternetMinute.Touch.csproj", "{7A271827-1106-4BC9-AAE3-6AAFB95AB57C}"
EndProject
Global
	GlobalSection(SolutionConfigurationPlatforms) = preSolution
		Ad-Hoc|Any CPU = Ad-Hoc|Any CPU
		Ad-Hoc|ARM = Ad-Hoc|ARM
		Ad-Hoc|iPhone = Ad-Hoc|iPhone
		Ad-Hoc|iPhoneSimulator = Ad-Hoc|iPhoneSimulator
		Ad-Hoc|Mixed Platforms = Ad-Hoc|Mixed Platforms
		Ad-Hoc|x64 = Ad-Hoc|x64
		Ad-Hoc|x86 = Ad-Hoc|x86
		AppStore|Any CPU = AppStore|Any CPU
		AppStore|ARM = AppStore|ARM
		AppStore|iPhone = AppStore|iPhone
		AppStore|iPhoneSimulator = AppStore|iPhoneSimulator
		AppStore|Mixed Platforms = AppStore|Mixed Platforms
		AppStore|x64 = AppStore|x64
		AppStore|x86 = AppStore|x86
		Debug|Any CPU = Debug|Any CPU
		Debug|ARM = Debug|ARM
		Debug|iPhone = Debug|iPhone
		Debug|iPhoneSimulator = Debug|iPhoneSimulator
		Debug|Mixed Platforms = Debug|Mixed Platforms
		Debug|x64 = Debug|x64
		Debug|x86 = Debug|x86
		Release|Any CPU = Release|Any CPU
		Release|ARM = Release|ARM
		Release|iPhone = Release|iPhone
		Release|iPhoneSimulator = Release|iPhoneSimulator
		Release|Mixed Platforms = Release|Mixed Platforms
		Release|x64 = Release|x64
		Release|x86 = Release|x86
	EndGlobalSection
	GlobalSection(ProjectConfigurationPlatforms) = postSolution
		{8B8B8F17-57AB-4162-B401-7D752101F623}.Ad-Hoc|Any CPU.ActiveCfg = Release|Any CPU
		{8B8B8F17-57AB-4162-B401-7D752101F623}.Ad-Hoc|Any CPU.Build.0 = Release|Any CPU
		{8B8B8F17-57AB-4162-B401-7D752101F623}.Ad-Hoc|ARM.ActiveCfg = Release|Any CPU
		{8B8B8F17-57AB-4162-B401-7D752101F623}.Ad-Hoc|iPhone.ActiveCfg = Release|Any CPU
		{8B8B8F17-57AB-4162-B401-7D752101F623}.Ad-Hoc|iPhoneSimulator.ActiveCfg = Release|Any CPU
		{8B8B8F17-57AB-4162-B401-7D752101F623}.Ad-Hoc|Mixed Platforms.ActiveCfg = Release|Any CPU
		{8B8B8F17-57AB-4162-B401-7D752101F623}.Ad-Hoc|Mixed Platforms.Build.0 = Release|Any CPU
		{8B8B8F17-57AB-4162-B401-7D752101F623}.Ad-Hoc|x64.ActiveCfg = Release|Any CPU
		{8B8B8F17-57AB-4162-B401-7D752101F623}.Ad-Hoc|x86.ActiveCfg = Release|Any CPU
		{8B8B8F17-57AB-4162-B401-7D752101F623}.AppStore|Any CPU.ActiveCfg = Release|Any CPU
		{8B8B8F17-57AB-4162-B401-7D752101F623}.AppStore|Any CPU.Build.0 = Release|Any CPU
		{8B8B8F17-57AB-4162-B401-7D752101F623}.AppStore|ARM.ActiveCfg = Release|Any CPU
		{8B8B8F17-57AB-4162-B401-7D752101F623}.AppStore|iPhone.ActiveCfg = Release|Any CPU
		{8B8B8F17-57AB-4162-B401-7D752101F623}.AppStore|iPhoneSimulator.ActiveCfg = Release|Any CPU
		{8B8B8F17-57AB-4162-B401-7D752101F623}.AppStore|Mixed Platforms.ActiveCfg = Release|Any CPU
		{8B8B8F17-57AB-4162-B401-7D752101F623}.AppStore|Mixed Platforms.Build.0 = Release|Any CPU
		{8B8B8F17-57AB-4162-B401-7D752101F623}.AppStore|x64.ActiveCfg = Release|Any CPU
		{8B8B8F17-57AB-4162-B401-7D752101F623}.AppStore|x86.ActiveCfg = Release|Any CPU
		{8B8B8F17-57AB-4162-B401-7D752101F623}.Debug|Any CPU.ActiveCfg = Debug|Any CPU
		{8B8B8F17-57AB-4162-B401-7D752101F623}.Debug|Any CPU.Build.0 = Debug|Any CPU
		{8B8B8F17-57AB-4162-B401-7D752101F623}.Debug|ARM.ActiveCfg = Debug|Any CPU
		{8B8B8F17-57AB-4162-B401-7D752101F623}.Debug|iPhone.ActiveCfg = Debug|Any CPU
		{8B8B8F17-57AB-4162-B401-7D752101F623}.Debug|iPhoneSimulator.ActiveCfg = Debug|Any CPU
		{8B8B8F17-57AB-4162-B401-7D752101F623}.Debug|Mixed Platforms.ActiveCfg = Debug|Any CPU
		{8B8B8F17-57AB-4162-B401-7D752101F623}.Debug|Mixed Platforms.Build.0 = Debug|Any CPU
		{8B8B8F17-57AB-4162-B401-7D752101F623}.Debug|x64.ActiveCfg = Debug|Any CPU
		{8B8B8F17-57AB-4162-B401-7D752101F623}.Debug|x86.ActiveCfg = Debug|Any CPU
		{8B8B8F17-57AB-4162-B401-7D752101F623}.Release|Any CPU.ActiveCfg = Release|Any CPU
		{8B8B8F17-57AB-4162-B401-7D752101F623}.Release|Any CPU.Build.0 = Release|Any CPU
		{8B8B8F17-57AB-4162-B401-7D752101F623}.Release|ARM.ActiveCfg = Release|Any CPU
		{8B8B8F17-57AB-4162-B401-7D752101F623}.Release|iPhone.ActiveCfg = Release|Any CPU
		{8B8B8F17-57AB-4162-B401-7D752101F623}.Release|iPhoneSimulator.ActiveCfg = Release|Any CPU
		{8B8B8F17-57AB-4162-B401-7D752101F623}.Release|Mixed Platforms.ActiveCfg = Release|Any CPU
		{8B8B8F17-57AB-4162-B401-7D752101F623}.Release|Mixed Platforms.Build.0 = Release|Any CPU
		{8B8B8F17-57AB-4162-B401-7D752101F623}.Release|x64.ActiveCfg = Release|Any CPU
		{8B8B8F17-57AB-4162-B401-7D752101F623}.Release|x86.ActiveCfg = Release|Any CPU
		{50F2D515-AE63-4226-BB0F-A050C661FC53}.Ad-Hoc|Any CPU.ActiveCfg = Release|Any CPU
		{50F2D515-AE63-4226-BB0F-A050C661FC53}.Ad-Hoc|Any CPU.Build.0 = Release|Any CPU
		{50F2D515-AE63-4226-BB0F-A050C661FC53}.Ad-Hoc|Any CPU.Deploy.0 = Release|Any CPU
		{50F2D515-AE63-4226-BB0F-A050C661FC53}.Ad-Hoc|ARM.ActiveCfg = Release|ARM
		{50F2D515-AE63-4226-BB0F-A050C661FC53}.Ad-Hoc|ARM.Build.0 = Release|ARM
		{50F2D515-AE63-4226-BB0F-A050C661FC53}.Ad-Hoc|ARM.Deploy.0 = Release|ARM
		{50F2D515-AE63-4226-BB0F-A050C661FC53}.Ad-Hoc|iPhone.ActiveCfg = Release|Any CPU
		{50F2D515-AE63-4226-BB0F-A050C661FC53}.Ad-Hoc|iPhoneSimulator.ActiveCfg = Release|Any CPU
		{50F2D515-AE63-4226-BB0F-A050C661FC53}.Ad-Hoc|Mixed Platforms.ActiveCfg = Release|x86
		{50F2D515-AE63-4226-BB0F-A050C661FC53}.Ad-Hoc|Mixed Platforms.Build.0 = Release|x86
		{50F2D515-AE63-4226-BB0F-A050C661FC53}.Ad-Hoc|Mixed Platforms.Deploy.0 = Release|x86
		{50F2D515-AE63-4226-BB0F-A050C661FC53}.Ad-Hoc|x64.ActiveCfg = Release|x64
		{50F2D515-AE63-4226-BB0F-A050C661FC53}.Ad-Hoc|x64.Build.0 = Release|x64
		{50F2D515-AE63-4226-BB0F-A050C661FC53}.Ad-Hoc|x64.Deploy.0 = Release|x64
		{50F2D515-AE63-4226-BB0F-A050C661FC53}.Ad-Hoc|x86.ActiveCfg = Release|x86
		{50F2D515-AE63-4226-BB0F-A050C661FC53}.Ad-Hoc|x86.Build.0 = Release|x86
		{50F2D515-AE63-4226-BB0F-A050C661FC53}.Ad-Hoc|x86.Deploy.0 = Release|x86
		{50F2D515-AE63-4226-BB0F-A050C661FC53}.AppStore|Any CPU.ActiveCfg = Release|Any CPU
		{50F2D515-AE63-4226-BB0F-A050C661FC53}.AppStore|Any CPU.Build.0 = Release|Any CPU
		{50F2D515-AE63-4226-BB0F-A050C661FC53}.AppStore|Any CPU.Deploy.0 = Release|Any CPU
		{50F2D515-AE63-4226-BB0F-A050C661FC53}.AppStore|ARM.ActiveCfg = Release|ARM
		{50F2D515-AE63-4226-BB0F-A050C661FC53}.AppStore|ARM.Build.0 = Release|ARM
		{50F2D515-AE63-4226-BB0F-A050C661FC53}.AppStore|ARM.Deploy.0 = Release|ARM
		{50F2D515-AE63-4226-BB0F-A050C661FC53}.AppStore|iPhone.ActiveCfg = Release|Any CPU
		{50F2D515-AE63-4226-BB0F-A050C661FC53}.AppStore|iPhoneSimulator.ActiveCfg = Release|Any CPU
		{50F2D515-AE63-4226-BB0F-A050C661FC53}.AppStore|Mixed Platforms.ActiveCfg = Release|x86
		{50F2D515-AE63-4226-BB0F-A050C661FC53}.AppStore|Mixed Platforms.Build.0 = Release|x86
		{50F2D515-AE63-4226-BB0F-A050C661FC53}.AppStore|Mixed Platforms.Deploy.0 = Release|x86
		{50F2D515-AE63-4226-BB0F-A050C661FC53}.AppStore|x64.ActiveCfg = Release|x64
		{50F2D515-AE63-4226-BB0F-A050C661FC53}.AppStore|x64.Build.0 = Release|x64
		{50F2D515-AE63-4226-BB0F-A050C661FC53}.AppStore|x64.Deploy.0 = Release|x64
		{50F2D515-AE63-4226-BB0F-A050C661FC53}.AppStore|x86.ActiveCfg = Release|x86
		{50F2D515-AE63-4226-BB0F-A050C661FC53}.AppStore|x86.Build.0 = Release|x86
		{50F2D515-AE63-4226-BB0F-A050C661FC53}.AppStore|x86.Deploy.0 = Release|x86
		{50F2D515-AE63-4226-BB0F-A050C661FC53}.Debug|Any CPU.ActiveCfg = Debug|Any CPU
		{50F2D515-AE63-4226-BB0F-A050C661FC53}.Debug|Any CPU.Build.0 = Debug|Any CPU
		{50F2D515-AE63-4226-BB0F-A050C661FC53}.Debug|Any CPU.Deploy.0 = Debug|Any CPU
		{50F2D515-AE63-4226-BB0F-A050C661FC53}.Debug|ARM.ActiveCfg = Debug|ARM
		{50F2D515-AE63-4226-BB0F-A050C661FC53}.Debug|ARM.Build.0 = Debug|ARM
		{50F2D515-AE63-4226-BB0F-A050C661FC53}.Debug|ARM.Deploy.0 = Debug|ARM
		{50F2D515-AE63-4226-BB0F-A050C661FC53}.Debug|iPhone.ActiveCfg = Debug|Any CPU
		{50F2D515-AE63-4226-BB0F-A050C661FC53}.Debug|iPhoneSimulator.ActiveCfg = Debug|Any CPU
		{50F2D515-AE63-4226-BB0F-A050C661FC53}.Debug|Mixed Platforms.ActiveCfg = Debug|x86
		{50F2D515-AE63-4226-BB0F-A050C661FC53}.Debug|Mixed Platforms.Build.0 = Debug|x86
		{50F2D515-AE63-4226-BB0F-A050C661FC53}.Debug|Mixed Platforms.Deploy.0 = Debug|x86
		{50F2D515-AE63-4226-BB0F-A050C661FC53}.Debug|x64.ActiveCfg = Debug|x64
		{50F2D515-AE63-4226-BB0F-A050C661FC53}.Debug|x64.Build.0 = Debug|x64
		{50F2D515-AE63-4226-BB0F-A050C661FC53}.Debug|x64.Deploy.0 = Debug|x64
		{50F2D515-AE63-4226-BB0F-A050C661FC53}.Debug|x86.ActiveCfg = Debug|x86
		{50F2D515-AE63-4226-BB0F-A050C661FC53}.Debug|x86.Build.0 = Debug|x86
		{50F2D515-AE63-4226-BB0F-A050C661FC53}.Debug|x86.Deploy.0 = Debug|x86
		{50F2D515-AE63-4226-BB0F-A050C661FC53}.Release|Any CPU.ActiveCfg = Release|Any CPU
		{50F2D515-AE63-4226-BB0F-A050C661FC53}.Release|Any CPU.Build.0 = Release|Any CPU
		{50F2D515-AE63-4226-BB0F-A050C661FC53}.Release|Any CPU.Deploy.0 = Release|Any CPU
		{50F2D515-AE63-4226-BB0F-A050C661FC53}.Release|ARM.ActiveCfg = Release|ARM
		{50F2D515-AE63-4226-BB0F-A050C661FC53}.Release|ARM.Build.0 = Release|ARM
		{50F2D515-AE63-4226-BB0F-A050C661FC53}.Release|ARM.Deploy.0 = Release|ARM
		{50F2D515-AE63-4226-BB0F-A050C661FC53}.Release|iPhone.ActiveCfg = Release|Any CPU
		{50F2D515-AE63-4226-BB0F-A050C661FC53}.Release|iPhoneSimulator.ActiveCfg = Release|Any CPU
		{50F2D515-AE63-4226-BB0F-A050C661FC53}.Release|Mixed Platforms.ActiveCfg = Release|x86
		{50F2D515-AE63-4226-BB0F-A050C661FC53}.Release|Mixed Platforms.Build.0 = Release|x86
		{50F2D515-AE63-4226-BB0F-A050C661FC53}.Release|Mixed Platforms.Deploy.0 = Release|x86
		{50F2D515-AE63-4226-BB0F-A050C661FC53}.Release|x64.ActiveCfg = Release|x64
		{50F2D515-AE63-4226-BB0F-A050C661FC53}.Release|x64.Build.0 = Release|x64
		{50F2D515-AE63-4226-BB0F-A050C661FC53}.Release|x64.Deploy.0 = Release|x64
		{50F2D515-AE63-4226-BB0F-A050C661FC53}.Release|x86.ActiveCfg = Release|x86
		{50F2D515-AE63-4226-BB0F-A050C661FC53}.Release|x86.Build.0 = Release|x86
		{50F2D515-AE63-4226-BB0F-A050C661FC53}.Release|x86.Deploy.0 = Release|x86
		{6F7FDDBD-DCFD-40CE-B0F0-630982F582CF}.Ad-Hoc|Any CPU.ActiveCfg = Release|Any CPU
		{6F7FDDBD-DCFD-40CE-B0F0-630982F582CF}.Ad-Hoc|Any CPU.Build.0 = Release|Any CPU
		{6F7FDDBD-DCFD-40CE-B0F0-630982F582CF}.Ad-Hoc|Any CPU.Deploy.0 = Release|Any CPU
		{6F7FDDBD-DCFD-40CE-B0F0-630982F582CF}.Ad-Hoc|ARM.ActiveCfg = Release|Any CPU
		{6F7FDDBD-DCFD-40CE-B0F0-630982F582CF}.Ad-Hoc|iPhone.ActiveCfg = Release|Any CPU
		{6F7FDDBD-DCFD-40CE-B0F0-630982F582CF}.Ad-Hoc|iPhoneSimulator.ActiveCfg = Release|Any CPU
		{6F7FDDBD-DCFD-40CE-B0F0-630982F582CF}.Ad-Hoc|Mixed Platforms.ActiveCfg = Release|Any CPU
		{6F7FDDBD-DCFD-40CE-B0F0-630982F582CF}.Ad-Hoc|Mixed Platforms.Build.0 = Release|Any CPU
		{6F7FDDBD-DCFD-40CE-B0F0-630982F582CF}.Ad-Hoc|Mixed Platforms.Deploy.0 = Release|Any CPU
		{6F7FDDBD-DCFD-40CE-B0F0-630982F582CF}.Ad-Hoc|x64.ActiveCfg = Release|Any CPU
		{6F7FDDBD-DCFD-40CE-B0F0-630982F582CF}.Ad-Hoc|x86.ActiveCfg = Release|Any CPU
		{6F7FDDBD-DCFD-40CE-B0F0-630982F582CF}.AppStore|Any CPU.ActiveCfg = Release|Any CPU
		{6F7FDDBD-DCFD-40CE-B0F0-630982F582CF}.AppStore|Any CPU.Build.0 = Release|Any CPU
		{6F7FDDBD-DCFD-40CE-B0F0-630982F582CF}.AppStore|Any CPU.Deploy.0 = Release|Any CPU
		{6F7FDDBD-DCFD-40CE-B0F0-630982F582CF}.AppStore|ARM.ActiveCfg = Release|Any CPU
		{6F7FDDBD-DCFD-40CE-B0F0-630982F582CF}.AppStore|iPhone.ActiveCfg = Release|Any CPU
		{6F7FDDBD-DCFD-40CE-B0F0-630982F582CF}.AppStore|iPhoneSimulator.ActiveCfg = Release|Any CPU
		{6F7FDDBD-DCFD-40CE-B0F0-630982F582CF}.AppStore|Mixed Platforms.ActiveCfg = Release|Any CPU
		{6F7FDDBD-DCFD-40CE-B0F0-630982F582CF}.AppStore|Mixed Platforms.Build.0 = Release|Any CPU
		{6F7FDDBD-DCFD-40CE-B0F0-630982F582CF}.AppStore|Mixed Platforms.Deploy.0 = Release|Any CPU
		{6F7FDDBD-DCFD-40CE-B0F0-630982F582CF}.AppStore|x64.ActiveCfg = Release|Any CPU
		{6F7FDDBD-DCFD-40CE-B0F0-630982F582CF}.AppStore|x86.ActiveCfg = Release|Any CPU
		{6F7FDDBD-DCFD-40CE-B0F0-630982F582CF}.Debug|Any CPU.ActiveCfg = Debug|Any CPU
		{6F7FDDBD-DCFD-40CE-B0F0-630982F582CF}.Debug|Any CPU.Build.0 = Debug|Any CPU
		{6F7FDDBD-DCFD-40CE-B0F0-630982F582CF}.Debug|Any CPU.Deploy.0 = Debug|Any CPU
		{6F7FDDBD-DCFD-40CE-B0F0-630982F582CF}.Debug|ARM.ActiveCfg = Debug|Any CPU
		{6F7FDDBD-DCFD-40CE-B0F0-630982F582CF}.Debug|iPhone.ActiveCfg = Debug|Any CPU
		{6F7FDDBD-DCFD-40CE-B0F0-630982F582CF}.Debug|iPhoneSimulator.ActiveCfg = Debug|Any CPU
		{6F7FDDBD-DCFD-40CE-B0F0-630982F582CF}.Debug|Mixed Platforms.ActiveCfg = Debug|Any CPU
		{6F7FDDBD-DCFD-40CE-B0F0-630982F582CF}.Debug|Mixed Platforms.Build.0 = Debug|Any CPU
		{6F7FDDBD-DCFD-40CE-B0F0-630982F582CF}.Debug|Mixed Platforms.Deploy.0 = Debug|Any CPU
		{6F7FDDBD-DCFD-40CE-B0F0-630982F582CF}.Debug|x64.ActiveCfg = Debug|Any CPU
		{6F7FDDBD-DCFD-40CE-B0F0-630982F582CF}.Debug|x86.ActiveCfg = Debug|Any CPU
		{6F7FDDBD-DCFD-40CE-B0F0-630982F582CF}.Release|Any CPU.ActiveCfg = Release|Any CPU
		{6F7FDDBD-DCFD-40CE-B0F0-630982F582CF}.Release|Any CPU.Build.0 = Release|Any CPU
		{6F7FDDBD-DCFD-40CE-B0F0-630982F582CF}.Release|Any CPU.Deploy.0 = Release|Any CPU
		{6F7FDDBD-DCFD-40CE-B0F0-630982F582CF}.Release|ARM.ActiveCfg = Release|Any CPU
		{6F7FDDBD-DCFD-40CE-B0F0-630982F582CF}.Release|iPhone.ActiveCfg = Release|Any CPU
		{6F7FDDBD-DCFD-40CE-B0F0-630982F582CF}.Release|iPhoneSimulator.ActiveCfg = Release|Any CPU
		{6F7FDDBD-DCFD-40CE-B0F0-630982F582CF}.Release|Mixed Platforms.ActiveCfg = Release|Any CPU
		{6F7FDDBD-DCFD-40CE-B0F0-630982F582CF}.Release|Mixed Platforms.Build.0 = Release|Any CPU
		{6F7FDDBD-DCFD-40CE-B0F0-630982F582CF}.Release|Mixed Platforms.Deploy.0 = Release|Any CPU
		{6F7FDDBD-DCFD-40CE-B0F0-630982F582CF}.Release|x64.ActiveCfg = Release|Any CPU
		{6F7FDDBD-DCFD-40CE-B0F0-630982F582CF}.Release|x86.ActiveCfg = Release|Any CPU
		{D38EDC91-CA7D-4010-B87A-BBDCBD6318E1}.Ad-Hoc|Any CPU.ActiveCfg = Release|Any CPU
		{D38EDC91-CA7D-4010-B87A-BBDCBD6318E1}.Ad-Hoc|Any CPU.Build.0 = Release|Any CPU
		{D38EDC91-CA7D-4010-B87A-BBDCBD6318E1}.Ad-Hoc|Any CPU.Deploy.0 = Release|Any CPU
		{D38EDC91-CA7D-4010-B87A-BBDCBD6318E1}.Ad-Hoc|ARM.ActiveCfg = Release|Any CPU
		{D38EDC91-CA7D-4010-B87A-BBDCBD6318E1}.Ad-Hoc|iPhone.ActiveCfg = Release|Any CPU
		{D38EDC91-CA7D-4010-B87A-BBDCBD6318E1}.Ad-Hoc|iPhoneSimulator.ActiveCfg = Release|Any CPU
		{D38EDC91-CA7D-4010-B87A-BBDCBD6318E1}.Ad-Hoc|Mixed Platforms.ActiveCfg = Release|Any CPU
		{D38EDC91-CA7D-4010-B87A-BBDCBD6318E1}.Ad-Hoc|Mixed Platforms.Build.0 = Release|Any CPU
		{D38EDC91-CA7D-4010-B87A-BBDCBD6318E1}.Ad-Hoc|Mixed Platforms.Deploy.0 = Release|Any CPU
		{D38EDC91-CA7D-4010-B87A-BBDCBD6318E1}.Ad-Hoc|x64.ActiveCfg = Release|Any CPU
		{D38EDC91-CA7D-4010-B87A-BBDCBD6318E1}.Ad-Hoc|x86.ActiveCfg = Release|Any CPU
		{D38EDC91-CA7D-4010-B87A-BBDCBD6318E1}.AppStore|Any CPU.ActiveCfg = Release|Any CPU
		{D38EDC91-CA7D-4010-B87A-BBDCBD6318E1}.AppStore|Any CPU.Build.0 = Release|Any CPU
		{D38EDC91-CA7D-4010-B87A-BBDCBD6318E1}.AppStore|Any CPU.Deploy.0 = Release|Any CPU
		{D38EDC91-CA7D-4010-B87A-BBDCBD6318E1}.AppStore|ARM.ActiveCfg = Release|Any CPU
		{D38EDC91-CA7D-4010-B87A-BBDCBD6318E1}.AppStore|iPhone.ActiveCfg = Release|Any CPU
		{D38EDC91-CA7D-4010-B87A-BBDCBD6318E1}.AppStore|iPhoneSimulator.ActiveCfg = Release|Any CPU
		{D38EDC91-CA7D-4010-B87A-BBDCBD6318E1}.AppStore|Mixed Platforms.ActiveCfg = Release|Any CPU
		{D38EDC91-CA7D-4010-B87A-BBDCBD6318E1}.AppStore|Mixed Platforms.Build.0 = Release|Any CPU
		{D38EDC91-CA7D-4010-B87A-BBDCBD6318E1}.AppStore|Mixed Platforms.Deploy.0 = Release|Any CPU
		{D38EDC91-CA7D-4010-B87A-BBDCBD6318E1}.AppStore|x64.ActiveCfg = Release|Any CPU
		{D38EDC91-CA7D-4010-B87A-BBDCBD6318E1}.AppStore|x86.ActiveCfg = Release|Any CPU
		{D38EDC91-CA7D-4010-B87A-BBDCBD6318E1}.Debug|Any CPU.ActiveCfg = Debug|Any CPU
		{D38EDC91-CA7D-4010-B87A-BBDCBD6318E1}.Debug|Any CPU.Build.0 = Debug|Any CPU
		{D38EDC91-CA7D-4010-B87A-BBDCBD6318E1}.Debug|Any CPU.Deploy.0 = Debug|Any CPU
		{D38EDC91-CA7D-4010-B87A-BBDCBD6318E1}.Debug|ARM.ActiveCfg = Debug|Any CPU
		{D38EDC91-CA7D-4010-B87A-BBDCBD6318E1}.Debug|iPhone.ActiveCfg = Debug|Any CPU
		{D38EDC91-CA7D-4010-B87A-BBDCBD6318E1}.Debug|iPhoneSimulator.ActiveCfg = Debug|Any CPU
		{D38EDC91-CA7D-4010-B87A-BBDCBD6318E1}.Debug|Mixed Platforms.ActiveCfg = Debug|Any CPU
		{D38EDC91-CA7D-4010-B87A-BBDCBD6318E1}.Debug|Mixed Platforms.Build.0 = Debug|Any CPU
		{D38EDC91-CA7D-4010-B87A-BBDCBD6318E1}.Debug|Mixed Platforms.Deploy.0 = Debug|Any CPU
		{D38EDC91-CA7D-4010-B87A-BBDCBD6318E1}.Debug|x64.ActiveCfg = Debug|Any CPU
		{D38EDC91-CA7D-4010-B87A-BBDCBD6318E1}.Debug|x86.ActiveCfg = Debug|Any CPU
		{D38EDC91-CA7D-4010-B87A-BBDCBD6318E1}.Release|Any CPU.ActiveCfg = Release|Any CPU
		{D38EDC91-CA7D-4010-B87A-BBDCBD6318E1}.Release|Any CPU.Build.0 = Release|Any CPU
		{D38EDC91-CA7D-4010-B87A-BBDCBD6318E1}.Release|Any CPU.Deploy.0 = Release|Any CPU
		{D38EDC91-CA7D-4010-B87A-BBDCBD6318E1}.Release|ARM.ActiveCfg = Release|Any CPU
		{D38EDC91-CA7D-4010-B87A-BBDCBD6318E1}.Release|iPhone.ActiveCfg = Release|Any CPU
		{D38EDC91-CA7D-4010-B87A-BBDCBD6318E1}.Release|iPhoneSimulator.ActiveCfg = Release|Any CPU
		{D38EDC91-CA7D-4010-B87A-BBDCBD6318E1}.Release|Mixed Platforms.ActiveCfg = Release|Any CPU
		{D38EDC91-CA7D-4010-B87A-BBDCBD6318E1}.Release|Mixed Platforms.Build.0 = Release|Any CPU
		{D38EDC91-CA7D-4010-B87A-BBDCBD6318E1}.Release|Mixed Platforms.Deploy.0 = Release|Any CPU
		{D38EDC91-CA7D-4010-B87A-BBDCBD6318E1}.Release|x64.ActiveCfg = Release|Any CPU
		{D38EDC91-CA7D-4010-B87A-BBDCBD6318E1}.Release|x86.ActiveCfg = Release|Any CPU
		{7A271827-1106-4BC9-AAE3-6AAFB95AB57C}.Ad-Hoc|Any CPU.ActiveCfg = Ad-Hoc|iPhone
		{7A271827-1106-4BC9-AAE3-6AAFB95AB57C}.Ad-Hoc|ARM.ActiveCfg = Ad-Hoc|iPhone
		{7A271827-1106-4BC9-AAE3-6AAFB95AB57C}.Ad-Hoc|iPhone.ActiveCfg = Ad-Hoc|iPhone
		{7A271827-1106-4BC9-AAE3-6AAFB95AB57C}.Ad-Hoc|iPhone.Build.0 = Ad-Hoc|iPhone
		{7A271827-1106-4BC9-AAE3-6AAFB95AB57C}.Ad-Hoc|iPhoneSimulator.ActiveCfg = Ad-Hoc|iPhoneSimulator
		{7A271827-1106-4BC9-AAE3-6AAFB95AB57C}.Ad-Hoc|iPhoneSimulator.Build.0 = Ad-Hoc|iPhoneSimulator
		{7A271827-1106-4BC9-AAE3-6AAFB95AB57C}.Ad-Hoc|Mixed Platforms.ActiveCfg = Ad-Hoc|iPhone
		{7A271827-1106-4BC9-AAE3-6AAFB95AB57C}.Ad-Hoc|Mixed Platforms.Build.0 = Ad-Hoc|iPhone
		{7A271827-1106-4BC9-AAE3-6AAFB95AB57C}.Ad-Hoc|x64.ActiveCfg = Ad-Hoc|iPhone
		{7A271827-1106-4BC9-AAE3-6AAFB95AB57C}.Ad-Hoc|x86.ActiveCfg = Ad-Hoc|iPhone
		{7A271827-1106-4BC9-AAE3-6AAFB95AB57C}.AppStore|Any CPU.ActiveCfg = AppStore|iPhone
		{7A271827-1106-4BC9-AAE3-6AAFB95AB57C}.AppStore|ARM.ActiveCfg = AppStore|iPhone
		{7A271827-1106-4BC9-AAE3-6AAFB95AB57C}.AppStore|iPhone.ActiveCfg = AppStore|iPhone
		{7A271827-1106-4BC9-AAE3-6AAFB95AB57C}.AppStore|iPhone.Build.0 = AppStore|iPhone
		{7A271827-1106-4BC9-AAE3-6AAFB95AB57C}.AppStore|iPhoneSimulator.ActiveCfg = AppStore|iPhoneSimulator
		{7A271827-1106-4BC9-AAE3-6AAFB95AB57C}.AppStore|iPhoneSimulator.Build.0 = AppStore|iPhoneSimulator
		{7A271827-1106-4BC9-AAE3-6AAFB95AB57C}.AppStore|Mixed Platforms.ActiveCfg = AppStore|iPhone
		{7A271827-1106-4BC9-AAE3-6AAFB95AB57C}.AppStore|Mixed Platforms.Build.0 = AppStore|iPhone
		{7A271827-1106-4BC9-AAE3-6AAFB95AB57C}.AppStore|x64.ActiveCfg = AppStore|iPhone
		{7A271827-1106-4BC9-AAE3-6AAFB95AB57C}.AppStore|x86.ActiveCfg = AppStore|iPhone
		{7A271827-1106-4BC9-AAE3-6AAFB95AB57C}.Debug|Any CPU.ActiveCfg = Debug|iPhone
		{7A271827-1106-4BC9-AAE3-6AAFB95AB57C}.Debug|ARM.ActiveCfg = Debug|iPhone
		{7A271827-1106-4BC9-AAE3-6AAFB95AB57C}.Debug|iPhone.ActiveCfg = Debug|iPhone
		{7A271827-1106-4BC9-AAE3-6AAFB95AB57C}.Debug|iPhone.Build.0 = Debug|iPhone
		{7A271827-1106-4BC9-AAE3-6AAFB95AB57C}.Debug|iPhoneSimulator.ActiveCfg = Debug|iPhoneSimulator
		{7A271827-1106-4BC9-AAE3-6AAFB95AB57C}.Debug|iPhoneSimulator.Build.0 = Debug|iPhoneSimulator
		{7A271827-1106-4BC9-AAE3-6AAFB95AB57C}.Debug|Mixed Platforms.ActiveCfg = Debug|iPhone
		{7A271827-1106-4BC9-AAE3-6AAFB95AB57C}.Debug|Mixed Platforms.Build.0 = Debug|iPhone
		{7A271827-1106-4BC9-AAE3-6AAFB95AB57C}.Debug|x64.ActiveCfg = Debug|iPhone
		{7A271827-1106-4BC9-AAE3-6AAFB95AB57C}.Debug|x86.ActiveCfg = Debug|iPhone
		{7A271827-1106-4BC9-AAE3-6AAFB95AB57C}.Release|Any CPU.ActiveCfg = Release|iPhone
		{7A271827-1106-4BC9-AAE3-6AAFB95AB57C}.Release|ARM.ActiveCfg = Release|iPhone
		{7A271827-1106-4BC9-AAE3-6AAFB95AB57C}.Release|iPhone.ActiveCfg = Release|iPhone
		{7A271827-1106-4BC9-AAE3-6AAFB95AB57C}.Release|iPhone.Build.0 = Release|iPhone
		{7A271827-1106-4BC9-AAE3-6AAFB95AB57C}.Release|iPhoneSimulator.ActiveCfg = Release|iPhoneSimulator
		{7A271827-1106-4BC9-AAE3-6AAFB95AB57C}.Release|iPhoneSimulator.Build.0 = Release|iPhoneSimulator
		{7A271827-1106-4BC9-AAE3-6AAFB95AB57C}.Release|Mixed Platforms.ActiveCfg = Release|iPhone
		{7A271827-1106-4BC9-AAE3-6AAFB95AB57C}.Release|Mixed Platforms.Build.0 = Release|iPhone
		{7A271827-1106-4BC9-AAE3-6AAFB95AB57C}.Release|x64.ActiveCfg = Release|iPhone
		{7A271827-1106-4BC9-AAE3-6AAFB95AB57C}.Release|x86.ActiveCfg = Release|iPhone
	EndGlobalSection
	GlobalSection(SolutionProperties) = preSolution
		HideSolutionNode = FALSE
	EndGlobalSection
EndGlobal
