
Microsoft Visual Studio Solution File, Format Version 12.00
# Visual Studio 2012
Project("{FAE04EC0-301F-11D3-BF4B-00C04F79EFBC}") = "Babel.Core", "Babel.Core\Babel.Core.csproj", "{F7103111-05CE-4859-A81F-F7D88CAEE12E}"
EndProject
Project("{FAE04EC0-301F-11D3-BF4B-00C04F79EFBC}") = "Babel.Phone", "Babel.Phone\Babel.Phone.csproj", "{5B340095-E661-4670-8673-23FCDB3ACB95}"
EndProject
Project("{FAE04EC0-301F-11D3-BF4B-00C04F79EFBC}") = "Babel.Droid", "Babel.Droid\Babel.Droid.csproj", "{34B5248B-80CB-40C9-9319-2BD73F830BEB}"
EndProject
Project("{FAE04EC0-301F-11D3-BF4B-00C04F79EFBC}") = "Babel.Touch", "Babel.Touch\Babel.Touch.csproj", "{27644071-97F7-4CAC-AA7F-13A56A1A4C03}"
EndProject
Project("{FAE04EC0-301F-11D3-BF4B-00C04F79EFBC}") = "Babel.Store", "Babel.Store\Babel.Store.csproj", "{69E87973-C0A4-49CE-8869-CA190623D45A}"
EndProject
Project("{FAE04EC0-301F-11D3-BF4B-00C04F79EFBC}") = "Babel.Wpf", "Babel.Wpf\Babel.Wpf.csproj", "{27D3D336-3D07-4FE2-A22A-39EB73339F95}"
EndProject
Global
	GlobalSection(SolutionConfigurationPlatforms) = preSolution
		Ad-Hoc|Any CPU = Ad-Hoc|Any CPU
		Ad-Hoc|ARM = Ad-Hoc|ARM
		Ad-Hoc|iPhone = Ad-Hoc|iPhone
		Ad-Hoc|iPhoneSimulator = Ad-Hoc|iPhoneSimulator
		Ad-Hoc|Mixed Platforms = Ad-Hoc|Mixed Platforms
		Ad-Hoc|x64 = Ad-Hoc|x64
		Ad-Hoc|x86 = Ad-Hoc|x86
		AppStore|Any CPU = AppStore|Any CPU
		AppStore|ARM = AppStore|ARM
		AppStore|iPhone = AppStore|iPhone
		AppStore|iPhoneSimulator = AppStore|iPhoneSimulator
		AppStore|Mixed Platforms = AppStore|Mixed Platforms
		AppStore|x64 = AppStore|x64
		AppStore|x86 = AppStore|x86
		Debug|Any CPU = Debug|Any CPU
		Debug|ARM = Debug|ARM
		Debug|iPhone = Debug|iPhone
		Debug|iPhoneSimulator = Debug|iPhoneSimulator
		Debug|Mixed Platforms = Debug|Mixed Platforms
		Debug|x64 = Debug|x64
		Debug|x86 = Debug|x86
		Release|Any CPU = Release|Any CPU
		Release|ARM = Release|ARM
		Release|iPhone = Release|iPhone
		Release|iPhoneSimulator = Release|iPhoneSimulator
		Release|Mixed Platforms = Release|Mixed Platforms
		Release|x64 = Release|x64
		Release|x86 = Release|x86
	EndGlobalSection
	GlobalSection(ProjectConfigurationPlatforms) = postSolution
		{F7103111-05CE-4859-A81F-F7D88CAEE12E}.Ad-Hoc|Any CPU.ActiveCfg = Release|Any CPU
		{F7103111-05CE-4859-A81F-F7D88CAEE12E}.Ad-Hoc|Any CPU.Build.0 = Release|Any CPU
		{F7103111-05CE-4859-A81F-F7D88CAEE12E}.Ad-Hoc|ARM.ActiveCfg = Debug|Any CPU
		{F7103111-05CE-4859-A81F-F7D88CAEE12E}.Ad-Hoc|iPhone.ActiveCfg = Release|Any CPU
		{F7103111-05CE-4859-A81F-F7D88CAEE12E}.Ad-Hoc|iPhoneSimulator.ActiveCfg = Release|Any CPU
		{F7103111-05CE-4859-A81F-F7D88CAEE12E}.Ad-Hoc|Mixed Platforms.ActiveCfg = Release|Any CPU
		{F7103111-05CE-4859-A81F-F7D88CAEE12E}.Ad-Hoc|Mixed Platforms.Build.0 = Release|Any CPU
		{F7103111-05CE-4859-A81F-F7D88CAEE12E}.Ad-Hoc|x64.ActiveCfg = Debug|Any CPU
		{F7103111-05CE-4859-A81F-F7D88CAEE12E}.Ad-Hoc|x86.ActiveCfg = Debug|Any CPU
		{F7103111-05CE-4859-A81F-F7D88CAEE12E}.AppStore|Any CPU.ActiveCfg = Release|Any CPU
		{F7103111-05CE-4859-A81F-F7D88CAEE12E}.AppStore|Any CPU.Build.0 = Release|Any CPU
		{F7103111-05CE-4859-A81F-F7D88CAEE12E}.AppStore|ARM.ActiveCfg = Debug|Any CPU
		{F7103111-05CE-4859-A81F-F7D88CAEE12E}.AppStore|iPhone.ActiveCfg = Release|Any CPU
		{F7103111-05CE-4859-A81F-F7D88CAEE12E}.AppStore|iPhoneSimulator.ActiveCfg = Release|Any CPU
		{F7103111-05CE-4859-A81F-F7D88CAEE12E}.AppStore|Mixed Platforms.ActiveCfg = Release|Any CPU
		{F7103111-05CE-4859-A81F-F7D88CAEE12E}.AppStore|Mixed Platforms.Build.0 = Release|Any CPU
		{F7103111-05CE-4859-A81F-F7D88CAEE12E}.AppStore|x64.ActiveCfg = Debug|Any CPU
		{F7103111-05CE-4859-A81F-F7D88CAEE12E}.AppStore|x86.ActiveCfg = Debug|Any CPU
		{F7103111-05CE-4859-A81F-F7D88CAEE12E}.Debug|Any CPU.ActiveCfg = Debug|Any CPU
		{F7103111-05CE-4859-A81F-F7D88CAEE12E}.Debug|Any CPU.Build.0 = Debug|Any CPU
		{F7103111-05CE-4859-A81F-F7D88CAEE12E}.Debug|ARM.ActiveCfg = Debug|Any CPU
		{F7103111-05CE-4859-A81F-F7D88CAEE12E}.Debug|iPhone.ActiveCfg = Debug|Any CPU
		{F7103111-05CE-4859-A81F-F7D88CAEE12E}.Debug|iPhoneSimulator.ActiveCfg = Debug|Any CPU
		{F7103111-05CE-4859-A81F-F7D88CAEE12E}.Debug|Mixed Platforms.ActiveCfg = Debug|Any CPU
		{F7103111-05CE-4859-A81F-F7D88CAEE12E}.Debug|Mixed Platforms.Build.0 = Debug|Any CPU
		{F7103111-05CE-4859-A81F-F7D88CAEE12E}.Debug|x64.ActiveCfg = Debug|Any CPU
		{F7103111-05CE-4859-A81F-F7D88CAEE12E}.Debug|x86.ActiveCfg = Debug|Any CPU
		{F7103111-05CE-4859-A81F-F7D88CAEE12E}.Release|Any CPU.ActiveCfg = Release|Any CPU
		{F7103111-05CE-4859-A81F-F7D88CAEE12E}.Release|Any CPU.Build.0 = Release|Any CPU
		{F7103111-05CE-4859-A81F-F7D88CAEE12E}.Release|ARM.ActiveCfg = Release|Any CPU
		{F7103111-05CE-4859-A81F-F7D88CAEE12E}.Release|iPhone.ActiveCfg = Release|Any CPU
		{F7103111-05CE-4859-A81F-F7D88CAEE12E}.Release|iPhoneSimulator.ActiveCfg = Release|Any CPU
		{F7103111-05CE-4859-A81F-F7D88CAEE12E}.Release|Mixed Platforms.ActiveCfg = Release|Any CPU
		{F7103111-05CE-4859-A81F-F7D88CAEE12E}.Release|Mixed Platforms.Build.0 = Release|Any CPU
		{F7103111-05CE-4859-A81F-F7D88CAEE12E}.Release|x64.ActiveCfg = Release|Any CPU
		{F7103111-05CE-4859-A81F-F7D88CAEE12E}.Release|x86.ActiveCfg = Release|Any CPU
		{5B340095-E661-4670-8673-23FCDB3ACB95}.Ad-Hoc|Any CPU.ActiveCfg = Release|Any CPU
		{5B340095-E661-4670-8673-23FCDB3ACB95}.Ad-Hoc|Any CPU.Build.0 = Release|Any CPU
		{5B340095-E661-4670-8673-23FCDB3ACB95}.Ad-Hoc|Any CPU.Deploy.0 = Release|Any CPU
		{5B340095-E661-4670-8673-23FCDB3ACB95}.Ad-Hoc|ARM.ActiveCfg = Ad-Hoc|Any CPU
		{5B340095-E661-4670-8673-23FCDB3ACB95}.Ad-Hoc|iPhone.ActiveCfg = Release|Any CPU
		{5B340095-E661-4670-8673-23FCDB3ACB95}.Ad-Hoc|iPhoneSimulator.ActiveCfg = Release|Any CPU
		{5B340095-E661-4670-8673-23FCDB3ACB95}.Ad-Hoc|Mixed Platforms.ActiveCfg = Release|Any CPU
		{5B340095-E661-4670-8673-23FCDB3ACB95}.Ad-Hoc|Mixed Platforms.Build.0 = Release|Any CPU
		{5B340095-E661-4670-8673-23FCDB3ACB95}.Ad-Hoc|Mixed Platforms.Deploy.0 = Release|Any CPU
		{5B340095-E661-4670-8673-23FCDB3ACB95}.Ad-Hoc|x64.ActiveCfg = Ad-Hoc|Any CPU
		{5B340095-E661-4670-8673-23FCDB3ACB95}.Ad-Hoc|x86.ActiveCfg = Ad-Hoc|Any CPU
		{5B340095-E661-4670-8673-23FCDB3ACB95}.AppStore|Any CPU.ActiveCfg = Release|Any CPU
		{5B340095-E661-4670-8673-23FCDB3ACB95}.AppStore|Any CPU.Build.0 = Release|Any CPU
		{5B340095-E661-4670-8673-23FCDB3ACB95}.AppStore|Any CPU.Deploy.0 = Release|Any CPU
		{5B340095-E661-4670-8673-23FCDB3ACB95}.AppStore|ARM.ActiveCfg = AppStore|Any CPU
		{5B340095-E661-4670-8673-23FCDB3ACB95}.AppStore|iPhone.ActiveCfg = Release|Any CPU
		{5B340095-E661-4670-8673-23FCDB3ACB95}.AppStore|iPhoneSimulator.ActiveCfg = Release|Any CPU
		{5B340095-E661-4670-8673-23FCDB3ACB95}.AppStore|Mixed Platforms.ActiveCfg = Release|Any CPU
		{5B340095-E661-4670-8673-23FCDB3ACB95}.AppStore|Mixed Platforms.Build.0 = Release|Any CPU
		{5B340095-E661-4670-8673-23FCDB3ACB95}.AppStore|Mixed Platforms.Deploy.0 = Release|Any CPU
		{5B340095-E661-4670-8673-23FCDB3ACB95}.AppStore|x64.ActiveCfg = AppStore|Any CPU
		{5B340095-E661-4670-8673-23FCDB3ACB95}.AppStore|x86.ActiveCfg = AppStore|Any CPU
		{5B340095-E661-4670-8673-23FCDB3ACB95}.Debug|Any CPU.ActiveCfg = Debug|Any CPU
		{5B340095-E661-4670-8673-23FCDB3ACB95}.Debug|Any CPU.Build.0 = Debug|Any CPU
		{5B340095-E661-4670-8673-23FCDB3ACB95}.Debug|Any CPU.Deploy.0 = Debug|Any CPU
		{5B340095-E661-4670-8673-23FCDB3ACB95}.Debug|ARM.ActiveCfg = Debug|Any CPU
		{5B340095-E661-4670-8673-23FCDB3ACB95}.Debug|iPhone.ActiveCfg = Debug|Any CPU
		{5B340095-E661-4670-8673-23FCDB3ACB95}.Debug|iPhoneSimulator.ActiveCfg = Debug|Any CPU
		{5B340095-E661-4670-8673-23FCDB3ACB95}.Debug|Mixed Platforms.ActiveCfg = Debug|Any CPU
		{5B340095-E661-4670-8673-23FCDB3ACB95}.Debug|Mixed Platforms.Build.0 = Debug|Any CPU
		{5B340095-E661-4670-8673-23FCDB3ACB95}.Debug|Mixed Platforms.Deploy.0 = Debug|Any CPU
		{5B340095-E661-4670-8673-23FCDB3ACB95}.Debug|x64.ActiveCfg = Debug|Any CPU
		{5B340095-E661-4670-8673-23FCDB3ACB95}.Debug|x86.ActiveCfg = Debug|Any CPU
		{5B340095-E661-4670-8673-23FCDB3ACB95}.Release|Any CPU.ActiveCfg = Release|Any CPU
		{5B340095-E661-4670-8673-23FCDB3ACB95}.Release|Any CPU.Build.0 = Release|Any CPU
		{5B340095-E661-4670-8673-23FCDB3ACB95}.Release|Any CPU.Deploy.0 = Release|Any CPU
		{5B340095-E661-4670-8673-23FCDB3ACB95}.Release|ARM.ActiveCfg = Release|Any CPU
		{5B340095-E661-4670-8673-23FCDB3ACB95}.Release|iPhone.ActiveCfg = Release|Any CPU
		{5B340095-E661-4670-8673-23FCDB3ACB95}.Release|iPhoneSimulator.ActiveCfg = Release|Any CPU
		{5B340095-E661-4670-8673-23FCDB3ACB95}.Release|Mixed Platforms.ActiveCfg = Release|Any CPU
		{5B340095-E661-4670-8673-23FCDB3ACB95}.Release|Mixed Platforms.Build.0 = Release|Any CPU
		{5B340095-E661-4670-8673-23FCDB3ACB95}.Release|Mixed Platforms.Deploy.0 = Release|Any CPU
		{5B340095-E661-4670-8673-23FCDB3ACB95}.Release|x64.ActiveCfg = Release|Any CPU
		{5B340095-E661-4670-8673-23FCDB3ACB95}.Release|x86.ActiveCfg = Release|Any CPU
		{34B5248B-80CB-40C9-9319-2BD73F830BEB}.Ad-Hoc|Any CPU.ActiveCfg = Release|Any CPU
		{34B5248B-80CB-40C9-9319-2BD73F830BEB}.Ad-Hoc|Any CPU.Build.0 = Release|Any CPU
		{34B5248B-80CB-40C9-9319-2BD73F830BEB}.Ad-Hoc|Any CPU.Deploy.0 = Release|Any CPU
		{34B5248B-80CB-40C9-9319-2BD73F830BEB}.Ad-Hoc|ARM.ActiveCfg = Debug|Any CPU
		{34B5248B-80CB-40C9-9319-2BD73F830BEB}.Ad-Hoc|iPhone.ActiveCfg = Release|Any CPU
		{34B5248B-80CB-40C9-9319-2BD73F830BEB}.Ad-Hoc|iPhoneSimulator.ActiveCfg = Release|Any CPU
		{34B5248B-80CB-40C9-9319-2BD73F830BEB}.Ad-Hoc|Mixed Platforms.ActiveCfg = Release|Any CPU
		{34B5248B-80CB-40C9-9319-2BD73F830BEB}.Ad-Hoc|Mixed Platforms.Build.0 = Release|Any CPU
		{34B5248B-80CB-40C9-9319-2BD73F830BEB}.Ad-Hoc|Mixed Platforms.Deploy.0 = Release|Any CPU
		{34B5248B-80CB-40C9-9319-2BD73F830BEB}.Ad-Hoc|x64.ActiveCfg = Debug|Any CPU
		{34B5248B-80CB-40C9-9319-2BD73F830BEB}.Ad-Hoc|x86.ActiveCfg = Debug|Any CPU
		{34B5248B-80CB-40C9-9319-2BD73F830BEB}.AppStore|Any CPU.ActiveCfg = Release|Any CPU
		{34B5248B-80CB-40C9-9319-2BD73F830BEB}.AppStore|Any CPU.Build.0 = Release|Any CPU
		{34B5248B-80CB-40C9-9319-2BD73F830BEB}.AppStore|Any CPU.Deploy.0 = Release|Any CPU
		{34B5248B-80CB-40C9-9319-2BD73F830BEB}.AppStore|ARM.ActiveCfg = Debug|Any CPU
		{34B5248B-80CB-40C9-9319-2BD73F830BEB}.AppStore|iPhone.ActiveCfg = Release|Any CPU
		{34B5248B-80CB-40C9-9319-2BD73F830BEB}.AppStore|iPhoneSimulator.ActiveCfg = Release|Any CPU
		{34B5248B-80CB-40C9-9319-2BD73F830BEB}.AppStore|Mixed Platforms.ActiveCfg = Release|Any CPU
		{34B5248B-80CB-40C9-9319-2BD73F830BEB}.AppStore|Mixed Platforms.Build.0 = Release|Any CPU
		{34B5248B-80CB-40C9-9319-2BD73F830BEB}.AppStore|Mixed Platforms.Deploy.0 = Release|Any CPU
		{34B5248B-80CB-40C9-9319-2BD73F830BEB}.AppStore|x64.ActiveCfg = Debug|Any CPU
		{34B5248B-80CB-40C9-9319-2BD73F830BEB}.AppStore|x86.ActiveCfg = Debug|Any CPU
		{34B5248B-80CB-40C9-9319-2BD73F830BEB}.Debug|Any CPU.ActiveCfg = Debug|Any CPU
		{34B5248B-80CB-40C9-9319-2BD73F830BEB}.Debug|Any CPU.Build.0 = Debug|Any CPU
		{34B5248B-80CB-40C9-9319-2BD73F830BEB}.Debug|Any CPU.Deploy.0 = Debug|Any CPU
		{34B5248B-80CB-40C9-9319-2BD73F830BEB}.Debug|ARM.ActiveCfg = Debug|Any CPU
		{34B5248B-80CB-40C9-9319-2BD73F830BEB}.Debug|iPhone.ActiveCfg = Debug|Any CPU
		{34B5248B-80CB-40C9-9319-2BD73F830BEB}.Debug|iPhoneSimulator.ActiveCfg = Debug|Any CPU
		{34B5248B-80CB-40C9-9319-2BD73F830BEB}.Debug|Mixed Platforms.ActiveCfg = Debug|Any CPU
		{34B5248B-80CB-40C9-9319-2BD73F830BEB}.Debug|Mixed Platforms.Build.0 = Debug|Any CPU
		{34B5248B-80CB-40C9-9319-2BD73F830BEB}.Debug|Mixed Platforms.Deploy.0 = Debug|Any CPU
		{34B5248B-80CB-40C9-9319-2BD73F830BEB}.Debug|x64.ActiveCfg = Debug|Any CPU
		{34B5248B-80CB-40C9-9319-2BD73F830BEB}.Debug|x86.ActiveCfg = Debug|Any CPU
		{34B5248B-80CB-40C9-9319-2BD73F830BEB}.Release|Any CPU.ActiveCfg = Release|Any CPU
		{34B5248B-80CB-40C9-9319-2BD73F830BEB}.Release|Any CPU.Build.0 = Release|Any CPU
		{34B5248B-80CB-40C9-9319-2BD73F830BEB}.Release|Any CPU.Deploy.0 = Release|Any CPU
		{34B5248B-80CB-40C9-9319-2BD73F830BEB}.Release|ARM.ActiveCfg = Release|Any CPU
		{34B5248B-80CB-40C9-9319-2BD73F830BEB}.Release|iPhone.ActiveCfg = Release|Any CPU
		{34B5248B-80CB-40C9-9319-2BD73F830BEB}.Release|iPhoneSimulator.ActiveCfg = Release|Any CPU
		{34B5248B-80CB-40C9-9319-2BD73F830BEB}.Release|Mixed Platforms.ActiveCfg = Release|Any CPU
		{34B5248B-80CB-40C9-9319-2BD73F830BEB}.Release|Mixed Platforms.Build.0 = Release|Any CPU
		{34B5248B-80CB-40C9-9319-2BD73F830BEB}.Release|Mixed Platforms.Deploy.0 = Release|Any CPU
		{34B5248B-80CB-40C9-9319-2BD73F830BEB}.Release|x64.ActiveCfg = Release|Any CPU
		{34B5248B-80CB-40C9-9319-2BD73F830BEB}.Release|x86.ActiveCfg = Release|Any CPU
		{27644071-97F7-4CAC-AA7F-13A56A1A4C03}.Ad-Hoc|Any CPU.ActiveCfg = Ad-Hoc|iPhone
		{27644071-97F7-4CAC-AA7F-13A56A1A4C03}.Ad-Hoc|ARM.ActiveCfg = Ad-Hoc|iPhoneSimulator
		{27644071-97F7-4CAC-AA7F-13A56A1A4C03}.Ad-Hoc|iPhone.ActiveCfg = Ad-Hoc|iPhone
		{27644071-97F7-4CAC-AA7F-13A56A1A4C03}.Ad-Hoc|iPhone.Build.0 = Ad-Hoc|iPhone
		{27644071-97F7-4CAC-AA7F-13A56A1A4C03}.Ad-Hoc|iPhoneSimulator.ActiveCfg = Ad-Hoc|iPhoneSimulator
		{27644071-97F7-4CAC-AA7F-13A56A1A4C03}.Ad-Hoc|iPhoneSimulator.Build.0 = Ad-Hoc|iPhoneSimulator
		{27644071-97F7-4CAC-AA7F-13A56A1A4C03}.Ad-Hoc|Mixed Platforms.ActiveCfg = Ad-Hoc|iPhone
		{27644071-97F7-4CAC-AA7F-13A56A1A4C03}.Ad-Hoc|Mixed Platforms.Build.0 = Ad-Hoc|iPhone
		{27644071-97F7-4CAC-AA7F-13A56A1A4C03}.Ad-Hoc|x64.ActiveCfg = Ad-Hoc|iPhoneSimulator
		{27644071-97F7-4CAC-AA7F-13A56A1A4C03}.Ad-Hoc|x86.ActiveCfg = Ad-Hoc|iPhoneSimulator
		{27644071-97F7-4CAC-AA7F-13A56A1A4C03}.AppStore|Any CPU.ActiveCfg = AppStore|iPhone
		{27644071-97F7-4CAC-AA7F-13A56A1A4C03}.AppStore|ARM.ActiveCfg = AppStore|iPhoneSimulator
		{27644071-97F7-4CAC-AA7F-13A56A1A4C03}.AppStore|iPhone.ActiveCfg = AppStore|iPhone
		{27644071-97F7-4CAC-AA7F-13A56A1A4C03}.AppStore|iPhone.Build.0 = AppStore|iPhone
		{27644071-97F7-4CAC-AA7F-13A56A1A4C03}.AppStore|iPhoneSimulator.ActiveCfg = AppStore|iPhoneSimulator
		{27644071-97F7-4CAC-AA7F-13A56A1A4C03}.AppStore|iPhoneSimulator.Build.0 = AppStore|iPhoneSimulator
		{27644071-97F7-4CAC-AA7F-13A56A1A4C03}.AppStore|Mixed Platforms.ActiveCfg = AppStore|iPhone
		{27644071-97F7-4CAC-AA7F-13A56A1A4C03}.AppStore|Mixed Platforms.Build.0 = AppStore|iPhone
		{27644071-97F7-4CAC-AA7F-13A56A1A4C03}.AppStore|x64.ActiveCfg = AppStore|iPhoneSimulator
		{27644071-97F7-4CAC-AA7F-13A56A1A4C03}.AppStore|x86.ActiveCfg = AppStore|iPhoneSimulator
		{27644071-97F7-4CAC-AA7F-13A56A1A4C03}.Debug|Any CPU.ActiveCfg = Debug|iPhone
		{27644071-97F7-4CAC-AA7F-13A56A1A4C03}.Debug|ARM.ActiveCfg = Debug|iPhoneSimulator
		{27644071-97F7-4CAC-AA7F-13A56A1A4C03}.Debug|iPhone.ActiveCfg = Debug|iPhone
		{27644071-97F7-4CAC-AA7F-13A56A1A4C03}.Debug|iPhone.Build.0 = Debug|iPhone
		{27644071-97F7-4CAC-AA7F-13A56A1A4C03}.Debug|iPhoneSimulator.ActiveCfg = Debug|iPhoneSimulator
		{27644071-97F7-4CAC-AA7F-13A56A1A4C03}.Debug|iPhoneSimulator.Build.0 = Debug|iPhoneSimulator
		{27644071-97F7-4CAC-AA7F-13A56A1A4C03}.Debug|Mixed Platforms.ActiveCfg = Debug|iPhone
		{27644071-97F7-4CAC-AA7F-13A56A1A4C03}.Debug|Mixed Platforms.Build.0 = Debug|iPhone
		{27644071-97F7-4CAC-AA7F-13A56A1A4C03}.Debug|x64.ActiveCfg = Debug|iPhoneSimulator
		{27644071-97F7-4CAC-AA7F-13A56A1A4C03}.Debug|x86.ActiveCfg = Debug|iPhoneSimulator
		{27644071-97F7-4CAC-AA7F-13A56A1A4C03}.Release|Any CPU.ActiveCfg = Release|iPhone
		{27644071-97F7-4CAC-AA7F-13A56A1A4C03}.Release|ARM.ActiveCfg = Release|iPhoneSimulator
		{27644071-97F7-4CAC-AA7F-13A56A1A4C03}.Release|iPhone.ActiveCfg = Release|iPhone
		{27644071-97F7-4CAC-AA7F-13A56A1A4C03}.Release|iPhone.Build.0 = Release|iPhone
		{27644071-97F7-4CAC-AA7F-13A56A1A4C03}.Release|iPhoneSimulator.ActiveCfg = Release|iPhoneSimulator
		{27644071-97F7-4CAC-AA7F-13A56A1A4C03}.Release|iPhoneSimulator.Build.0 = Release|iPhoneSimulator
		{27644071-97F7-4CAC-AA7F-13A56A1A4C03}.Release|Mixed Platforms.ActiveCfg = Release|iPhone
		{27644071-97F7-4CAC-AA7F-13A56A1A4C03}.Release|Mixed Platforms.Build.0 = Release|iPhone
		{27644071-97F7-4CAC-AA7F-13A56A1A4C03}.Release|x64.ActiveCfg = Release|iPhoneSimulator
		{27644071-97F7-4CAC-AA7F-13A56A1A4C03}.Release|x86.ActiveCfg = Release|iPhoneSimulator
		{69E87973-C0A4-49CE-8869-CA190623D45A}.Ad-Hoc|Any CPU.ActiveCfg = Release|Any CPU
		{69E87973-C0A4-49CE-8869-CA190623D45A}.Ad-Hoc|Any CPU.Build.0 = Release|Any CPU
		{69E87973-C0A4-49CE-8869-CA190623D45A}.Ad-Hoc|Any CPU.Deploy.0 = Release|Any CPU
		{69E87973-C0A4-49CE-8869-CA190623D45A}.Ad-Hoc|ARM.ActiveCfg = Release|ARM
		{69E87973-C0A4-49CE-8869-CA190623D45A}.Ad-Hoc|ARM.Build.0 = Release|ARM
		{69E87973-C0A4-49CE-8869-CA190623D45A}.Ad-Hoc|ARM.Deploy.0 = Release|ARM
		{69E87973-C0A4-49CE-8869-CA190623D45A}.Ad-Hoc|iPhone.ActiveCfg = Release|Any CPU
		{69E87973-C0A4-49CE-8869-CA190623D45A}.Ad-Hoc|iPhoneSimulator.ActiveCfg = Release|Any CPU
		{69E87973-C0A4-49CE-8869-CA190623D45A}.Ad-Hoc|Mixed Platforms.ActiveCfg = Release|x86
		{69E87973-C0A4-49CE-8869-CA190623D45A}.Ad-Hoc|Mixed Platforms.Build.0 = Release|x86
		{69E87973-C0A4-49CE-8869-CA190623D45A}.Ad-Hoc|Mixed Platforms.Deploy.0 = Release|x86
		{69E87973-C0A4-49CE-8869-CA190623D45A}.Ad-Hoc|x64.ActiveCfg = Release|x64
		{69E87973-C0A4-49CE-8869-CA190623D45A}.Ad-Hoc|x64.Build.0 = Release|x64
		{69E87973-C0A4-49CE-8869-CA190623D45A}.Ad-Hoc|x64.Deploy.0 = Release|x64
		{69E87973-C0A4-49CE-8869-CA190623D45A}.Ad-Hoc|x86.ActiveCfg = Release|x86
		{69E87973-C0A4-49CE-8869-CA190623D45A}.Ad-Hoc|x86.Build.0 = Release|x86
		{69E87973-C0A4-49CE-8869-CA190623D45A}.Ad-Hoc|x86.Deploy.0 = Release|x86
		{69E87973-C0A4-49CE-8869-CA190623D45A}.AppStore|Any CPU.ActiveCfg = Release|Any CPU
		{69E87973-C0A4-49CE-8869-CA190623D45A}.AppStore|Any CPU.Build.0 = Release|Any CPU
		{69E87973-C0A4-49CE-8869-CA190623D45A}.AppStore|Any CPU.Deploy.0 = Release|Any CPU
		{69E87973-C0A4-49CE-8869-CA190623D45A}.AppStore|ARM.ActiveCfg = Release|ARM
		{69E87973-C0A4-49CE-8869-CA190623D45A}.AppStore|ARM.Build.0 = Release|ARM
		{69E87973-C0A4-49CE-8869-CA190623D45A}.AppStore|ARM.Deploy.0 = Release|ARM
		{69E87973-C0A4-49CE-8869-CA190623D45A}.AppStore|iPhone.ActiveCfg = Release|Any CPU
		{69E87973-C0A4-49CE-8869-CA190623D45A}.AppStore|iPhoneSimulator.ActiveCfg = Release|Any CPU
		{69E87973-C0A4-49CE-8869-CA190623D45A}.AppStore|Mixed Platforms.ActiveCfg = Release|x86
		{69E87973-C0A4-49CE-8869-CA190623D45A}.AppStore|Mixed Platforms.Build.0 = Release|x86
		{69E87973-C0A4-49CE-8869-CA190623D45A}.AppStore|Mixed Platforms.Deploy.0 = Release|x86
		{69E87973-C0A4-49CE-8869-CA190623D45A}.AppStore|x64.ActiveCfg = Release|x64
		{69E87973-C0A4-49CE-8869-CA190623D45A}.AppStore|x64.Build.0 = Release|x64
		{69E87973-C0A4-49CE-8869-CA190623D45A}.AppStore|x64.Deploy.0 = Release|x64
		{69E87973-C0A4-49CE-8869-CA190623D45A}.AppStore|x86.ActiveCfg = Release|x86
		{69E87973-C0A4-49CE-8869-CA190623D45A}.AppStore|x86.Build.0 = Release|x86
		{69E87973-C0A4-49CE-8869-CA190623D45A}.AppStore|x86.Deploy.0 = Release|x86
		{69E87973-C0A4-49CE-8869-CA190623D45A}.Debug|Any CPU.ActiveCfg = Debug|Any CPU
		{69E87973-C0A4-49CE-8869-CA190623D45A}.Debug|Any CPU.Build.0 = Debug|Any CPU
		{69E87973-C0A4-49CE-8869-CA190623D45A}.Debug|Any CPU.Deploy.0 = Debug|Any CPU
		{69E87973-C0A4-49CE-8869-CA190623D45A}.Debug|ARM.ActiveCfg = Debug|ARM
		{69E87973-C0A4-49CE-8869-CA190623D45A}.Debug|ARM.Build.0 = Debug|ARM
		{69E87973-C0A4-49CE-8869-CA190623D45A}.Debug|ARM.Deploy.0 = Debug|ARM
		{69E87973-C0A4-49CE-8869-CA190623D45A}.Debug|iPhone.ActiveCfg = Debug|Any CPU
		{69E87973-C0A4-49CE-8869-CA190623D45A}.Debug|iPhoneSimulator.ActiveCfg = Debug|Any CPU
		{69E87973-C0A4-49CE-8869-CA190623D45A}.Debug|Mixed Platforms.ActiveCfg = Debug|x86
		{69E87973-C0A4-49CE-8869-CA190623D45A}.Debug|Mixed Platforms.Build.0 = Debug|x86
		{69E87973-C0A4-49CE-8869-CA190623D45A}.Debug|Mixed Platforms.Deploy.0 = Debug|x86
		{69E87973-C0A4-49CE-8869-CA190623D45A}.Debug|x64.ActiveCfg = Debug|x64
		{69E87973-C0A4-49CE-8869-CA190623D45A}.Debug|x64.Build.0 = Debug|x64
		{69E87973-C0A4-49CE-8869-CA190623D45A}.Debug|x64.Deploy.0 = Debug|x64
		{69E87973-C0A4-49CE-8869-CA190623D45A}.Debug|x86.ActiveCfg = Debug|x86
		{69E87973-C0A4-49CE-8869-CA190623D45A}.Debug|x86.Build.0 = Debug|x86
		{69E87973-C0A4-49CE-8869-CA190623D45A}.Debug|x86.Deploy.0 = Debug|x86
		{69E87973-C0A4-49CE-8869-CA190623D45A}.Release|Any CPU.ActiveCfg = Release|Any CPU
		{69E87973-C0A4-49CE-8869-CA190623D45A}.Release|Any CPU.Build.0 = Release|Any CPU
		{69E87973-C0A4-49CE-8869-CA190623D45A}.Release|Any CPU.Deploy.0 = Release|Any CPU
		{69E87973-C0A4-49CE-8869-CA190623D45A}.Release|ARM.ActiveCfg = Release|ARM
		{69E87973-C0A4-49CE-8869-CA190623D45A}.Release|ARM.Build.0 = Release|ARM
		{69E87973-C0A4-49CE-8869-CA190623D45A}.Release|ARM.Deploy.0 = Release|ARM
		{69E87973-C0A4-49CE-8869-CA190623D45A}.Release|iPhone.ActiveCfg = Release|Any CPU
		{69E87973-C0A4-49CE-8869-CA190623D45A}.Release|iPhoneSimulator.ActiveCfg = Release|Any CPU
		{69E87973-C0A4-49CE-8869-CA190623D45A}.Release|Mixed Platforms.ActiveCfg = Release|x86
		{69E87973-C0A4-49CE-8869-CA190623D45A}.Release|Mixed Platforms.Build.0 = Release|x86
		{69E87973-C0A4-49CE-8869-CA190623D45A}.Release|Mixed Platforms.Deploy.0 = Release|x86
		{69E87973-C0A4-49CE-8869-CA190623D45A}.Release|x64.ActiveCfg = Release|x64
		{69E87973-C0A4-49CE-8869-CA190623D45A}.Release|x64.Build.0 = Release|x64
		{69E87973-C0A4-49CE-8869-CA190623D45A}.Release|x64.Deploy.0 = Release|x64
		{69E87973-C0A4-49CE-8869-CA190623D45A}.Release|x86.ActiveCfg = Release|x86
		{69E87973-C0A4-49CE-8869-CA190623D45A}.Release|x86.Build.0 = Release|x86
		{69E87973-C0A4-49CE-8869-CA190623D45A}.Release|x86.Deploy.0 = Release|x86
		{27D3D336-3D07-4FE2-A22A-39EB73339F95}.Ad-Hoc|Any CPU.ActiveCfg = Release|Any CPU
		{27D3D336-3D07-4FE2-A22A-39EB73339F95}.Ad-Hoc|Any CPU.Build.0 = Release|Any CPU
		{27D3D336-3D07-4FE2-A22A-39EB73339F95}.Ad-Hoc|ARM.ActiveCfg = Release|Any CPU
		{27D3D336-3D07-4FE2-A22A-39EB73339F95}.Ad-Hoc|iPhone.ActiveCfg = Release|Any CPU
		{27D3D336-3D07-4FE2-A22A-39EB73339F95}.Ad-Hoc|iPhoneSimulator.ActiveCfg = Release|Any CPU
		{27D3D336-3D07-4FE2-A22A-39EB73339F95}.Ad-Hoc|Mixed Platforms.ActiveCfg = Release|Any CPU
		{27D3D336-3D07-4FE2-A22A-39EB73339F95}.Ad-Hoc|Mixed Platforms.Build.0 = Release|Any CPU
		{27D3D336-3D07-4FE2-A22A-39EB73339F95}.Ad-Hoc|x64.ActiveCfg = Release|Any CPU
		{27D3D336-3D07-4FE2-A22A-39EB73339F95}.Ad-Hoc|x86.ActiveCfg = Release|Any CPU
		{27D3D336-3D07-4FE2-A22A-39EB73339F95}.AppStore|Any CPU.ActiveCfg = Release|Any CPU
		{27D3D336-3D07-4FE2-A22A-39EB73339F95}.AppStore|Any CPU.Build.0 = Release|Any CPU
		{27D3D336-3D07-4FE2-A22A-39EB73339F95}.AppStore|ARM.ActiveCfg = Release|Any CPU
		{27D3D336-3D07-4FE2-A22A-39EB73339F95}.AppStore|iPhone.ActiveCfg = Release|Any CPU
		{27D3D336-3D07-4FE2-A22A-39EB73339F95}.AppStore|iPhoneSimulator.ActiveCfg = Release|Any CPU
		{27D3D336-3D07-4FE2-A22A-39EB73339F95}.AppStore|Mixed Platforms.ActiveCfg = Release|Any CPU
		{27D3D336-3D07-4FE2-A22A-39EB73339F95}.AppStore|Mixed Platforms.Build.0 = Release|Any CPU
		{27D3D336-3D07-4FE2-A22A-39EB73339F95}.AppStore|x64.ActiveCfg = Release|Any CPU
		{27D3D336-3D07-4FE2-A22A-39EB73339F95}.AppStore|x86.ActiveCfg = Release|Any CPU
		{27D3D336-3D07-4FE2-A22A-39EB73339F95}.Debug|Any CPU.ActiveCfg = Debug|Any CPU
		{27D3D336-3D07-4FE2-A22A-39EB73339F95}.Debug|Any CPU.Build.0 = Debug|Any CPU
		{27D3D336-3D07-4FE2-A22A-39EB73339F95}.Debug|ARM.ActiveCfg = Debug|Any CPU
		{27D3D336-3D07-4FE2-A22A-39EB73339F95}.Debug|iPhone.ActiveCfg = Debug|Any CPU
		{27D3D336-3D07-4FE2-A22A-39EB73339F95}.Debug|iPhoneSimulator.ActiveCfg = Debug|Any CPU
		{27D3D336-3D07-4FE2-A22A-39EB73339F95}.Debug|Mixed Platforms.ActiveCfg = Debug|Any CPU
		{27D3D336-3D07-4FE2-A22A-39EB73339F95}.Debug|Mixed Platforms.Build.0 = Debug|Any CPU
		{27D3D336-3D07-4FE2-A22A-39EB73339F95}.Debug|x64.ActiveCfg = Debug|Any CPU
		{27D3D336-3D07-4FE2-A22A-39EB73339F95}.Debug|x86.ActiveCfg = Debug|Any CPU
		{27D3D336-3D07-4FE2-A22A-39EB73339F95}.Release|Any CPU.ActiveCfg = Release|Any CPU
		{27D3D336-3D07-4FE2-A22A-39EB73339F95}.Release|Any CPU.Build.0 = Release|Any CPU
		{27D3D336-3D07-4FE2-A22A-39EB73339F95}.Release|ARM.ActiveCfg = Release|Any CPU
		{27D3D336-3D07-4FE2-A22A-39EB73339F95}.Release|iPhone.ActiveCfg = Release|Any CPU
		{27D3D336-3D07-4FE2-A22A-39EB73339F95}.Release|iPhoneSimulator.ActiveCfg = Release|Any CPU
		{27D3D336-3D07-4FE2-A22A-39EB73339F95}.Release|Mixed Platforms.ActiveCfg = Release|Any CPU
		{27D3D336-3D07-4FE2-A22A-39EB73339F95}.Release|Mixed Platforms.Build.0 = Release|Any CPU
		{27D3D336-3D07-4FE2-A22A-39EB73339F95}.Release|x64.ActiveCfg = Release|Any CPU
		{27D3D336-3D07-4FE2-A22A-39EB73339F95}.Release|x86.ActiveCfg = Release|Any CPU
	EndGlobalSection
	GlobalSection(SolutionProperties) = preSolution
		HideSolutionNode = FALSE
	EndGlobalSection
EndGlobal
