
Microsoft Visual Studio Solution File, Format Version 12.00
# Visual Studio 2012
Project("{FAE04EC0-301F-11D3-BF4B-00C04F79EFBC}") = "Navigation.Core", "Navigation.Core\Navigation.Core.csproj", "{84C24143-FA7E-45A8-8CD4-ACDC9DFE5C0B}"
EndProject
Project("{FAE04EC0-301F-11D3-BF4B-00C04F79EFBC}") = "Navigation.UI.WP", "Navigation.UI.WP\Navigation.UI.WP.csproj", "{BD6E8269-F2DE-4EB6-AEC0-D94C3365E27D}"
EndProject
Project("{FAE04EC0-301F-11D3-BF4B-00C04F79EFBC}") = "Navigation.UI.Droid", "Navigation.UI.Droid\Navigation.UI.Droid.csproj", "{FEE2EB34-4A3A-4B3D-BD2E-A5D2AD8A0A90}"
EndProject
Project("{FAE04EC0-301F-11D3-BF4B-00C04F79EFBC}") = "Navigation.UI.Touch", "Navigation.UI.Touch\Navigation.UI.Touch.csproj", "{2F744E72-54B1-4017-A702-FB6992A4B404}"
EndProject
Project("{FAE04EC0-301F-11D3-BF4B-00C04F79EFBC}") = "Navigation.UI.WindowsStore", "Navigation.UI.WindowsStore\Navigation.UI.WindowsStore.csproj", "{11DBAB09-E9D0-48DE-AE22-F349B90BBCE2}"
EndProject
Global
	GlobalSection(SolutionConfigurationPlatforms) = preSolution
		Ad-Hoc|Any CPU = Ad-Hoc|Any CPU
		Ad-Hoc|ARM = Ad-Hoc|ARM
		Ad-Hoc|iPhone = Ad-Hoc|iPhone
		Ad-Hoc|iPhoneSimulator = Ad-Hoc|iPhoneSimulator
		Ad-Hoc|Mixed Platforms = Ad-Hoc|Mixed Platforms
		Ad-Hoc|x64 = Ad-Hoc|x64
		Ad-Hoc|x86 = Ad-Hoc|x86
		AppStore|Any CPU = AppStore|Any CPU
		AppStore|ARM = AppStore|ARM
		AppStore|iPhone = AppStore|iPhone
		AppStore|iPhoneSimulator = AppStore|iPhoneSimulator
		AppStore|Mixed Platforms = AppStore|Mixed Platforms
		AppStore|x64 = AppStore|x64
		AppStore|x86 = AppStore|x86
		Debug|Any CPU = Debug|Any CPU
		Debug|ARM = Debug|ARM
		Debug|iPhone = Debug|iPhone
		Debug|iPhoneSimulator = Debug|iPhoneSimulator
		Debug|Mixed Platforms = Debug|Mixed Platforms
		Debug|x64 = Debug|x64
		Debug|x86 = Debug|x86
		Release|Any CPU = Release|Any CPU
		Release|ARM = Release|ARM
		Release|iPhone = Release|iPhone
		Release|iPhoneSimulator = Release|iPhoneSimulator
		Release|Mixed Platforms = Release|Mixed Platforms
		Release|x64 = Release|x64
		Release|x86 = Release|x86
	EndGlobalSection
	GlobalSection(ProjectConfigurationPlatforms) = postSolution
		{84C24143-FA7E-45A8-8CD4-ACDC9DFE5C0B}.Ad-Hoc|Any CPU.ActiveCfg = Release|Any CPU
		{84C24143-FA7E-45A8-8CD4-ACDC9DFE5C0B}.Ad-Hoc|Any CPU.Build.0 = Release|Any CPU
		{84C24143-FA7E-45A8-8CD4-ACDC9DFE5C0B}.Ad-Hoc|ARM.ActiveCfg = Debug|Any CPU
		{84C24143-FA7E-45A8-8CD4-ACDC9DFE5C0B}.Ad-Hoc|iPhone.ActiveCfg = Release|Any CPU
		{84C24143-FA7E-45A8-8CD4-ACDC9DFE5C0B}.Ad-Hoc|iPhoneSimulator.ActiveCfg = Release|Any CPU
		{84C24143-FA7E-45A8-8CD4-ACDC9DFE5C0B}.Ad-Hoc|Mixed Platforms.ActiveCfg = Release|Any CPU
		{84C24143-FA7E-45A8-8CD4-ACDC9DFE5C0B}.Ad-Hoc|Mixed Platforms.Build.0 = Release|Any CPU
		{84C24143-FA7E-45A8-8CD4-ACDC9DFE5C0B}.Ad-Hoc|x64.ActiveCfg = Debug|Any CPU
		{84C24143-FA7E-45A8-8CD4-ACDC9DFE5C0B}.Ad-Hoc|x86.ActiveCfg = Debug|Any CPU
		{84C24143-FA7E-45A8-8CD4-ACDC9DFE5C0B}.AppStore|Any CPU.ActiveCfg = Release|Any CPU
		{84C24143-FA7E-45A8-8CD4-ACDC9DFE5C0B}.AppStore|Any CPU.Build.0 = Release|Any CPU
		{84C24143-FA7E-45A8-8CD4-ACDC9DFE5C0B}.AppStore|ARM.ActiveCfg = Debug|Any CPU
		{84C24143-FA7E-45A8-8CD4-ACDC9DFE5C0B}.AppStore|iPhone.ActiveCfg = Release|Any CPU
		{84C24143-FA7E-45A8-8CD4-ACDC9DFE5C0B}.AppStore|iPhoneSimulator.ActiveCfg = Release|Any CPU
		{84C24143-FA7E-45A8-8CD4-ACDC9DFE5C0B}.AppStore|Mixed Platforms.ActiveCfg = Release|Any CPU
		{84C24143-FA7E-45A8-8CD4-ACDC9DFE5C0B}.AppStore|Mixed Platforms.Build.0 = Release|Any CPU
		{84C24143-FA7E-45A8-8CD4-ACDC9DFE5C0B}.AppStore|x64.ActiveCfg = Debug|Any CPU
		{84C24143-FA7E-45A8-8CD4-ACDC9DFE5C0B}.AppStore|x86.ActiveCfg = Debug|Any CPU
		{84C24143-FA7E-45A8-8CD4-ACDC9DFE5C0B}.Debug|Any CPU.ActiveCfg = Debug|Any CPU
		{84C24143-FA7E-45A8-8CD4-ACDC9DFE5C0B}.Debug|Any CPU.Build.0 = Debug|Any CPU
		{84C24143-FA7E-45A8-8CD4-ACDC9DFE5C0B}.Debug|ARM.ActiveCfg = Debug|Any CPU
		{84C24143-FA7E-45A8-8CD4-ACDC9DFE5C0B}.Debug|iPhone.ActiveCfg = Debug|Any CPU
		{84C24143-FA7E-45A8-8CD4-ACDC9DFE5C0B}.Debug|iPhoneSimulator.ActiveCfg = Debug|Any CPU
		{84C24143-FA7E-45A8-8CD4-ACDC9DFE5C0B}.Debug|iPhoneSimulator.Build.0 = Debug|Any CPU
		{84C24143-FA7E-45A8-8CD4-ACDC9DFE5C0B}.Debug|Mixed Platforms.ActiveCfg = Debug|Any CPU
		{84C24143-FA7E-45A8-8CD4-ACDC9DFE5C0B}.Debug|Mixed Platforms.Build.0 = Debug|Any CPU
		{84C24143-FA7E-45A8-8CD4-ACDC9DFE5C0B}.Debug|x64.ActiveCfg = Debug|Any CPU
		{84C24143-FA7E-45A8-8CD4-ACDC9DFE5C0B}.Debug|x86.ActiveCfg = Debug|Any CPU
		{84C24143-FA7E-45A8-8CD4-ACDC9DFE5C0B}.Release|Any CPU.ActiveCfg = Release|Any CPU
		{84C24143-FA7E-45A8-8CD4-ACDC9DFE5C0B}.Release|Any CPU.Build.0 = Release|Any CPU
		{84C24143-FA7E-45A8-8CD4-ACDC9DFE5C0B}.Release|ARM.ActiveCfg = Release|Any CPU
		{84C24143-FA7E-45A8-8CD4-ACDC9DFE5C0B}.Release|iPhone.ActiveCfg = Release|Any CPU
		{84C24143-FA7E-45A8-8CD4-ACDC9DFE5C0B}.Release|iPhoneSimulator.ActiveCfg = Release|Any CPU
		{84C24143-FA7E-45A8-8CD4-ACDC9DFE5C0B}.Release|Mixed Platforms.ActiveCfg = Release|Any CPU
		{84C24143-FA7E-45A8-8CD4-ACDC9DFE5C0B}.Release|Mixed Platforms.Build.0 = Release|Any CPU
		{84C24143-FA7E-45A8-8CD4-ACDC9DFE5C0B}.Release|x64.ActiveCfg = Release|Any CPU
		{84C24143-FA7E-45A8-8CD4-ACDC9DFE5C0B}.Release|x86.ActiveCfg = Release|Any CPU
		{BD6E8269-F2DE-4EB6-AEC0-D94C3365E27D}.Ad-Hoc|Any CPU.ActiveCfg = Release|Any CPU
		{BD6E8269-F2DE-4EB6-AEC0-D94C3365E27D}.Ad-Hoc|Any CPU.Build.0 = Release|Any CPU
		{BD6E8269-F2DE-4EB6-AEC0-D94C3365E27D}.Ad-Hoc|Any CPU.Deploy.0 = Release|Any CPU
		{BD6E8269-F2DE-4EB6-AEC0-D94C3365E27D}.Ad-Hoc|ARM.ActiveCfg = Ad-Hoc|Any CPU
		{BD6E8269-F2DE-4EB6-AEC0-D94C3365E27D}.Ad-Hoc|iPhone.ActiveCfg = Release|Any CPU
		{BD6E8269-F2DE-4EB6-AEC0-D94C3365E27D}.Ad-Hoc|iPhoneSimulator.ActiveCfg = Release|Any CPU
		{BD6E8269-F2DE-4EB6-AEC0-D94C3365E27D}.Ad-Hoc|Mixed Platforms.ActiveCfg = Release|Any CPU
		{BD6E8269-F2DE-4EB6-AEC0-D94C3365E27D}.Ad-Hoc|Mixed Platforms.Build.0 = Release|Any CPU
		{BD6E8269-F2DE-4EB6-AEC0-D94C3365E27D}.Ad-Hoc|Mixed Platforms.Deploy.0 = Release|Any CPU
		{BD6E8269-F2DE-4EB6-AEC0-D94C3365E27D}.Ad-Hoc|x64.ActiveCfg = Ad-Hoc|Any CPU
		{BD6E8269-F2DE-4EB6-AEC0-D94C3365E27D}.Ad-Hoc|x86.ActiveCfg = Ad-Hoc|Any CPU
		{BD6E8269-F2DE-4EB6-AEC0-D94C3365E27D}.AppStore|Any CPU.ActiveCfg = Release|Any CPU
		{BD6E8269-F2DE-4EB6-AEC0-D94C3365E27D}.AppStore|Any CPU.Build.0 = Release|Any CPU
		{BD6E8269-F2DE-4EB6-AEC0-D94C3365E27D}.AppStore|Any CPU.Deploy.0 = Release|Any CPU
		{BD6E8269-F2DE-4EB6-AEC0-D94C3365E27D}.AppStore|ARM.ActiveCfg = AppStore|Any CPU
		{BD6E8269-F2DE-4EB6-AEC0-D94C3365E27D}.AppStore|iPhone.ActiveCfg = Release|Any CPU
		{BD6E8269-F2DE-4EB6-AEC0-D94C3365E27D}.AppStore|iPhoneSimulator.ActiveCfg = Release|Any CPU
		{BD6E8269-F2DE-4EB6-AEC0-D94C3365E27D}.AppStore|Mixed Platforms.ActiveCfg = Release|Any CPU
		{BD6E8269-F2DE-4EB6-AEC0-D94C3365E27D}.AppStore|Mixed Platforms.Build.0 = Release|Any CPU
		{BD6E8269-F2DE-4EB6-AEC0-D94C3365E27D}.AppStore|Mixed Platforms.Deploy.0 = Release|Any CPU
		{BD6E8269-F2DE-4EB6-AEC0-D94C3365E27D}.AppStore|x64.ActiveCfg = AppStore|Any CPU
		{BD6E8269-F2DE-4EB6-AEC0-D94C3365E27D}.AppStore|x86.ActiveCfg = AppStore|Any CPU
		{BD6E8269-F2DE-4EB6-AEC0-D94C3365E27D}.Debug|Any CPU.ActiveCfg = Debug|Any CPU
		{BD6E8269-F2DE-4EB6-AEC0-D94C3365E27D}.Debug|Any CPU.Build.0 = Debug|Any CPU
		{BD6E8269-F2DE-4EB6-AEC0-D94C3365E27D}.Debug|Any CPU.Deploy.0 = Debug|Any CPU
		{BD6E8269-F2DE-4EB6-AEC0-D94C3365E27D}.Debug|ARM.ActiveCfg = Debug|Any CPU
		{BD6E8269-F2DE-4EB6-AEC0-D94C3365E27D}.Debug|iPhone.ActiveCfg = Debug|Any CPU
		{BD6E8269-F2DE-4EB6-AEC0-D94C3365E27D}.Debug|iPhoneSimulator.ActiveCfg = Debug|Any CPU
		{BD6E8269-F2DE-4EB6-AEC0-D94C3365E27D}.Debug|Mixed Platforms.ActiveCfg = Debug|Any CPU
		{BD6E8269-F2DE-4EB6-AEC0-D94C3365E27D}.Debug|Mixed Platforms.Build.0 = Debug|Any CPU
		{BD6E8269-F2DE-4EB6-AEC0-D94C3365E27D}.Debug|Mixed Platforms.Deploy.0 = Debug|Any CPU
		{BD6E8269-F2DE-4EB6-AEC0-D94C3365E27D}.Debug|x64.ActiveCfg = Debug|Any CPU
		{BD6E8269-F2DE-4EB6-AEC0-D94C3365E27D}.Debug|x86.ActiveCfg = Debug|Any CPU
		{BD6E8269-F2DE-4EB6-AEC0-D94C3365E27D}.Release|Any CPU.ActiveCfg = Release|Any CPU
		{BD6E8269-F2DE-4EB6-AEC0-D94C3365E27D}.Release|Any CPU.Build.0 = Release|Any CPU
		{BD6E8269-F2DE-4EB6-AEC0-D94C3365E27D}.Release|Any CPU.Deploy.0 = Release|Any CPU
		{BD6E8269-F2DE-4EB6-AEC0-D94C3365E27D}.Release|ARM.ActiveCfg = Release|Any CPU
		{BD6E8269-F2DE-4EB6-AEC0-D94C3365E27D}.Release|iPhone.ActiveCfg = Release|Any CPU
		{BD6E8269-F2DE-4EB6-AEC0-D94C3365E27D}.Release|iPhoneSimulator.ActiveCfg = Release|Any CPU
		{BD6E8269-F2DE-4EB6-AEC0-D94C3365E27D}.Release|Mixed Platforms.ActiveCfg = Release|Any CPU
		{BD6E8269-F2DE-4EB6-AEC0-D94C3365E27D}.Release|Mixed Platforms.Build.0 = Release|Any CPU
		{BD6E8269-F2DE-4EB6-AEC0-D94C3365E27D}.Release|Mixed Platforms.Deploy.0 = Release|Any CPU
		{BD6E8269-F2DE-4EB6-AEC0-D94C3365E27D}.Release|x64.ActiveCfg = Release|Any CPU
		{BD6E8269-F2DE-4EB6-AEC0-D94C3365E27D}.Release|x86.ActiveCfg = Release|Any CPU
		{FEE2EB34-4A3A-4B3D-BD2E-A5D2AD8A0A90}.Ad-Hoc|Any CPU.ActiveCfg = Release|Any CPU
		{FEE2EB34-4A3A-4B3D-BD2E-A5D2AD8A0A90}.Ad-Hoc|Any CPU.Build.0 = Release|Any CPU
		{FEE2EB34-4A3A-4B3D-BD2E-A5D2AD8A0A90}.Ad-Hoc|Any CPU.Deploy.0 = Release|Any CPU
		{FEE2EB34-4A3A-4B3D-BD2E-A5D2AD8A0A90}.Ad-Hoc|ARM.ActiveCfg = Debug|Any CPU
		{FEE2EB34-4A3A-4B3D-BD2E-A5D2AD8A0A90}.Ad-Hoc|iPhone.ActiveCfg = Release|Any CPU
		{FEE2EB34-4A3A-4B3D-BD2E-A5D2AD8A0A90}.Ad-Hoc|iPhoneSimulator.ActiveCfg = Release|Any CPU
		{FEE2EB34-4A3A-4B3D-BD2E-A5D2AD8A0A90}.Ad-Hoc|Mixed Platforms.ActiveCfg = Release|Any CPU
		{FEE2EB34-4A3A-4B3D-BD2E-A5D2AD8A0A90}.Ad-Hoc|Mixed Platforms.Build.0 = Release|Any CPU
		{FEE2EB34-4A3A-4B3D-BD2E-A5D2AD8A0A90}.Ad-Hoc|Mixed Platforms.Deploy.0 = Release|Any CPU
		{FEE2EB34-4A3A-4B3D-BD2E-A5D2AD8A0A90}.Ad-Hoc|x64.ActiveCfg = Debug|Any CPU
		{FEE2EB34-4A3A-4B3D-BD2E-A5D2AD8A0A90}.Ad-Hoc|x86.ActiveCfg = Debug|Any CPU
		{FEE2EB34-4A3A-4B3D-BD2E-A5D2AD8A0A90}.AppStore|Any CPU.ActiveCfg = Release|Any CPU
		{FEE2EB34-4A3A-4B3D-BD2E-A5D2AD8A0A90}.AppStore|Any CPU.Build.0 = Release|Any CPU
		{FEE2EB34-4A3A-4B3D-BD2E-A5D2AD8A0A90}.AppStore|Any CPU.Deploy.0 = Release|Any CPU
		{FEE2EB34-4A3A-4B3D-BD2E-A5D2AD8A0A90}.AppStore|ARM.ActiveCfg = Debug|Any CPU
		{FEE2EB34-4A3A-4B3D-BD2E-A5D2AD8A0A90}.AppStore|iPhone.ActiveCfg = Release|Any CPU
		{FEE2EB34-4A3A-4B3D-BD2E-A5D2AD8A0A90}.AppStore|iPhoneSimulator.ActiveCfg = Release|Any CPU
		{FEE2EB34-4A3A-4B3D-BD2E-A5D2AD8A0A90}.AppStore|Mixed Platforms.ActiveCfg = Release|Any CPU
		{FEE2EB34-4A3A-4B3D-BD2E-A5D2AD8A0A90}.AppStore|Mixed Platforms.Build.0 = Release|Any CPU
		{FEE2EB34-4A3A-4B3D-BD2E-A5D2AD8A0A90}.AppStore|Mixed Platforms.Deploy.0 = Release|Any CPU
		{FEE2EB34-4A3A-4B3D-BD2E-A5D2AD8A0A90}.AppStore|x64.ActiveCfg = Debug|Any CPU
		{FEE2EB34-4A3A-4B3D-BD2E-A5D2AD8A0A90}.AppStore|x86.ActiveCfg = Debug|Any CPU
		{FEE2EB34-4A3A-4B3D-BD2E-A5D2AD8A0A90}.Debug|Any CPU.ActiveCfg = Debug|Any CPU
		{FEE2EB34-4A3A-4B3D-BD2E-A5D2AD8A0A90}.Debug|Any CPU.Build.0 = Debug|Any CPU
		{FEE2EB34-4A3A-4B3D-BD2E-A5D2AD8A0A90}.Debug|Any CPU.Deploy.0 = Debug|Any CPU
		{FEE2EB34-4A3A-4B3D-BD2E-A5D2AD8A0A90}.Debug|ARM.ActiveCfg = Debug|Any CPU
		{FEE2EB34-4A3A-4B3D-BD2E-A5D2AD8A0A90}.Debug|iPhone.ActiveCfg = Debug|Any CPU
		{FEE2EB34-4A3A-4B3D-BD2E-A5D2AD8A0A90}.Debug|iPhoneSimulator.ActiveCfg = Debug|Any CPU
		{FEE2EB34-4A3A-4B3D-BD2E-A5D2AD8A0A90}.Debug|Mixed Platforms.ActiveCfg = Debug|Any CPU
		{FEE2EB34-4A3A-4B3D-BD2E-A5D2AD8A0A90}.Debug|Mixed Platforms.Build.0 = Debug|Any CPU
		{FEE2EB34-4A3A-4B3D-BD2E-A5D2AD8A0A90}.Debug|Mixed Platforms.Deploy.0 = Debug|Any CPU
		{FEE2EB34-4A3A-4B3D-BD2E-A5D2AD8A0A90}.Debug|x64.ActiveCfg = Debug|Any CPU
		{FEE2EB34-4A3A-4B3D-BD2E-A5D2AD8A0A90}.Debug|x86.ActiveCfg = Debug|Any CPU
		{FEE2EB34-4A3A-4B3D-BD2E-A5D2AD8A0A90}.Release|Any CPU.ActiveCfg = Release|Any CPU
		{FEE2EB34-4A3A-4B3D-BD2E-A5D2AD8A0A90}.Release|Any CPU.Build.0 = Release|Any CPU
		{FEE2EB34-4A3A-4B3D-BD2E-A5D2AD8A0A90}.Release|Any CPU.Deploy.0 = Release|Any CPU
		{FEE2EB34-4A3A-4B3D-BD2E-A5D2AD8A0A90}.Release|ARM.ActiveCfg = Release|Any CPU
		{FEE2EB34-4A3A-4B3D-BD2E-A5D2AD8A0A90}.Release|iPhone.ActiveCfg = Release|Any CPU
		{FEE2EB34-4A3A-4B3D-BD2E-A5D2AD8A0A90}.Release|iPhoneSimulator.ActiveCfg = Release|Any CPU
		{FEE2EB34-4A3A-4B3D-BD2E-A5D2AD8A0A90}.Release|Mixed Platforms.ActiveCfg = Release|Any CPU
		{FEE2EB34-4A3A-4B3D-BD2E-A5D2AD8A0A90}.Release|Mixed Platforms.Build.0 = Release|Any CPU
		{FEE2EB34-4A3A-4B3D-BD2E-A5D2AD8A0A90}.Release|Mixed Platforms.Deploy.0 = Release|Any CPU
		{FEE2EB34-4A3A-4B3D-BD2E-A5D2AD8A0A90}.Release|x64.ActiveCfg = Release|Any CPU
		{FEE2EB34-4A3A-4B3D-BD2E-A5D2AD8A0A90}.Release|x86.ActiveCfg = Release|Any CPU
		{2F744E72-54B1-4017-A702-FB6992A4B404}.Ad-Hoc|Any CPU.ActiveCfg = Ad-Hoc|iPhone
		{2F744E72-54B1-4017-A702-FB6992A4B404}.Ad-Hoc|ARM.ActiveCfg = Ad-Hoc|iPhoneSimulator
		{2F744E72-54B1-4017-A702-FB6992A4B404}.Ad-Hoc|iPhone.ActiveCfg = Ad-Hoc|iPhone
		{2F744E72-54B1-4017-A702-FB6992A4B404}.Ad-Hoc|iPhone.Build.0 = Ad-Hoc|iPhone
		{2F744E72-54B1-4017-A702-FB6992A4B404}.Ad-Hoc|iPhoneSimulator.ActiveCfg = Ad-Hoc|iPhoneSimulator
		{2F744E72-54B1-4017-A702-FB6992A4B404}.Ad-Hoc|iPhoneSimulator.Build.0 = Ad-Hoc|iPhoneSimulator
		{2F744E72-54B1-4017-A702-FB6992A4B404}.Ad-Hoc|Mixed Platforms.ActiveCfg = Ad-Hoc|iPhone
		{2F744E72-54B1-4017-A702-FB6992A4B404}.Ad-Hoc|Mixed Platforms.Build.0 = Ad-Hoc|iPhone
		{2F744E72-54B1-4017-A702-FB6992A4B404}.Ad-Hoc|x64.ActiveCfg = Ad-Hoc|iPhoneSimulator
		{2F744E72-54B1-4017-A702-FB6992A4B404}.Ad-Hoc|x86.ActiveCfg = Ad-Hoc|iPhoneSimulator
		{2F744E72-54B1-4017-A702-FB6992A4B404}.AppStore|Any CPU.ActiveCfg = AppStore|iPhone
		{2F744E72-54B1-4017-A702-FB6992A4B404}.AppStore|ARM.ActiveCfg = AppStore|iPhoneSimulator
		{2F744E72-54B1-4017-A702-FB6992A4B404}.AppStore|iPhone.ActiveCfg = AppStore|iPhone
		{2F744E72-54B1-4017-A702-FB6992A4B404}.AppStore|iPhone.Build.0 = AppStore|iPhone
		{2F744E72-54B1-4017-A702-FB6992A4B404}.AppStore|iPhoneSimulator.ActiveCfg = AppStore|iPhoneSimulator
		{2F744E72-54B1-4017-A702-FB6992A4B404}.AppStore|iPhoneSimulator.Build.0 = AppStore|iPhoneSimulator
		{2F744E72-54B1-4017-A702-FB6992A4B404}.AppStore|Mixed Platforms.ActiveCfg = AppStore|iPhone
		{2F744E72-54B1-4017-A702-FB6992A4B404}.AppStore|Mixed Platforms.Build.0 = AppStore|iPhone
		{2F744E72-54B1-4017-A702-FB6992A4B404}.AppStore|x64.ActiveCfg = AppStore|iPhoneSimulator
		{2F744E72-54B1-4017-A702-FB6992A4B404}.AppStore|x86.ActiveCfg = AppStore|iPhoneSimulator
		{2F744E72-54B1-4017-A702-FB6992A4B404}.Debug|Any CPU.ActiveCfg = Debug|iPhone
		{2F744E72-54B1-4017-A702-FB6992A4B404}.Debug|ARM.ActiveCfg = Debug|iPhoneSimulator
		{2F744E72-54B1-4017-A702-FB6992A4B404}.Debug|iPhone.ActiveCfg = Debug|iPhone
		{2F744E72-54B1-4017-A702-FB6992A4B404}.Debug|iPhone.Build.0 = Debug|iPhone
		{2F744E72-54B1-4017-A702-FB6992A4B404}.Debug|iPhoneSimulator.ActiveCfg = Debug|iPhoneSimulator
		{2F744E72-54B1-4017-A702-FB6992A4B404}.Debug|iPhoneSimulator.Build.0 = Debug|iPhoneSimulator
		{2F744E72-54B1-4017-A702-FB6992A4B404}.Debug|Mixed Platforms.ActiveCfg = Debug|iPhone
		{2F744E72-54B1-4017-A702-FB6992A4B404}.Debug|Mixed Platforms.Build.0 = Debug|iPhone
		{2F744E72-54B1-4017-A702-FB6992A4B404}.Debug|x64.ActiveCfg = Debug|iPhoneSimulator
		{2F744E72-54B1-4017-A702-FB6992A4B404}.Debug|x86.ActiveCfg = Debug|iPhoneSimulator
		{2F744E72-54B1-4017-A702-FB6992A4B404}.Release|Any CPU.ActiveCfg = Release|iPhone
		{2F744E72-54B1-4017-A702-FB6992A4B404}.Release|ARM.ActiveCfg = Release|iPhoneSimulator
		{2F744E72-54B1-4017-A702-FB6992A4B404}.Release|iPhone.ActiveCfg = Release|iPhone
		{2F744E72-54B1-4017-A702-FB6992A4B404}.Release|iPhone.Build.0 = Release|iPhone
		{2F744E72-54B1-4017-A702-FB6992A4B404}.Release|iPhoneSimulator.ActiveCfg = Release|iPhoneSimulator
		{2F744E72-54B1-4017-A702-FB6992A4B404}.Release|iPhoneSimulator.Build.0 = Release|iPhoneSimulator
		{2F744E72-54B1-4017-A702-FB6992A4B404}.Release|Mixed Platforms.ActiveCfg = Release|iPhone
		{2F744E72-54B1-4017-A702-FB6992A4B404}.Release|Mixed Platforms.Build.0 = Release|iPhone
		{2F744E72-54B1-4017-A702-FB6992A4B404}.Release|x64.ActiveCfg = Release|iPhoneSimulator
		{2F744E72-54B1-4017-A702-FB6992A4B404}.Release|x86.ActiveCfg = Release|iPhoneSimulator
		{11DBAB09-E9D0-48DE-AE22-F349B90BBCE2}.Ad-Hoc|Any CPU.ActiveCfg = Release|Any CPU
		{11DBAB09-E9D0-48DE-AE22-F349B90BBCE2}.Ad-Hoc|Any CPU.Build.0 = Release|Any CPU
		{11DBAB09-E9D0-48DE-AE22-F349B90BBCE2}.Ad-Hoc|Any CPU.Deploy.0 = Release|Any CPU
		{11DBAB09-E9D0-48DE-AE22-F349B90BBCE2}.Ad-Hoc|ARM.ActiveCfg = Release|ARM
		{11DBAB09-E9D0-48DE-AE22-F349B90BBCE2}.Ad-Hoc|ARM.Build.0 = Release|ARM
		{11DBAB09-E9D0-48DE-AE22-F349B90BBCE2}.Ad-Hoc|ARM.Deploy.0 = Release|ARM
		{11DBAB09-E9D0-48DE-AE22-F349B90BBCE2}.Ad-Hoc|iPhone.ActiveCfg = Release|Any CPU
		{11DBAB09-E9D0-48DE-AE22-F349B90BBCE2}.Ad-Hoc|iPhoneSimulator.ActiveCfg = Release|Any CPU
		{11DBAB09-E9D0-48DE-AE22-F349B90BBCE2}.Ad-Hoc|Mixed Platforms.ActiveCfg = Release|x86
		{11DBAB09-E9D0-48DE-AE22-F349B90BBCE2}.Ad-Hoc|Mixed Platforms.Build.0 = Release|x86
		{11DBAB09-E9D0-48DE-AE22-F349B90BBCE2}.Ad-Hoc|Mixed Platforms.Deploy.0 = Release|x86
		{11DBAB09-E9D0-48DE-AE22-F349B90BBCE2}.Ad-Hoc|x64.ActiveCfg = Release|x64
		{11DBAB09-E9D0-48DE-AE22-F349B90BBCE2}.Ad-Hoc|x64.Build.0 = Release|x64
		{11DBAB09-E9D0-48DE-AE22-F349B90BBCE2}.Ad-Hoc|x64.Deploy.0 = Release|x64
		{11DBAB09-E9D0-48DE-AE22-F349B90BBCE2}.Ad-Hoc|x86.ActiveCfg = Release|x86
		{11DBAB09-E9D0-48DE-AE22-F349B90BBCE2}.Ad-Hoc|x86.Build.0 = Release|x86
		{11DBAB09-E9D0-48DE-AE22-F349B90BBCE2}.Ad-Hoc|x86.Deploy.0 = Release|x86
		{11DBAB09-E9D0-48DE-AE22-F349B90BBCE2}.AppStore|Any CPU.ActiveCfg = Release|Any CPU
		{11DBAB09-E9D0-48DE-AE22-F349B90BBCE2}.AppStore|Any CPU.Build.0 = Release|Any CPU
		{11DBAB09-E9D0-48DE-AE22-F349B90BBCE2}.AppStore|Any CPU.Deploy.0 = Release|Any CPU
		{11DBAB09-E9D0-48DE-AE22-F349B90BBCE2}.AppStore|ARM.ActiveCfg = Release|ARM
		{11DBAB09-E9D0-48DE-AE22-F349B90BBCE2}.AppStore|ARM.Build.0 = Release|ARM
		{11DBAB09-E9D0-48DE-AE22-F349B90BBCE2}.AppStore|ARM.Deploy.0 = Release|ARM
		{11DBAB09-E9D0-48DE-AE22-F349B90BBCE2}.AppStore|iPhone.ActiveCfg = Release|Any CPU
		{11DBAB09-E9D0-48DE-AE22-F349B90BBCE2}.AppStore|iPhoneSimulator.ActiveCfg = Release|Any CPU
		{11DBAB09-E9D0-48DE-AE22-F349B90BBCE2}.AppStore|Mixed Platforms.ActiveCfg = Release|x86
		{11DBAB09-E9D0-48DE-AE22-F349B90BBCE2}.AppStore|Mixed Platforms.Build.0 = Release|x86
		{11DBAB09-E9D0-48DE-AE22-F349B90BBCE2}.AppStore|Mixed Platforms.Deploy.0 = Release|x86
		{11DBAB09-E9D0-48DE-AE22-F349B90BBCE2}.AppStore|x64.ActiveCfg = Release|x64
		{11DBAB09-E9D0-48DE-AE22-F349B90BBCE2}.AppStore|x64.Build.0 = Release|x64
		{11DBAB09-E9D0-48DE-AE22-F349B90BBCE2}.AppStore|x64.Deploy.0 = Release|x64
		{11DBAB09-E9D0-48DE-AE22-F349B90BBCE2}.AppStore|x86.ActiveCfg = Release|x86
		{11DBAB09-E9D0-48DE-AE22-F349B90BBCE2}.AppStore|x86.Build.0 = Release|x86
		{11DBAB09-E9D0-48DE-AE22-F349B90BBCE2}.AppStore|x86.Deploy.0 = Release|x86
		{11DBAB09-E9D0-48DE-AE22-F349B90BBCE2}.Debug|Any CPU.ActiveCfg = Debug|Any CPU
		{11DBAB09-E9D0-48DE-AE22-F349B90BBCE2}.Debug|Any CPU.Build.0 = Debug|Any CPU
		{11DBAB09-E9D0-48DE-AE22-F349B90BBCE2}.Debug|Any CPU.Deploy.0 = Debug|Any CPU
		{11DBAB09-E9D0-48DE-AE22-F349B90BBCE2}.Debug|ARM.ActiveCfg = Debug|ARM
		{11DBAB09-E9D0-48DE-AE22-F349B90BBCE2}.Debug|ARM.Build.0 = Debug|ARM
		{11DBAB09-E9D0-48DE-AE22-F349B90BBCE2}.Debug|ARM.Deploy.0 = Debug|ARM
		{11DBAB09-E9D0-48DE-AE22-F349B90BBCE2}.Debug|iPhone.ActiveCfg = Debug|Any CPU
		{11DBAB09-E9D0-48DE-AE22-F349B90BBCE2}.Debug|iPhoneSimulator.ActiveCfg = Debug|Any CPU
		{11DBAB09-E9D0-48DE-AE22-F349B90BBCE2}.Debug|Mixed Platforms.ActiveCfg = Debug|x86
		{11DBAB09-E9D0-48DE-AE22-F349B90BBCE2}.Debug|Mixed Platforms.Build.0 = Debug|x86
		{11DBAB09-E9D0-48DE-AE22-F349B90BBCE2}.Debug|Mixed Platforms.Deploy.0 = Debug|x86
		{11DBAB09-E9D0-48DE-AE22-F349B90BBCE2}.Debug|x64.ActiveCfg = Debug|x64
		{11DBAB09-E9D0-48DE-AE22-F349B90BBCE2}.Debug|x64.Build.0 = Debug|x64
		{11DBAB09-E9D0-48DE-AE22-F349B90BBCE2}.Debug|x64.Deploy.0 = Debug|x64
		{11DBAB09-E9D0-48DE-AE22-F349B90BBCE2}.Debug|x86.ActiveCfg = Debug|x86
		{11DBAB09-E9D0-48DE-AE22-F349B90BBCE2}.Debug|x86.Build.0 = Debug|x86
		{11DBAB09-E9D0-48DE-AE22-F349B90BBCE2}.Debug|x86.Deploy.0 = Debug|x86
		{11DBAB09-E9D0-48DE-AE22-F349B90BBCE2}.Release|Any CPU.ActiveCfg = Release|Any CPU
		{11DBAB09-E9D0-48DE-AE22-F349B90BBCE2}.Release|Any CPU.Build.0 = Release|Any CPU
		{11DBAB09-E9D0-48DE-AE22-F349B90BBCE2}.Release|Any CPU.Deploy.0 = Release|Any CPU
		{11DBAB09-E9D0-48DE-AE22-F349B90BBCE2}.Release|ARM.ActiveCfg = Release|ARM
		{11DBAB09-E9D0-48DE-AE22-F349B90BBCE2}.Release|ARM.Build.0 = Release|ARM
		{11DBAB09-E9D0-48DE-AE22-F349B90BBCE2}.Release|ARM.Deploy.0 = Release|ARM
		{11DBAB09-E9D0-48DE-AE22-F349B90BBCE2}.Release|iPhone.ActiveCfg = Release|Any CPU
		{11DBAB09-E9D0-48DE-AE22-F349B90BBCE2}.Release|iPhoneSimulator.ActiveCfg = Release|Any CPU
		{11DBAB09-E9D0-48DE-AE22-F349B90BBCE2}.Release|Mixed Platforms.ActiveCfg = Release|x86
		{11DBAB09-E9D0-48DE-AE22-F349B90BBCE2}.Release|Mixed Platforms.Build.0 = Release|x86
		{11DBAB09-E9D0-48DE-AE22-F349B90BBCE2}.Release|Mixed Platforms.Deploy.0 = Release|x86
		{11DBAB09-E9D0-48DE-AE22-F349B90BBCE2}.Release|x64.ActiveCfg = Release|x64
		{11DBAB09-E9D0-48DE-AE22-F349B90BBCE2}.Release|x64.Build.0 = Release|x64
		{11DBAB09-E9D0-48DE-AE22-F349B90BBCE2}.Release|x64.Deploy.0 = Release|x64
		{11DBAB09-E9D0-48DE-AE22-F349B90BBCE2}.Release|x86.ActiveCfg = Release|x86
		{11DBAB09-E9D0-48DE-AE22-F349B90BBCE2}.Release|x86.Build.0 = Release|x86
		{11DBAB09-E9D0-48DE-AE22-F349B90BBCE2}.Release|x86.Deploy.0 = Release|x86
	EndGlobalSection
	GlobalSection(SolutionProperties) = preSolution
		HideSolutionNode = FALSE
	EndGlobalSection
	GlobalSection(MonoDevelopProperties) = preSolution
		StartupItem = Navigation.Core\Navigation.Core.csproj
	EndGlobalSection
EndGlobal
