
Microsoft Visual Studio Solution File, Format Version 12.00
# Visual Studio 2012
Project("{FAE04EC0-301F-11D3-BF4B-00C04F79EFBC}") = "DialogExamples.Core", "DialogExamples.Core\DialogExamples.Core.csproj", "{F27FFC14-80CA-4C17-852C-AA558C482E6E}"
EndProject
Project("{FAE04EC0-301F-11D3-BF4B-00C04F79EFBC}") = "DialogExamples.Droid", "DialogExamples.Droid\DialogExamples.Droid.csproj", "{4F1CA122-CB11-464B-AC49-D99C308A2D29}"
EndProject
Project("{FAE04EC0-301F-11D3-BF4B-00C04F79EFBC}") = "DialogExamples.Touch", "DialogExamples.Touch\DialogExamples.Touch.csproj", "{403EE118-85F5-46F2-B01B-58644658E2FA}"
EndProject
Global
	GlobalSection(SolutionConfigurationPlatforms) = preSolution
		Ad-Hoc|Any CPU = Ad-Hoc|Any CPU
		Ad-Hoc|iPhone = Ad-Hoc|iPhone
		Ad-Hoc|iPhoneSimulator = Ad-Hoc|iPhoneSimulator
		Ad-Hoc|Mixed Platforms = Ad-Hoc|Mixed Platforms
		AppStore|Any CPU = AppStore|Any CPU
		AppStore|iPhone = AppStore|iPhone
		AppStore|iPhoneSimulator = AppStore|iPhoneSimulator
		AppStore|Mixed Platforms = AppStore|Mixed Platforms
		Debug|Any CPU = Debug|Any CPU
		Debug|iPhone = Debug|iPhone
		Debug|iPhoneSimulator = Debug|iPhoneSimulator
		Debug|Mixed Platforms = Debug|Mixed Platforms
		Release|Any CPU = Release|Any CPU
		Release|iPhone = Release|iPhone
		Release|iPhoneSimulator = Release|iPhoneSimulator
		Release|Mixed Platforms = Release|Mixed Platforms
	EndGlobalSection
	GlobalSection(ProjectConfigurationPlatforms) = postSolution
		{F27FFC14-80CA-4C17-852C-AA558C482E6E}.Ad-Hoc|Any CPU.ActiveCfg = Release|Any CPU
		{F27FFC14-80CA-4C17-852C-AA558C482E6E}.Ad-Hoc|Any CPU.Build.0 = Release|Any CPU
		{F27FFC14-80CA-4C17-852C-AA558C482E6E}.Ad-Hoc|iPhone.ActiveCfg = Release|Any CPU
		{F27FFC14-80CA-4C17-852C-AA558C482E6E}.Ad-Hoc|iPhoneSimulator.ActiveCfg = Release|Any CPU
		{F27FFC14-80CA-4C17-852C-AA558C482E6E}.Ad-Hoc|Mixed Platforms.ActiveCfg = Release|Any CPU
		{F27FFC14-80CA-4C17-852C-AA558C482E6E}.Ad-Hoc|Mixed Platforms.Build.0 = Release|Any CPU
		{F27FFC14-80CA-4C17-852C-AA558C482E6E}.AppStore|Any CPU.ActiveCfg = Release|Any CPU
		{F27FFC14-80CA-4C17-852C-AA558C482E6E}.AppStore|Any CPU.Build.0 = Release|Any CPU
		{F27FFC14-80CA-4C17-852C-AA558C482E6E}.AppStore|iPhone.ActiveCfg = Release|Any CPU
		{F27FFC14-80CA-4C17-852C-AA558C482E6E}.AppStore|iPhoneSimulator.ActiveCfg = Release|Any CPU
		{F27FFC14-80CA-4C17-852C-AA558C482E6E}.AppStore|Mixed Platforms.ActiveCfg = Release|Any CPU
		{F27FFC14-80CA-4C17-852C-AA558C482E6E}.AppStore|Mixed Platforms.Build.0 = Release|Any CPU
		{F27FFC14-80CA-4C17-852C-AA558C482E6E}.Debug|Any CPU.ActiveCfg = Debug|Any CPU
		{F27FFC14-80CA-4C17-852C-AA558C482E6E}.Debug|Any CPU.Build.0 = Debug|Any CPU
		{F27FFC14-80CA-4C17-852C-AA558C482E6E}.Debug|iPhone.ActiveCfg = Debug|Any CPU
		{F27FFC14-80CA-4C17-852C-AA558C482E6E}.Debug|iPhoneSimulator.ActiveCfg = Debug|Any CPU
		{F27FFC14-80CA-4C17-852C-AA558C482E6E}.Debug|iPhoneSimulator.Build.0 = Debug|Any CPU
		{F27FFC14-80CA-4C17-852C-AA558C482E6E}.Debug|Mixed Platforms.ActiveCfg = Debug|Any CPU
		{F27FFC14-80CA-4C17-852C-AA558C482E6E}.Debug|Mixed Platforms.Build.0 = Debug|Any CPU
		{F27FFC14-80CA-4C17-852C-AA558C482E6E}.Release|Any CPU.ActiveCfg = Release|Any CPU
		{F27FFC14-80CA-4C17-852C-AA558C482E6E}.Release|Any CPU.Build.0 = Release|Any CPU
		{F27FFC14-80CA-4C17-852C-AA558C482E6E}.Release|iPhone.ActiveCfg = Release|Any CPU
		{F27FFC14-80CA-4C17-852C-AA558C482E6E}.Release|iPhoneSimulator.ActiveCfg = Release|Any CPU
		{F27FFC14-80CA-4C17-852C-AA558C482E6E}.Release|Mixed Platforms.ActiveCfg = Release|Any CPU
		{F27FFC14-80CA-4C17-852C-AA558C482E6E}.Release|Mixed Platforms.Build.0 = Release|Any CPU
		{4F1CA122-CB11-464B-AC49-D99C308A2D29}.Ad-Hoc|Any CPU.ActiveCfg = Release|Any CPU
		{4F1CA122-CB11-464B-AC49-D99C308A2D29}.Ad-Hoc|Any CPU.Build.0 = Release|Any CPU
		{4F1CA122-CB11-464B-AC49-D99C308A2D29}.Ad-Hoc|Any CPU.Deploy.0 = Release|Any CPU
		{4F1CA122-CB11-464B-AC49-D99C308A2D29}.Ad-Hoc|iPhone.ActiveCfg = Release|Any CPU
		{4F1CA122-CB11-464B-AC49-D99C308A2D29}.Ad-Hoc|iPhoneSimulator.ActiveCfg = Release|Any CPU
		{4F1CA122-CB11-464B-AC49-D99C308A2D29}.Ad-Hoc|Mixed Platforms.ActiveCfg = Release|Any CPU
		{4F1CA122-CB11-464B-AC49-D99C308A2D29}.Ad-Hoc|Mixed Platforms.Build.0 = Release|Any CPU
		{4F1CA122-CB11-464B-AC49-D99C308A2D29}.Ad-Hoc|Mixed Platforms.Deploy.0 = Release|Any CPU
		{4F1CA122-CB11-464B-AC49-D99C308A2D29}.AppStore|Any CPU.ActiveCfg = Release|Any CPU
		{4F1CA122-CB11-464B-AC49-D99C308A2D29}.AppStore|Any CPU.Build.0 = Release|Any CPU
		{4F1CA122-CB11-464B-AC49-D99C308A2D29}.AppStore|Any CPU.Deploy.0 = Release|Any CPU
		{4F1CA122-CB11-464B-AC49-D99C308A2D29}.AppStore|iPhone.ActiveCfg = Release|Any CPU
		{4F1CA122-CB11-464B-AC49-D99C308A2D29}.AppStore|iPhoneSimulator.ActiveCfg = Release|Any CPU
		{4F1CA122-CB11-464B-AC49-D99C308A2D29}.AppStore|Mixed Platforms.ActiveCfg = Release|Any CPU
		{4F1CA122-CB11-464B-AC49-D99C308A2D29}.AppStore|Mixed Platforms.Build.0 = Release|Any CPU
		{4F1CA122-CB11-464B-AC49-D99C308A2D29}.AppStore|Mixed Platforms.Deploy.0 = Release|Any CPU
		{4F1CA122-CB11-464B-AC49-D99C308A2D29}.Debug|Any CPU.ActiveCfg = Debug|Any CPU
		{4F1CA122-CB11-464B-AC49-D99C308A2D29}.Debug|Any CPU.Build.0 = Debug|Any CPU
		{4F1CA122-CB11-464B-AC49-D99C308A2D29}.Debug|Any CPU.Deploy.0 = Debug|Any CPU
		{4F1CA122-CB11-464B-AC49-D99C308A2D29}.Debug|iPhone.ActiveCfg = Debug|Any CPU
		{4F1CA122-CB11-464B-AC49-D99C308A2D29}.Debug|iPhoneSimulator.ActiveCfg = Debug|Any CPU
		{4F1CA122-CB11-464B-AC49-D99C308A2D29}.Debug|Mixed Platforms.ActiveCfg = Debug|Any CPU
		{4F1CA122-CB11-464B-AC49-D99C308A2D29}.Debug|Mixed Platforms.Build.0 = Debug|Any CPU
		{4F1CA122-CB11-464B-AC49-D99C308A2D29}.Debug|Mixed Platforms.Deploy.0 = Debug|Any CPU
		{4F1CA122-CB11-464B-AC49-D99C308A2D29}.Release|Any CPU.ActiveCfg = Release|Any CPU
		{4F1CA122-CB11-464B-AC49-D99C308A2D29}.Release|Any CPU.Build.0 = Release|Any CPU
		{4F1CA122-CB11-464B-AC49-D99C308A2D29}.Release|Any CPU.Deploy.0 = Release|Any CPU
		{4F1CA122-CB11-464B-AC49-D99C308A2D29}.Release|iPhone.ActiveCfg = Release|Any CPU
		{4F1CA122-CB11-464B-AC49-D99C308A2D29}.Release|iPhoneSimulator.ActiveCfg = Release|Any CPU
		{4F1CA122-CB11-464B-AC49-D99C308A2D29}.Release|Mixed Platforms.ActiveCfg = Release|Any CPU
		{4F1CA122-CB11-464B-AC49-D99C308A2D29}.Release|Mixed Platforms.Build.0 = Release|Any CPU
		{4F1CA122-CB11-464B-AC49-D99C308A2D29}.Release|Mixed Platforms.Deploy.0 = Release|Any CPU
		{403EE118-85F5-46F2-B01B-58644658E2FA}.Ad-Hoc|Any CPU.ActiveCfg = Ad-Hoc|iPhone
		{403EE118-85F5-46F2-B01B-58644658E2FA}.Ad-Hoc|iPhone.ActiveCfg = Ad-Hoc|iPhone
		{403EE118-85F5-46F2-B01B-58644658E2FA}.Ad-Hoc|iPhone.Build.0 = Ad-Hoc|iPhone
		{403EE118-85F5-46F2-B01B-58644658E2FA}.Ad-Hoc|iPhoneSimulator.ActiveCfg = Ad-Hoc|iPhoneSimulator
		{403EE118-85F5-46F2-B01B-58644658E2FA}.Ad-Hoc|iPhoneSimulator.Build.0 = Ad-Hoc|iPhoneSimulator
		{403EE118-85F5-46F2-B01B-58644658E2FA}.Ad-Hoc|Mixed Platforms.ActiveCfg = Ad-Hoc|iPhone
		{403EE118-85F5-46F2-B01B-58644658E2FA}.Ad-Hoc|Mixed Platforms.Build.0 = Ad-Hoc|iPhone
		{403EE118-85F5-46F2-B01B-58644658E2FA}.AppStore|Any CPU.ActiveCfg = AppStore|iPhone
		{403EE118-85F5-46F2-B01B-58644658E2FA}.AppStore|iPhone.ActiveCfg = AppStore|iPhone
		{403EE118-85F5-46F2-B01B-58644658E2FA}.AppStore|iPhone.Build.0 = AppStore|iPhone
		{403EE118-85F5-46F2-B01B-58644658E2FA}.AppStore|iPhoneSimulator.ActiveCfg = AppStore|iPhoneSimulator
		{403EE118-85F5-46F2-B01B-58644658E2FA}.AppStore|iPhoneSimulator.Build.0 = AppStore|iPhoneSimulator
		{403EE118-85F5-46F2-B01B-58644658E2FA}.AppStore|Mixed Platforms.ActiveCfg = AppStore|iPhone
		{403EE118-85F5-46F2-B01B-58644658E2FA}.AppStore|Mixed Platforms.Build.0 = AppStore|iPhone
		{403EE118-85F5-46F2-B01B-58644658E2FA}.Debug|Any CPU.ActiveCfg = Debug|iPhone
		{403EE118-85F5-46F2-B01B-58644658E2FA}.Debug|iPhone.ActiveCfg = Debug|iPhone
		{403EE118-85F5-46F2-B01B-58644658E2FA}.Debug|iPhone.Build.0 = Debug|iPhone
		{403EE118-85F5-46F2-B01B-58644658E2FA}.Debug|iPhoneSimulator.ActiveCfg = Debug|iPhoneSimulator
		{403EE118-85F5-46F2-B01B-58644658E2FA}.Debug|iPhoneSimulator.Build.0 = Debug|iPhoneSimulator
		{403EE118-85F5-46F2-B01B-58644658E2FA}.Debug|Mixed Platforms.ActiveCfg = Debug|iPhone
		{403EE118-85F5-46F2-B01B-58644658E2FA}.Debug|Mixed Platforms.Build.0 = Debug|iPhone
		{403EE118-85F5-46F2-B01B-58644658E2FA}.Release|Any CPU.ActiveCfg = Release|iPhone
		{403EE118-85F5-46F2-B01B-58644658E2FA}.Release|iPhone.ActiveCfg = Release|iPhone
		{403EE118-85F5-46F2-B01B-58644658E2FA}.Release|iPhone.Build.0 = Release|iPhone
		{403EE118-85F5-46F2-B01B-58644658E2FA}.Release|iPhoneSimulator.ActiveCfg = Release|iPhoneSimulator
		{403EE118-85F5-46F2-B01B-58644658E2FA}.Release|iPhoneSimulator.Build.0 = Release|iPhoneSimulator
		{403EE118-85F5-46F2-B01B-58644658E2FA}.Release|Mixed Platforms.ActiveCfg = Release|iPhone
		{403EE118-85F5-46F2-B01B-58644658E2FA}.Release|Mixed Platforms.Build.0 = Release|iPhone
	EndGlobalSection
	GlobalSection(SolutionProperties) = preSolution
		HideSolutionNode = FALSE
	EndGlobalSection
EndGlobal
