
Microsoft Visual Studio Solution File, Format Version 12.00
# Visual Studio 2012
Project("{FAE04EC0-301F-11D3-BF4B-00C04F79EFBC}") = "QuickLayout.Core", "QuickLayout.Core\QuickLayout.Core.csproj", "{849AFB57-994A-42D9-A786-EF34FC951CDE}"
EndProject
Project("{FAE04EC0-301F-11D3-BF4B-00C04F79EFBC}") = "QuickLayout.Touch", "QuickLayout.Touch\QuickLayout.Touch.csproj", "{5739EE87-45C0-496A-8388-A09CDB906501}"
EndProject
Project("{FAE04EC0-301F-11D3-BF4B-00C04F79EFBC}") = "Cirrious.FluentLayouts.Touch", "Cirrious.FluentLayout\Cirrious.FluentLayouts.Touch.csproj", "{75D2DA9D-DFD4-49A1-98FB-FE0F0677EF0F}"
EndProject
Global
	GlobalSection(SolutionConfigurationPlatforms) = preSolution
		Ad-Hoc|Any CPU = Ad-Hoc|Any CPU
		Ad-Hoc|iPhone = Ad-Hoc|iPhone
		Ad-Hoc|iPhoneSimulator = Ad-Hoc|iPhoneSimulator
		Ad-Hoc|Mixed Platforms = Ad-Hoc|Mixed Platforms
		AppStore|Any CPU = AppStore|Any CPU
		AppStore|iPhone = AppStore|iPhone
		AppStore|iPhoneSimulator = AppStore|iPhoneSimulator
		AppStore|Mixed Platforms = AppStore|Mixed Platforms
		Debug|Any CPU = Debug|Any CPU
		Debug|iPhone = Debug|iPhone
		Debug|iPhoneSimulator = Debug|iPhoneSimulator
		Debug|Mixed Platforms = Debug|Mixed Platforms
		Release|Any CPU = Release|Any CPU
		Release|iPhone = Release|iPhone
		Release|iPhoneSimulator = Release|iPhoneSimulator
		Release|Mixed Platforms = Release|Mixed Platforms
	EndGlobalSection
	GlobalSection(ProjectConfigurationPlatforms) = postSolution
		{849AFB57-994A-42D9-A786-EF34FC951CDE}.Ad-Hoc|Any CPU.ActiveCfg = Release|Any CPU
		{849AFB57-994A-42D9-A786-EF34FC951CDE}.Ad-Hoc|Any CPU.Build.0 = Release|Any CPU
		{849AFB57-994A-42D9-A786-EF34FC951CDE}.Ad-Hoc|iPhone.ActiveCfg = Release|Any CPU
		{849AFB57-994A-42D9-A786-EF34FC951CDE}.Ad-Hoc|iPhoneSimulator.ActiveCfg = Release|Any CPU
		{849AFB57-994A-42D9-A786-EF34FC951CDE}.Ad-Hoc|Mixed Platforms.ActiveCfg = Release|Any CPU
		{849AFB57-994A-42D9-A786-EF34FC951CDE}.Ad-Hoc|Mixed Platforms.Build.0 = Release|Any CPU
		{849AFB57-994A-42D9-A786-EF34FC951CDE}.AppStore|Any CPU.ActiveCfg = Release|Any CPU
		{849AFB57-994A-42D9-A786-EF34FC951CDE}.AppStore|Any CPU.Build.0 = Release|Any CPU
		{849AFB57-994A-42D9-A786-EF34FC951CDE}.AppStore|iPhone.ActiveCfg = Release|Any CPU
		{849AFB57-994A-42D9-A786-EF34FC951CDE}.AppStore|iPhoneSimulator.ActiveCfg = Release|Any CPU
		{849AFB57-994A-42D9-A786-EF34FC951CDE}.AppStore|Mixed Platforms.ActiveCfg = Release|Any CPU
		{849AFB57-994A-42D9-A786-EF34FC951CDE}.AppStore|Mixed Platforms.Build.0 = Release|Any CPU
		{849AFB57-994A-42D9-A786-EF34FC951CDE}.Debug|Any CPU.ActiveCfg = Debug|Any CPU
		{849AFB57-994A-42D9-A786-EF34FC951CDE}.Debug|Any CPU.Build.0 = Debug|Any CPU
		{849AFB57-994A-42D9-A786-EF34FC951CDE}.Debug|iPhone.ActiveCfg = Debug|Any CPU
		{849AFB57-994A-42D9-A786-EF34FC951CDE}.Debug|iPhoneSimulator.ActiveCfg = Debug|Any CPU
		{849AFB57-994A-42D9-A786-EF34FC951CDE}.Debug|iPhoneSimulator.Build.0 = Debug|Any CPU
		{849AFB57-994A-42D9-A786-EF34FC951CDE}.Debug|Mixed Platforms.ActiveCfg = Debug|Any CPU
		{849AFB57-994A-42D9-A786-EF34FC951CDE}.Debug|Mixed Platforms.Build.0 = Debug|Any CPU
		{849AFB57-994A-42D9-A786-EF34FC951CDE}.Release|Any CPU.ActiveCfg = Release|Any CPU
		{849AFB57-994A-42D9-A786-EF34FC951CDE}.Release|Any CPU.Build.0 = Release|Any CPU
		{849AFB57-994A-42D9-A786-EF34FC951CDE}.Release|iPhone.ActiveCfg = Release|Any CPU
		{849AFB57-994A-42D9-A786-EF34FC951CDE}.Release|iPhoneSimulator.ActiveCfg = Release|Any CPU
		{849AFB57-994A-42D9-A786-EF34FC951CDE}.Release|Mixed Platforms.ActiveCfg = Release|Any CPU
		{849AFB57-994A-42D9-A786-EF34FC951CDE}.Release|Mixed Platforms.Build.0 = Release|Any CPU
		{5739EE87-45C0-496A-8388-A09CDB906501}.Ad-Hoc|Any CPU.ActiveCfg = Ad-Hoc|iPhone
		{5739EE87-45C0-496A-8388-A09CDB906501}.Ad-Hoc|iPhone.ActiveCfg = Ad-Hoc|iPhone
		{5739EE87-45C0-496A-8388-A09CDB906501}.Ad-Hoc|iPhone.Build.0 = Ad-Hoc|iPhone
		{5739EE87-45C0-496A-8388-A09CDB906501}.Ad-Hoc|iPhoneSimulator.ActiveCfg = Ad-Hoc|iPhoneSimulator
		{5739EE87-45C0-496A-8388-A09CDB906501}.Ad-Hoc|iPhoneSimulator.Build.0 = Ad-Hoc|iPhoneSimulator
		{5739EE87-45C0-496A-8388-A09CDB906501}.Ad-Hoc|Mixed Platforms.ActiveCfg = Ad-Hoc|iPhone
		{5739EE87-45C0-496A-8388-A09CDB906501}.Ad-Hoc|Mixed Platforms.Build.0 = Ad-Hoc|iPhone
		{5739EE87-45C0-496A-8388-A09CDB906501}.AppStore|Any CPU.ActiveCfg = AppStore|iPhone
		{5739EE87-45C0-496A-8388-A09CDB906501}.AppStore|iPhone.ActiveCfg = AppStore|iPhone
		{5739EE87-45C0-496A-8388-A09CDB906501}.AppStore|iPhone.Build.0 = AppStore|iPhone
		{5739EE87-45C0-496A-8388-A09CDB906501}.AppStore|iPhoneSimulator.ActiveCfg = AppStore|iPhoneSimulator
		{5739EE87-45C0-496A-8388-A09CDB906501}.AppStore|iPhoneSimulator.Build.0 = AppStore|iPhoneSimulator
		{5739EE87-45C0-496A-8388-A09CDB906501}.AppStore|Mixed Platforms.ActiveCfg = AppStore|iPhone
		{5739EE87-45C0-496A-8388-A09CDB906501}.AppStore|Mixed Platforms.Build.0 = AppStore|iPhone
		{5739EE87-45C0-496A-8388-A09CDB906501}.Debug|Any CPU.ActiveCfg = Debug|iPhone
		{5739EE87-45C0-496A-8388-A09CDB906501}.Debug|iPhone.ActiveCfg = Debug|iPhone
		{5739EE87-45C0-496A-8388-A09CDB906501}.Debug|iPhone.Build.0 = Debug|iPhone
		{5739EE87-45C0-496A-8388-A09CDB906501}.Debug|iPhoneSimulator.ActiveCfg = Debug|iPhoneSimulator
		{5739EE87-45C0-496A-8388-A09CDB906501}.Debug|iPhoneSimulator.Build.0 = Debug|iPhoneSimulator
		{5739EE87-45C0-496A-8388-A09CDB906501}.Debug|Mixed Platforms.ActiveCfg = Debug|iPhone
		{5739EE87-45C0-496A-8388-A09CDB906501}.Debug|Mixed Platforms.Build.0 = Debug|iPhone
		{5739EE87-45C0-496A-8388-A09CDB906501}.Release|Any CPU.ActiveCfg = Release|iPhone
		{5739EE87-45C0-496A-8388-A09CDB906501}.Release|iPhone.ActiveCfg = Release|iPhone
		{5739EE87-45C0-496A-8388-A09CDB906501}.Release|iPhone.Build.0 = Release|iPhone
		{5739EE87-45C0-496A-8388-A09CDB906501}.Release|iPhoneSimulator.ActiveCfg = Release|iPhoneSimulator
		{5739EE87-45C0-496A-8388-A09CDB906501}.Release|iPhoneSimulator.Build.0 = Release|iPhoneSimulator
		{5739EE87-45C0-496A-8388-A09CDB906501}.Release|Mixed Platforms.ActiveCfg = Release|iPhone
		{5739EE87-45C0-496A-8388-A09CDB906501}.Release|Mixed Platforms.Build.0 = Release|iPhone
		{75D2DA9D-DFD4-49A1-98FB-FE0F0677EF0F}.Ad-Hoc|Any CPU.ActiveCfg = Release|Any CPU
		{75D2DA9D-DFD4-49A1-98FB-FE0F0677EF0F}.Ad-Hoc|Any CPU.Build.0 = Release|Any CPU
		{75D2DA9D-DFD4-49A1-98FB-FE0F0677EF0F}.Ad-Hoc|iPhone.ActiveCfg = Release|Any CPU
		{75D2DA9D-DFD4-49A1-98FB-FE0F0677EF0F}.Ad-Hoc|iPhoneSimulator.ActiveCfg = Release|Any CPU
		{75D2DA9D-DFD4-49A1-98FB-FE0F0677EF0F}.Ad-Hoc|Mixed Platforms.ActiveCfg = Release|Any CPU
		{75D2DA9D-DFD4-49A1-98FB-FE0F0677EF0F}.Ad-Hoc|Mixed Platforms.Build.0 = Release|Any CPU
		{75D2DA9D-DFD4-49A1-98FB-FE0F0677EF0F}.AppStore|Any CPU.ActiveCfg = Release|Any CPU
		{75D2DA9D-DFD4-49A1-98FB-FE0F0677EF0F}.AppStore|Any CPU.Build.0 = Release|Any CPU
		{75D2DA9D-DFD4-49A1-98FB-FE0F0677EF0F}.AppStore|iPhone.ActiveCfg = Release|Any CPU
		{75D2DA9D-DFD4-49A1-98FB-FE0F0677EF0F}.AppStore|iPhoneSimulator.ActiveCfg = Release|Any CPU
		{75D2DA9D-DFD4-49A1-98FB-FE0F0677EF0F}.AppStore|Mixed Platforms.ActiveCfg = Release|Any CPU
		{75D2DA9D-DFD4-49A1-98FB-FE0F0677EF0F}.AppStore|Mixed Platforms.Build.0 = Release|Any CPU
		{75D2DA9D-DFD4-49A1-98FB-FE0F0677EF0F}.Debug|Any CPU.ActiveCfg = Debug|Any CPU
		{75D2DA9D-DFD4-49A1-98FB-FE0F0677EF0F}.Debug|Any CPU.Build.0 = Debug|Any CPU
		{75D2DA9D-DFD4-49A1-98FB-FE0F0677EF0F}.Debug|iPhone.ActiveCfg = Debug|Any CPU
		{75D2DA9D-DFD4-49A1-98FB-FE0F0677EF0F}.Debug|iPhoneSimulator.ActiveCfg = Debug|Any CPU
		{75D2DA9D-DFD4-49A1-98FB-FE0F0677EF0F}.Debug|iPhoneSimulator.Build.0 = Debug|Any CPU
		{75D2DA9D-DFD4-49A1-98FB-FE0F0677EF0F}.Debug|Mixed Platforms.ActiveCfg = Debug|Any CPU
		{75D2DA9D-DFD4-49A1-98FB-FE0F0677EF0F}.Debug|Mixed Platforms.Build.0 = Debug|Any CPU
		{75D2DA9D-DFD4-49A1-98FB-FE0F0677EF0F}.Release|Any CPU.ActiveCfg = Release|Any CPU
		{75D2DA9D-DFD4-49A1-98FB-FE0F0677EF0F}.Release|Any CPU.Build.0 = Release|Any CPU
		{75D2DA9D-DFD4-49A1-98FB-FE0F0677EF0F}.Release|iPhone.ActiveCfg = Release|Any CPU
		{75D2DA9D-DFD4-49A1-98FB-FE0F0677EF0F}.Release|iPhoneSimulator.ActiveCfg = Release|Any CPU
		{75D2DA9D-DFD4-49A1-98FB-FE0F0677EF0F}.Release|Mixed Platforms.ActiveCfg = Release|Any CPU
		{75D2DA9D-DFD4-49A1-98FB-FE0F0677EF0F}.Release|Mixed Platforms.Build.0 = Release|Any CPU
	EndGlobalSection
	GlobalSection(SolutionProperties) = preSolution
		HideSolutionNode = FALSE
	EndGlobalSection
EndGlobal
