
Microsoft Visual Studio Solution File, Format Version 12.00
# Visual Studio 2012
Project("{FAE04EC0-301F-11D3-BF4B-00C04F79EFBC}") = "Tutorial.Core", "Tutorial.Core\Tutorial.Core.csproj", "{76521C21-E381-4D58-8281-C59BD78D726A}"
EndProject
Project("{FAE04EC0-301F-11D3-BF4B-00C04F79EFBC}") = "Tutorial.UI.Droid", "Tutorial.UI.Droid\Tutorial.UI.Droid.csproj", "{2AFEDED5-4157-4EF9-8CDF-0A2B6CDBC146}"
EndProject
Project("{FAE04EC0-301F-11D3-BF4B-00C04F79EFBC}") = "Tutorial.UI.Touch", "Tutorial.UI.Touch\Tutorial.UI.Touch.csproj", "{F6171718-B29D-4F06-A6DC-F72BDE9CA83A}"
EndProject
Project("{FAE04EC0-301F-11D3-BF4B-00C04F79EFBC}") = "Tutorial.UI.WindowsPhone", "Tutorial.UI.WindowsPhone\Tutorial.UI.WindowsPhone.csproj", "{EA662DA3-AFAE-4195-90C7-805FB0D99908}"
EndProject
Project("{FAE04EC0-301F-11D3-BF4B-00C04F79EFBC}") = "Tutorial.UI.WinRT", "Tutorial.UI.WinRT\Tutorial.UI.WinRT.csproj", "{19572221-F952-4CB2-AB08-76D11E0DB7B1}"
EndProject
Global
	GlobalSection(SolutionConfigurationPlatforms) = preSolution
		Debug|Any CPU = Debug|Any CPU
		Debug|ARM = Debug|ARM
		Debug|iPhone = Debug|iPhone
		Debug|iPhoneSimulator = Debug|iPhoneSimulator
		Debug|Mixed Platforms = Debug|Mixed Platforms
		Debug|x64 = Debug|x64
		Debug|x86 = Debug|x86
		Release|Any CPU = Release|Any CPU
		Release|ARM = Release|ARM
		Release|iPhone = Release|iPhone
		Release|iPhoneSimulator = Release|iPhoneSimulator
		Release|Mixed Platforms = Release|Mixed Platforms
		Release|x64 = Release|x64
		Release|x86 = Release|x86
	EndGlobalSection
	GlobalSection(ProjectConfigurationPlatforms) = postSolution
		{76521C21-E381-4D58-8281-C59BD78D726A}.Debug|Any CPU.ActiveCfg = Debug|Any CPU
		{76521C21-E381-4D58-8281-C59BD78D726A}.Debug|Any CPU.Build.0 = Debug|Any CPU
		{76521C21-E381-4D58-8281-C59BD78D726A}.Debug|ARM.ActiveCfg = Debug|Any CPU
		{76521C21-E381-4D58-8281-C59BD78D726A}.Debug|iPhone.ActiveCfg = Debug|Any CPU
		{76521C21-E381-4D58-8281-C59BD78D726A}.Debug|iPhoneSimulator.ActiveCfg = Debug|Any CPU
		{76521C21-E381-4D58-8281-C59BD78D726A}.Debug|Mixed Platforms.ActiveCfg = Debug|Any CPU
		{76521C21-E381-4D58-8281-C59BD78D726A}.Debug|Mixed Platforms.Build.0 = Debug|Any CPU
		{76521C21-E381-4D58-8281-C59BD78D726A}.Debug|x64.ActiveCfg = Debug|Any CPU
		{76521C21-E381-4D58-8281-C59BD78D726A}.Debug|x86.ActiveCfg = Debug|Any CPU
		{76521C21-E381-4D58-8281-C59BD78D726A}.Release|Any CPU.ActiveCfg = Release|Any CPU
		{76521C21-E381-4D58-8281-C59BD78D726A}.Release|Any CPU.Build.0 = Release|Any CPU
		{76521C21-E381-4D58-8281-C59BD78D726A}.Release|ARM.ActiveCfg = Release|Any CPU
		{76521C21-E381-4D58-8281-C59BD78D726A}.Release|iPhone.ActiveCfg = Release|Any CPU
		{76521C21-E381-4D58-8281-C59BD78D726A}.Release|iPhoneSimulator.ActiveCfg = Release|Any CPU
		{76521C21-E381-4D58-8281-C59BD78D726A}.Release|Mixed Platforms.ActiveCfg = Release|Any CPU
		{76521C21-E381-4D58-8281-C59BD78D726A}.Release|Mixed Platforms.Build.0 = Release|Any CPU
		{76521C21-E381-4D58-8281-C59BD78D726A}.Release|x64.ActiveCfg = Release|Any CPU
		{76521C21-E381-4D58-8281-C59BD78D726A}.Release|x86.ActiveCfg = Release|Any CPU
		{2AFEDED5-4157-4EF9-8CDF-0A2B6CDBC146}.Debug|Any CPU.ActiveCfg = Debug|Any CPU
		{2AFEDED5-4157-4EF9-8CDF-0A2B6CDBC146}.Debug|Any CPU.Build.0 = Debug|Any CPU
		{2AFEDED5-4157-4EF9-8CDF-0A2B6CDBC146}.Debug|Any CPU.Deploy.0 = Debug|Any CPU
		{2AFEDED5-4157-4EF9-8CDF-0A2B6CDBC146}.Debug|ARM.ActiveCfg = Debug|Any CPU
		{2AFEDED5-4157-4EF9-8CDF-0A2B6CDBC146}.Debug|iPhone.ActiveCfg = Debug|Any CPU
		{2AFEDED5-4157-4EF9-8CDF-0A2B6CDBC146}.Debug|iPhoneSimulator.ActiveCfg = Debug|Any CPU
		{2AFEDED5-4157-4EF9-8CDF-0A2B6CDBC146}.Debug|Mixed Platforms.ActiveCfg = Debug|Any CPU
		{2AFEDED5-4157-4EF9-8CDF-0A2B6CDBC146}.Debug|Mixed Platforms.Build.0 = Debug|Any CPU
		{2AFEDED5-4157-4EF9-8CDF-0A2B6CDBC146}.Debug|Mixed Platforms.Deploy.0 = Debug|Any CPU
		{2AFEDED5-4157-4EF9-8CDF-0A2B6CDBC146}.Debug|x64.ActiveCfg = Debug|Any CPU
		{2AFEDED5-4157-4EF9-8CDF-0A2B6CDBC146}.Debug|x86.ActiveCfg = Debug|Any CPU
		{2AFEDED5-4157-4EF9-8CDF-0A2B6CDBC146}.Release|Any CPU.ActiveCfg = Release|Any CPU
		{2AFEDED5-4157-4EF9-8CDF-0A2B6CDBC146}.Release|Any CPU.Build.0 = Release|Any CPU
		{2AFEDED5-4157-4EF9-8CDF-0A2B6CDBC146}.Release|Any CPU.Deploy.0 = Release|Any CPU
		{2AFEDED5-4157-4EF9-8CDF-0A2B6CDBC146}.Release|ARM.ActiveCfg = Release|Any CPU
		{2AFEDED5-4157-4EF9-8CDF-0A2B6CDBC146}.Release|iPhone.ActiveCfg = Release|Any CPU
		{2AFEDED5-4157-4EF9-8CDF-0A2B6CDBC146}.Release|iPhoneSimulator.ActiveCfg = Release|Any CPU
		{2AFEDED5-4157-4EF9-8CDF-0A2B6CDBC146}.Release|Mixed Platforms.ActiveCfg = Release|Any CPU
		{2AFEDED5-4157-4EF9-8CDF-0A2B6CDBC146}.Release|Mixed Platforms.Build.0 = Release|Any CPU
		{2AFEDED5-4157-4EF9-8CDF-0A2B6CDBC146}.Release|Mixed Platforms.Deploy.0 = Release|Any CPU
		{2AFEDED5-4157-4EF9-8CDF-0A2B6CDBC146}.Release|x64.ActiveCfg = Release|Any CPU
		{2AFEDED5-4157-4EF9-8CDF-0A2B6CDBC146}.Release|x86.ActiveCfg = Release|Any CPU
		{F6171718-B29D-4F06-A6DC-F72BDE9CA83A}.Debug|Any CPU.ActiveCfg = Debug|iPhone
		{F6171718-B29D-4F06-A6DC-F72BDE9CA83A}.Debug|ARM.ActiveCfg = Debug|iPhone
		{F6171718-B29D-4F06-A6DC-F72BDE9CA83A}.Debug|iPhone.ActiveCfg = Debug|iPhone
		{F6171718-B29D-4F06-A6DC-F72BDE9CA83A}.Debug|iPhone.Build.0 = Debug|iPhone
		{F6171718-B29D-4F06-A6DC-F72BDE9CA83A}.Debug|iPhoneSimulator.ActiveCfg = Debug|iPhoneSimulator
		{F6171718-B29D-4F06-A6DC-F72BDE9CA83A}.Debug|iPhoneSimulator.Build.0 = Debug|iPhoneSimulator
		{F6171718-B29D-4F06-A6DC-F72BDE9CA83A}.Debug|Mixed Platforms.ActiveCfg = Debug|iPhone
		{F6171718-B29D-4F06-A6DC-F72BDE9CA83A}.Debug|Mixed Platforms.Build.0 = Debug|iPhone
		{F6171718-B29D-4F06-A6DC-F72BDE9CA83A}.Debug|x64.ActiveCfg = Debug|iPhone
		{F6171718-B29D-4F06-A6DC-F72BDE9CA83A}.Debug|x86.ActiveCfg = Debug|iPhone
		{F6171718-B29D-4F06-A6DC-F72BDE9CA83A}.Release|Any CPU.ActiveCfg = Release|iPhone
		{F6171718-B29D-4F06-A6DC-F72BDE9CA83A}.Release|ARM.ActiveCfg = Release|iPhone
		{F6171718-B29D-4F06-A6DC-F72BDE9CA83A}.Release|iPhone.ActiveCfg = Release|iPhone
		{F6171718-B29D-4F06-A6DC-F72BDE9CA83A}.Release|iPhone.Build.0 = Release|iPhone
		{F6171718-B29D-4F06-A6DC-F72BDE9CA83A}.Release|iPhoneSimulator.ActiveCfg = Release|iPhoneSimulator
		{F6171718-B29D-4F06-A6DC-F72BDE9CA83A}.Release|iPhoneSimulator.Build.0 = Release|iPhoneSimulator
		{F6171718-B29D-4F06-A6DC-F72BDE9CA83A}.Release|Mixed Platforms.ActiveCfg = Release|iPhone
		{F6171718-B29D-4F06-A6DC-F72BDE9CA83A}.Release|Mixed Platforms.Build.0 = Release|iPhone
		{F6171718-B29D-4F06-A6DC-F72BDE9CA83A}.Release|x64.ActiveCfg = Release|iPhone
		{F6171718-B29D-4F06-A6DC-F72BDE9CA83A}.Release|x86.ActiveCfg = Release|iPhone
		{EA662DA3-AFAE-4195-90C7-805FB0D99908}.Debug|Any CPU.ActiveCfg = Debug|Any CPU
		{EA662DA3-AFAE-4195-90C7-805FB0D99908}.Debug|Any CPU.Build.0 = Debug|Any CPU
		{EA662DA3-AFAE-4195-90C7-805FB0D99908}.Debug|Any CPU.Deploy.0 = Debug|Any CPU
		{EA662DA3-AFAE-4195-90C7-805FB0D99908}.Debug|ARM.ActiveCfg = Debug|Any CPU
		{EA662DA3-AFAE-4195-90C7-805FB0D99908}.Debug|iPhone.ActiveCfg = Debug|Any CPU
		{EA662DA3-AFAE-4195-90C7-805FB0D99908}.Debug|iPhoneSimulator.ActiveCfg = Debug|Any CPU
		{EA662DA3-AFAE-4195-90C7-805FB0D99908}.Debug|Mixed Platforms.ActiveCfg = Debug|Any CPU
		{EA662DA3-AFAE-4195-90C7-805FB0D99908}.Debug|Mixed Platforms.Build.0 = Debug|Any CPU
		{EA662DA3-AFAE-4195-90C7-805FB0D99908}.Debug|Mixed Platforms.Deploy.0 = Debug|Any CPU
		{EA662DA3-AFAE-4195-90C7-805FB0D99908}.Debug|x64.ActiveCfg = Debug|Any CPU
		{EA662DA3-AFAE-4195-90C7-805FB0D99908}.Debug|x86.ActiveCfg = Debug|Any CPU
		{EA662DA3-AFAE-4195-90C7-805FB0D99908}.Release|Any CPU.ActiveCfg = Release|Any CPU
		{EA662DA3-AFAE-4195-90C7-805FB0D99908}.Release|Any CPU.Build.0 = Release|Any CPU
		{EA662DA3-AFAE-4195-90C7-805FB0D99908}.Release|Any CPU.Deploy.0 = Release|Any CPU
		{EA662DA3-AFAE-4195-90C7-805FB0D99908}.Release|ARM.ActiveCfg = Release|Any CPU
		{EA662DA3-AFAE-4195-90C7-805FB0D99908}.Release|iPhone.ActiveCfg = Release|Any CPU
		{EA662DA3-AFAE-4195-90C7-805FB0D99908}.Release|iPhoneSimulator.ActiveCfg = Release|Any CPU
		{EA662DA3-AFAE-4195-90C7-805FB0D99908}.Release|Mixed Platforms.ActiveCfg = Release|Any CPU
		{EA662DA3-AFAE-4195-90C7-805FB0D99908}.Release|Mixed Platforms.Build.0 = Release|Any CPU
		{EA662DA3-AFAE-4195-90C7-805FB0D99908}.Release|Mixed Platforms.Deploy.0 = Release|Any CPU
		{EA662DA3-AFAE-4195-90C7-805FB0D99908}.Release|x64.ActiveCfg = Release|Any CPU
		{EA662DA3-AFAE-4195-90C7-805FB0D99908}.Release|x86.ActiveCfg = Release|Any CPU
		{19572221-F952-4CB2-AB08-76D11E0DB7B1}.Debug|Any CPU.ActiveCfg = Debug|Any CPU
		{19572221-F952-4CB2-AB08-76D11E0DB7B1}.Debug|Any CPU.Build.0 = Debug|Any CPU
		{19572221-F952-4CB2-AB08-76D11E0DB7B1}.Debug|Any CPU.Deploy.0 = Debug|Any CPU
		{19572221-F952-4CB2-AB08-76D11E0DB7B1}.Debug|ARM.ActiveCfg = Debug|ARM
		{19572221-F952-4CB2-AB08-76D11E0DB7B1}.Debug|ARM.Build.0 = Debug|ARM
		{19572221-F952-4CB2-AB08-76D11E0DB7B1}.Debug|ARM.Deploy.0 = Debug|ARM
		{19572221-F952-4CB2-AB08-76D11E0DB7B1}.Debug|iPhone.ActiveCfg = Debug|Any CPU
		{19572221-F952-4CB2-AB08-76D11E0DB7B1}.Debug|iPhoneSimulator.ActiveCfg = Debug|Any CPU
		{19572221-F952-4CB2-AB08-76D11E0DB7B1}.Debug|Mixed Platforms.ActiveCfg = Debug|x86
		{19572221-F952-4CB2-AB08-76D11E0DB7B1}.Debug|Mixed Platforms.Build.0 = Debug|x86
		{19572221-F952-4CB2-AB08-76D11E0DB7B1}.Debug|Mixed Platforms.Deploy.0 = Debug|x86
		{19572221-F952-4CB2-AB08-76D11E0DB7B1}.Debug|x64.ActiveCfg = Debug|x64
		{19572221-F952-4CB2-AB08-76D11E0DB7B1}.Debug|x64.Build.0 = Debug|x64
		{19572221-F952-4CB2-AB08-76D11E0DB7B1}.Debug|x64.Deploy.0 = Debug|x64
		{19572221-F952-4CB2-AB08-76D11E0DB7B1}.Debug|x86.ActiveCfg = Debug|x86
		{19572221-F952-4CB2-AB08-76D11E0DB7B1}.Debug|x86.Build.0 = Debug|x86
		{19572221-F952-4CB2-AB08-76D11E0DB7B1}.Debug|x86.Deploy.0 = Debug|x86
		{19572221-F952-4CB2-AB08-76D11E0DB7B1}.Release|Any CPU.ActiveCfg = Release|Any CPU
		{19572221-F952-4CB2-AB08-76D11E0DB7B1}.Release|Any CPU.Build.0 = Release|Any CPU
		{19572221-F952-4CB2-AB08-76D11E0DB7B1}.Release|Any CPU.Deploy.0 = Release|Any CPU
		{19572221-F952-4CB2-AB08-76D11E0DB7B1}.Release|ARM.ActiveCfg = Release|ARM
		{19572221-F952-4CB2-AB08-76D11E0DB7B1}.Release|ARM.Build.0 = Release|ARM
		{19572221-F952-4CB2-AB08-76D11E0DB7B1}.Release|ARM.Deploy.0 = Release|ARM
		{19572221-F952-4CB2-AB08-76D11E0DB7B1}.Release|iPhone.ActiveCfg = Release|Any CPU
		{19572221-F952-4CB2-AB08-76D11E0DB7B1}.Release|iPhoneSimulator.ActiveCfg = Release|Any CPU
		{19572221-F952-4CB2-AB08-76D11E0DB7B1}.Release|Mixed Platforms.ActiveCfg = Release|x86
		{19572221-F952-4CB2-AB08-76D11E0DB7B1}.Release|Mixed Platforms.Build.0 = Release|x86
		{19572221-F952-4CB2-AB08-76D11E0DB7B1}.Release|Mixed Platforms.Deploy.0 = Release|x86
		{19572221-F952-4CB2-AB08-76D11E0DB7B1}.Release|x64.ActiveCfg = Release|x64
		{19572221-F952-4CB2-AB08-76D11E0DB7B1}.Release|x64.Build.0 = Release|x64
		{19572221-F952-4CB2-AB08-76D11E0DB7B1}.Release|x64.Deploy.0 = Release|x64
		{19572221-F952-4CB2-AB08-76D11E0DB7B1}.Release|x86.ActiveCfg = Release|x86
		{19572221-F952-4CB2-AB08-76D11E0DB7B1}.Release|x86.Build.0 = Release|x86
		{19572221-F952-4CB2-AB08-76D11E0DB7B1}.Release|x86.Deploy.0 = Release|x86
	EndGlobalSection
	GlobalSection(SolutionProperties) = preSolution
		HideSolutionNode = FALSE
	EndGlobalSection
EndGlobal
