
Microsoft Visual Studio Solution File, Format Version 12.00
# Visual Studio 2012
Project("{FAE04EC0-301F-11D3-BF4B-00C04F79EFBC}") = "FractalGen.Core", "FractalGen.Core\FractalGen.Core.csproj", "{40F8EE7F-4751-440B-9A8F-F05EC02FC822}"
EndProject
Project("{FAE04EC0-301F-11D3-BF4B-00C04F79EFBC}") = "FractalGen.UI.Phone", "FractalGen.UI.Phone\FractalGen.UI.Phone.csproj", "{11769DB6-4A88-420D-9F7C-B7C309C3FCBB}"
EndProject
Project("{FAE04EC0-301F-11D3-BF4B-00C04F79EFBC}") = "FractalGen.UI.Store", "FractalGen.UI.Store\FractalGen.UI.Store.csproj", "{7D679837-7E10-4354-A366-6BDEA2AA2300}"
EndProject
Project("{FAE04EC0-301F-11D3-BF4B-00C04F79EFBC}") = "FractalGen.UI.Droid", "FractalGen.UI.Droid\FractalGen.UI.Droid.csproj", "{A4FDA746-5D39-42C5-ADB8-BF4BA5812B0F}"
EndProject
Project("{FAE04EC0-301F-11D3-BF4B-00C04F79EFBC}") = "FractalGen.UI.Touch", "FractalGen.UI.Touch\FractalGen.UI.Touch.csproj", "{3D066E4B-C054-4DE7-96D5-64D050A92C49}"
EndProject
Global
	GlobalSection(SolutionConfigurationPlatforms) = preSolution
		Ad-Hoc|Any CPU = Ad-Hoc|Any CPU
		Ad-Hoc|ARM = Ad-Hoc|ARM
		Ad-Hoc|iPhone = Ad-Hoc|iPhone
		Ad-Hoc|iPhoneSimulator = Ad-Hoc|iPhoneSimulator
		Ad-Hoc|x64 = Ad-Hoc|x64
		Ad-Hoc|x86 = Ad-Hoc|x86
		AppStore|Any CPU = AppStore|Any CPU
		AppStore|ARM = AppStore|ARM
		AppStore|iPhone = AppStore|iPhone
		AppStore|iPhoneSimulator = AppStore|iPhoneSimulator
		AppStore|x64 = AppStore|x64
		AppStore|x86 = AppStore|x86
		Debug|Any CPU = Debug|Any CPU
		Debug|ARM = Debug|ARM
		Debug|iPhone = Debug|iPhone
		Debug|iPhoneSimulator = Debug|iPhoneSimulator
		Debug|x64 = Debug|x64
		Debug|x86 = Debug|x86
		Release|Any CPU = Release|Any CPU
		Release|ARM = Release|ARM
		Release|iPhone = Release|iPhone
		Release|iPhoneSimulator = Release|iPhoneSimulator
		Release|x64 = Release|x64
		Release|x86 = Release|x86
	EndGlobalSection
	GlobalSection(ProjectConfigurationPlatforms) = postSolution
		{40F8EE7F-4751-440B-9A8F-F05EC02FC822}.Ad-Hoc|Any CPU.ActiveCfg = Release|Any CPU
		{40F8EE7F-4751-440B-9A8F-F05EC02FC822}.Ad-Hoc|Any CPU.Build.0 = Release|Any CPU
		{40F8EE7F-4751-440B-9A8F-F05EC02FC822}.Ad-Hoc|ARM.ActiveCfg = Release|Any CPU
		{40F8EE7F-4751-440B-9A8F-F05EC02FC822}.Ad-Hoc|iPhone.ActiveCfg = Debug|Any CPU
		{40F8EE7F-4751-440B-9A8F-F05EC02FC822}.Ad-Hoc|iPhone.Build.0 = Debug|Any CPU
		{40F8EE7F-4751-440B-9A8F-F05EC02FC822}.Ad-Hoc|iPhoneSimulator.ActiveCfg = Release|Any CPU
		{40F8EE7F-4751-440B-9A8F-F05EC02FC822}.Ad-Hoc|x64.ActiveCfg = Release|Any CPU
		{40F8EE7F-4751-440B-9A8F-F05EC02FC822}.Ad-Hoc|x86.ActiveCfg = Release|Any CPU
		{40F8EE7F-4751-440B-9A8F-F05EC02FC822}.AppStore|Any CPU.ActiveCfg = Release|Any CPU
		{40F8EE7F-4751-440B-9A8F-F05EC02FC822}.AppStore|Any CPU.Build.0 = Release|Any CPU
		{40F8EE7F-4751-440B-9A8F-F05EC02FC822}.AppStore|ARM.ActiveCfg = Release|Any CPU
		{40F8EE7F-4751-440B-9A8F-F05EC02FC822}.AppStore|iPhone.ActiveCfg = Debug|Any CPU
		{40F8EE7F-4751-440B-9A8F-F05EC02FC822}.AppStore|iPhone.Build.0 = Debug|Any CPU
		{40F8EE7F-4751-440B-9A8F-F05EC02FC822}.AppStore|iPhoneSimulator.ActiveCfg = Release|Any CPU
		{40F8EE7F-4751-440B-9A8F-F05EC02FC822}.AppStore|x64.ActiveCfg = Release|Any CPU
		{40F8EE7F-4751-440B-9A8F-F05EC02FC822}.AppStore|x86.ActiveCfg = Release|Any CPU
		{40F8EE7F-4751-440B-9A8F-F05EC02FC822}.Debug|Any CPU.ActiveCfg = Debug|Any CPU
		{40F8EE7F-4751-440B-9A8F-F05EC02FC822}.Debug|Any CPU.Build.0 = Debug|Any CPU
		{40F8EE7F-4751-440B-9A8F-F05EC02FC822}.Debug|ARM.ActiveCfg = Debug|Any CPU
		{40F8EE7F-4751-440B-9A8F-F05EC02FC822}.Debug|iPhone.ActiveCfg = Debug|Any CPU
		{40F8EE7F-4751-440B-9A8F-F05EC02FC822}.Debug|iPhone.Build.0 = Debug|Any CPU
		{40F8EE7F-4751-440B-9A8F-F05EC02FC822}.Debug|iPhoneSimulator.ActiveCfg = Debug|Any CPU
		{40F8EE7F-4751-440B-9A8F-F05EC02FC822}.Debug|iPhoneSimulator.Build.0 = Debug|Any CPU
		{40F8EE7F-4751-440B-9A8F-F05EC02FC822}.Debug|x64.ActiveCfg = Debug|Any CPU
		{40F8EE7F-4751-440B-9A8F-F05EC02FC822}.Debug|x86.ActiveCfg = Debug|Any CPU
		{40F8EE7F-4751-440B-9A8F-F05EC02FC822}.Release|Any CPU.ActiveCfg = Release|Any CPU
		{40F8EE7F-4751-440B-9A8F-F05EC02FC822}.Release|Any CPU.Build.0 = Release|Any CPU
		{40F8EE7F-4751-440B-9A8F-F05EC02FC822}.Release|ARM.ActiveCfg = Release|Any CPU
		{40F8EE7F-4751-440B-9A8F-F05EC02FC822}.Release|iPhone.ActiveCfg = Release|Any CPU
		{40F8EE7F-4751-440B-9A8F-F05EC02FC822}.Release|iPhone.Build.0 = Release|Any CPU
		{40F8EE7F-4751-440B-9A8F-F05EC02FC822}.Release|iPhoneSimulator.ActiveCfg = Release|Any CPU
		{40F8EE7F-4751-440B-9A8F-F05EC02FC822}.Release|iPhoneSimulator.Build.0 = Release|Any CPU
		{40F8EE7F-4751-440B-9A8F-F05EC02FC822}.Release|x64.ActiveCfg = Release|Any CPU
		{40F8EE7F-4751-440B-9A8F-F05EC02FC822}.Release|x86.ActiveCfg = Release|Any CPU
		{11769DB6-4A88-420D-9F7C-B7C309C3FCBB}.Ad-Hoc|Any CPU.ActiveCfg = Release|Any CPU
		{11769DB6-4A88-420D-9F7C-B7C309C3FCBB}.Ad-Hoc|ARM.ActiveCfg = Release|Any CPU
		{11769DB6-4A88-420D-9F7C-B7C309C3FCBB}.Ad-Hoc|iPhone.ActiveCfg = Release|Any CPU
		{11769DB6-4A88-420D-9F7C-B7C309C3FCBB}.Ad-Hoc|iPhoneSimulator.ActiveCfg = Release|Any CPU
		{11769DB6-4A88-420D-9F7C-B7C309C3FCBB}.Ad-Hoc|x64.ActiveCfg = Release|Any CPU
		{11769DB6-4A88-420D-9F7C-B7C309C3FCBB}.Ad-Hoc|x86.ActiveCfg = Release|Any CPU
		{11769DB6-4A88-420D-9F7C-B7C309C3FCBB}.AppStore|Any CPU.ActiveCfg = Release|Any CPU
		{11769DB6-4A88-420D-9F7C-B7C309C3FCBB}.AppStore|ARM.ActiveCfg = Release|Any CPU
		{11769DB6-4A88-420D-9F7C-B7C309C3FCBB}.AppStore|iPhone.ActiveCfg = Release|Any CPU
		{11769DB6-4A88-420D-9F7C-B7C309C3FCBB}.AppStore|iPhoneSimulator.ActiveCfg = Release|Any CPU
		{11769DB6-4A88-420D-9F7C-B7C309C3FCBB}.AppStore|x64.ActiveCfg = Release|Any CPU
		{11769DB6-4A88-420D-9F7C-B7C309C3FCBB}.AppStore|x86.ActiveCfg = Release|Any CPU
		{11769DB6-4A88-420D-9F7C-B7C309C3FCBB}.Debug|Any CPU.ActiveCfg = Debug|Any CPU
		{11769DB6-4A88-420D-9F7C-B7C309C3FCBB}.Debug|Any CPU.Build.0 = Debug|Any CPU
		{11769DB6-4A88-420D-9F7C-B7C309C3FCBB}.Debug|Any CPU.Deploy.0 = Debug|Any CPU
		{11769DB6-4A88-420D-9F7C-B7C309C3FCBB}.Debug|ARM.ActiveCfg = Debug|Any CPU
		{11769DB6-4A88-420D-9F7C-B7C309C3FCBB}.Debug|iPhone.ActiveCfg = Debug|Any CPU
		{11769DB6-4A88-420D-9F7C-B7C309C3FCBB}.Debug|iPhoneSimulator.ActiveCfg = Debug|Any CPU
		{11769DB6-4A88-420D-9F7C-B7C309C3FCBB}.Debug|x64.ActiveCfg = Debug|Any CPU
		{11769DB6-4A88-420D-9F7C-B7C309C3FCBB}.Debug|x86.ActiveCfg = Debug|Any CPU
		{11769DB6-4A88-420D-9F7C-B7C309C3FCBB}.Release|Any CPU.ActiveCfg = Release|Any CPU
		{11769DB6-4A88-420D-9F7C-B7C309C3FCBB}.Release|Any CPU.Build.0 = Release|Any CPU
		{11769DB6-4A88-420D-9F7C-B7C309C3FCBB}.Release|Any CPU.Deploy.0 = Release|Any CPU
		{11769DB6-4A88-420D-9F7C-B7C309C3FCBB}.Release|ARM.ActiveCfg = Release|Any CPU
		{11769DB6-4A88-420D-9F7C-B7C309C3FCBB}.Release|iPhone.ActiveCfg = Release|Any CPU
		{11769DB6-4A88-420D-9F7C-B7C309C3FCBB}.Release|iPhoneSimulator.ActiveCfg = Release|Any CPU
		{11769DB6-4A88-420D-9F7C-B7C309C3FCBB}.Release|x64.ActiveCfg = Release|Any CPU
		{11769DB6-4A88-420D-9F7C-B7C309C3FCBB}.Release|x86.ActiveCfg = Release|Any CPU
		{7D679837-7E10-4354-A366-6BDEA2AA2300}.Ad-Hoc|Any CPU.ActiveCfg = Release|Any CPU
		{7D679837-7E10-4354-A366-6BDEA2AA2300}.Ad-Hoc|Any CPU.Build.0 = Release|Any CPU
		{7D679837-7E10-4354-A366-6BDEA2AA2300}.Ad-Hoc|Any CPU.Deploy.0 = Release|Any CPU
		{7D679837-7E10-4354-A366-6BDEA2AA2300}.Ad-Hoc|ARM.ActiveCfg = Release|ARM
		{7D679837-7E10-4354-A366-6BDEA2AA2300}.Ad-Hoc|ARM.Build.0 = Release|ARM
		{7D679837-7E10-4354-A366-6BDEA2AA2300}.Ad-Hoc|ARM.Deploy.0 = Release|ARM
		{7D679837-7E10-4354-A366-6BDEA2AA2300}.Ad-Hoc|iPhone.ActiveCfg = Release|Any CPU
		{7D679837-7E10-4354-A366-6BDEA2AA2300}.Ad-Hoc|iPhoneSimulator.ActiveCfg = Release|Any CPU
		{7D679837-7E10-4354-A366-6BDEA2AA2300}.Ad-Hoc|x64.ActiveCfg = Release|x64
		{7D679837-7E10-4354-A366-6BDEA2AA2300}.Ad-Hoc|x64.Build.0 = Release|x64
		{7D679837-7E10-4354-A366-6BDEA2AA2300}.Ad-Hoc|x64.Deploy.0 = Release|x64
		{7D679837-7E10-4354-A366-6BDEA2AA2300}.Ad-Hoc|x86.ActiveCfg = Release|x86
		{7D679837-7E10-4354-A366-6BDEA2AA2300}.Ad-Hoc|x86.Build.0 = Release|x86
		{7D679837-7E10-4354-A366-6BDEA2AA2300}.Ad-Hoc|x86.Deploy.0 = Release|x86
		{7D679837-7E10-4354-A366-6BDEA2AA2300}.AppStore|Any CPU.ActiveCfg = Release|Any CPU
		{7D679837-7E10-4354-A366-6BDEA2AA2300}.AppStore|Any CPU.Build.0 = Release|Any CPU
		{7D679837-7E10-4354-A366-6BDEA2AA2300}.AppStore|Any CPU.Deploy.0 = Release|Any CPU
		{7D679837-7E10-4354-A366-6BDEA2AA2300}.AppStore|ARM.ActiveCfg = Release|ARM
		{7D679837-7E10-4354-A366-6BDEA2AA2300}.AppStore|ARM.Build.0 = Release|ARM
		{7D679837-7E10-4354-A366-6BDEA2AA2300}.AppStore|ARM.Deploy.0 = Release|ARM
		{7D679837-7E10-4354-A366-6BDEA2AA2300}.AppStore|iPhone.ActiveCfg = Release|Any CPU
		{7D679837-7E10-4354-A366-6BDEA2AA2300}.AppStore|iPhoneSimulator.ActiveCfg = Release|Any CPU
		{7D679837-7E10-4354-A366-6BDEA2AA2300}.AppStore|x64.ActiveCfg = Release|x64
		{7D679837-7E10-4354-A366-6BDEA2AA2300}.AppStore|x64.Build.0 = Release|x64
		{7D679837-7E10-4354-A366-6BDEA2AA2300}.AppStore|x64.Deploy.0 = Release|x64
		{7D679837-7E10-4354-A366-6BDEA2AA2300}.AppStore|x86.ActiveCfg = Release|x86
		{7D679837-7E10-4354-A366-6BDEA2AA2300}.AppStore|x86.Build.0 = Release|x86
		{7D679837-7E10-4354-A366-6BDEA2AA2300}.AppStore|x86.Deploy.0 = Release|x86
		{7D679837-7E10-4354-A366-6BDEA2AA2300}.Debug|Any CPU.ActiveCfg = Debug|Any CPU
		{7D679837-7E10-4354-A366-6BDEA2AA2300}.Debug|Any CPU.Build.0 = Debug|Any CPU
		{7D679837-7E10-4354-A366-6BDEA2AA2300}.Debug|Any CPU.Deploy.0 = Debug|Any CPU
		{7D679837-7E10-4354-A366-6BDEA2AA2300}.Debug|ARM.ActiveCfg = Debug|ARM
		{7D679837-7E10-4354-A366-6BDEA2AA2300}.Debug|ARM.Build.0 = Debug|ARM
		{7D679837-7E10-4354-A366-6BDEA2AA2300}.Debug|ARM.Deploy.0 = Debug|ARM
		{7D679837-7E10-4354-A366-6BDEA2AA2300}.Debug|iPhone.ActiveCfg = Debug|Any CPU
		{7D679837-7E10-4354-A366-6BDEA2AA2300}.Debug|iPhoneSimulator.ActiveCfg = Debug|Any CPU
		{7D679837-7E10-4354-A366-6BDEA2AA2300}.Debug|x64.ActiveCfg = Debug|x64
		{7D679837-7E10-4354-A366-6BDEA2AA2300}.Debug|x64.Build.0 = Debug|x64
		{7D679837-7E10-4354-A366-6BDEA2AA2300}.Debug|x64.Deploy.0 = Debug|x64
		{7D679837-7E10-4354-A366-6BDEA2AA2300}.Debug|x86.ActiveCfg = Debug|x86
		{7D679837-7E10-4354-A366-6BDEA2AA2300}.Debug|x86.Build.0 = Debug|x86
		{7D679837-7E10-4354-A366-6BDEA2AA2300}.Debug|x86.Deploy.0 = Debug|x86
		{7D679837-7E10-4354-A366-6BDEA2AA2300}.Release|Any CPU.ActiveCfg = Release|Any CPU
		{7D679837-7E10-4354-A366-6BDEA2AA2300}.Release|Any CPU.Build.0 = Release|Any CPU
		{7D679837-7E10-4354-A366-6BDEA2AA2300}.Release|Any CPU.Deploy.0 = Release|Any CPU
		{7D679837-7E10-4354-A366-6BDEA2AA2300}.Release|ARM.ActiveCfg = Release|ARM
		{7D679837-7E10-4354-A366-6BDEA2AA2300}.Release|ARM.Build.0 = Release|ARM
		{7D679837-7E10-4354-A366-6BDEA2AA2300}.Release|ARM.Deploy.0 = Release|ARM
		{7D679837-7E10-4354-A366-6BDEA2AA2300}.Release|iPhone.ActiveCfg = Release|Any CPU
		{7D679837-7E10-4354-A366-6BDEA2AA2300}.Release|iPhoneSimulator.ActiveCfg = Release|Any CPU
		{7D679837-7E10-4354-A366-6BDEA2AA2300}.Release|x64.ActiveCfg = Release|x64
		{7D679837-7E10-4354-A366-6BDEA2AA2300}.Release|x64.Build.0 = Release|x64
		{7D679837-7E10-4354-A366-6BDEA2AA2300}.Release|x64.Deploy.0 = Release|x64
		{7D679837-7E10-4354-A366-6BDEA2AA2300}.Release|x86.ActiveCfg = Release|x86
		{7D679837-7E10-4354-A366-6BDEA2AA2300}.Release|x86.Build.0 = Release|x86
		{7D679837-7E10-4354-A366-6BDEA2AA2300}.Release|x86.Deploy.0 = Release|x86
		{A4FDA746-5D39-42C5-ADB8-BF4BA5812B0F}.Ad-Hoc|Any CPU.ActiveCfg = Release|Any CPU
		{A4FDA746-5D39-42C5-ADB8-BF4BA5812B0F}.Ad-Hoc|Any CPU.Build.0 = Release|Any CPU
		{A4FDA746-5D39-42C5-ADB8-BF4BA5812B0F}.Ad-Hoc|Any CPU.Deploy.0 = Release|Any CPU
		{A4FDA746-5D39-42C5-ADB8-BF4BA5812B0F}.Ad-Hoc|ARM.ActiveCfg = Release|Any CPU
		{A4FDA746-5D39-42C5-ADB8-BF4BA5812B0F}.Ad-Hoc|iPhone.ActiveCfg = Debug|Any CPU
		{A4FDA746-5D39-42C5-ADB8-BF4BA5812B0F}.Ad-Hoc|iPhone.Build.0 = Debug|Any CPU
		{A4FDA746-5D39-42C5-ADB8-BF4BA5812B0F}.Ad-Hoc|iPhoneSimulator.ActiveCfg = Release|Any CPU
		{A4FDA746-5D39-42C5-ADB8-BF4BA5812B0F}.Ad-Hoc|x64.ActiveCfg = Release|Any CPU
		{A4FDA746-5D39-42C5-ADB8-BF4BA5812B0F}.Ad-Hoc|x86.ActiveCfg = Release|Any CPU
		{A4FDA746-5D39-42C5-ADB8-BF4BA5812B0F}.AppStore|Any CPU.ActiveCfg = Release|Any CPU
		{A4FDA746-5D39-42C5-ADB8-BF4BA5812B0F}.AppStore|Any CPU.Build.0 = Release|Any CPU
		{A4FDA746-5D39-42C5-ADB8-BF4BA5812B0F}.AppStore|Any CPU.Deploy.0 = Release|Any CPU
		{A4FDA746-5D39-42C5-ADB8-BF4BA5812B0F}.AppStore|ARM.ActiveCfg = Release|Any CPU
		{A4FDA746-5D39-42C5-ADB8-BF4BA5812B0F}.AppStore|iPhone.ActiveCfg = Debug|Any CPU
		{A4FDA746-5D39-42C5-ADB8-BF4BA5812B0F}.AppStore|iPhone.Build.0 = Debug|Any CPU
		{A4FDA746-5D39-42C5-ADB8-BF4BA5812B0F}.AppStore|iPhoneSimulator.ActiveCfg = Release|Any CPU
		{A4FDA746-5D39-42C5-ADB8-BF4BA5812B0F}.AppStore|x64.ActiveCfg = Release|Any CPU
		{A4FDA746-5D39-42C5-ADB8-BF4BA5812B0F}.AppStore|x86.ActiveCfg = Release|Any CPU
		{A4FDA746-5D39-42C5-ADB8-BF4BA5812B0F}.Debug|Any CPU.ActiveCfg = Debug|Any CPU
		{A4FDA746-5D39-42C5-ADB8-BF4BA5812B0F}.Debug|Any CPU.Build.0 = Debug|Any CPU
		{A4FDA746-5D39-42C5-ADB8-BF4BA5812B0F}.Debug|Any CPU.Deploy.0 = Debug|Any CPU
		{A4FDA746-5D39-42C5-ADB8-BF4BA5812B0F}.Debug|ARM.ActiveCfg = Debug|Any CPU
		{A4FDA746-5D39-42C5-ADB8-BF4BA5812B0F}.Debug|iPhone.ActiveCfg = Debug|Any CPU
		{A4FDA746-5D39-42C5-ADB8-BF4BA5812B0F}.Debug|iPhone.Build.0 = Debug|Any CPU
		{A4FDA746-5D39-42C5-ADB8-BF4BA5812B0F}.Debug|iPhoneSimulator.ActiveCfg = Debug|Any CPU
		{A4FDA746-5D39-42C5-ADB8-BF4BA5812B0F}.Debug|iPhoneSimulator.Build.0 = Debug|Any CPU
		{A4FDA746-5D39-42C5-ADB8-BF4BA5812B0F}.Debug|x64.ActiveCfg = Debug|Any CPU
		{A4FDA746-5D39-42C5-ADB8-BF4BA5812B0F}.Debug|x86.ActiveCfg = Debug|Any CPU
		{A4FDA746-5D39-42C5-ADB8-BF4BA5812B0F}.Release|Any CPU.ActiveCfg = Release|Any CPU
		{A4FDA746-5D39-42C5-ADB8-BF4BA5812B0F}.Release|Any CPU.Build.0 = Release|Any CPU
		{A4FDA746-5D39-42C5-ADB8-BF4BA5812B0F}.Release|Any CPU.Deploy.0 = Release|Any CPU
		{A4FDA746-5D39-42C5-ADB8-BF4BA5812B0F}.Release|ARM.ActiveCfg = Release|Any CPU
		{A4FDA746-5D39-42C5-ADB8-BF4BA5812B0F}.Release|iPhone.ActiveCfg = Release|Any CPU
		{A4FDA746-5D39-42C5-ADB8-BF4BA5812B0F}.Release|iPhone.Build.0 = Release|Any CPU
		{A4FDA746-5D39-42C5-ADB8-BF4BA5812B0F}.Release|iPhoneSimulator.ActiveCfg = Release|Any CPU
		{A4FDA746-5D39-42C5-ADB8-BF4BA5812B0F}.Release|iPhoneSimulator.Build.0 = Release|Any CPU
		{A4FDA746-5D39-42C5-ADB8-BF4BA5812B0F}.Release|x64.ActiveCfg = Release|Any CPU
		{A4FDA746-5D39-42C5-ADB8-BF4BA5812B0F}.Release|x86.ActiveCfg = Release|Any CPU
		{3D066E4B-C054-4DE7-96D5-64D050A92C49}.Ad-Hoc|Any CPU.ActiveCfg = Ad-Hoc|iPhone
		{3D066E4B-C054-4DE7-96D5-64D050A92C49}.Ad-Hoc|ARM.ActiveCfg = Ad-Hoc|iPhone
		{3D066E4B-C054-4DE7-96D5-64D050A92C49}.Ad-Hoc|iPhone.ActiveCfg = Ad-Hoc|iPhone
		{3D066E4B-C054-4DE7-96D5-64D050A92C49}.Ad-Hoc|iPhone.Build.0 = Ad-Hoc|iPhone
		{3D066E4B-C054-4DE7-96D5-64D050A92C49}.Ad-Hoc|iPhoneSimulator.ActiveCfg = Ad-Hoc|iPhone
		{3D066E4B-C054-4DE7-96D5-64D050A92C49}.Ad-Hoc|x64.ActiveCfg = Ad-Hoc|iPhone
		{3D066E4B-C054-4DE7-96D5-64D050A92C49}.Ad-Hoc|x86.ActiveCfg = Ad-Hoc|iPhone
		{3D066E4B-C054-4DE7-96D5-64D050A92C49}.AppStore|Any CPU.ActiveCfg = AppStore|iPhone
		{3D066E4B-C054-4DE7-96D5-64D050A92C49}.AppStore|ARM.ActiveCfg = AppStore|iPhone
		{3D066E4B-C054-4DE7-96D5-64D050A92C49}.AppStore|iPhone.ActiveCfg = AppStore|iPhone
		{3D066E4B-C054-4DE7-96D5-64D050A92C49}.AppStore|iPhone.Build.0 = AppStore|iPhone
		{3D066E4B-C054-4DE7-96D5-64D050A92C49}.AppStore|iPhoneSimulator.ActiveCfg = AppStore|iPhone
		{3D066E4B-C054-4DE7-96D5-64D050A92C49}.AppStore|x64.ActiveCfg = AppStore|iPhone
		{3D066E4B-C054-4DE7-96D5-64D050A92C49}.AppStore|x86.ActiveCfg = AppStore|iPhone
		{3D066E4B-C054-4DE7-96D5-64D050A92C49}.Debug|Any CPU.ActiveCfg = Debug|iPhoneSimulator
		{3D066E4B-C054-4DE7-96D5-64D050A92C49}.Debug|Any CPU.Build.0 = Debug|iPhoneSimulator
		{3D066E4B-C054-4DE7-96D5-64D050A92C49}.Debug|ARM.ActiveCfg = Debug|iPhoneSimulator
		{3D066E4B-C054-4DE7-96D5-64D050A92C49}.Debug|ARM.Build.0 = Debug|iPhoneSimulator
		{3D066E4B-C054-4DE7-96D5-64D050A92C49}.Debug|iPhone.ActiveCfg = Debug|iPhone
		{3D066E4B-C054-4DE7-96D5-64D050A92C49}.Debug|iPhone.Build.0 = Debug|iPhone
		{3D066E4B-C054-4DE7-96D5-64D050A92C49}.Debug|iPhoneSimulator.ActiveCfg = Debug|iPhoneSimulator
		{3D066E4B-C054-4DE7-96D5-64D050A92C49}.Debug|iPhoneSimulator.Build.0 = Debug|iPhoneSimulator
		{3D066E4B-C054-4DE7-96D5-64D050A92C49}.Debug|x64.ActiveCfg = Debug|iPhoneSimulator
		{3D066E4B-C054-4DE7-96D5-64D050A92C49}.Debug|x64.Build.0 = Debug|iPhoneSimulator
		{3D066E4B-C054-4DE7-96D5-64D050A92C49}.Debug|x86.ActiveCfg = Debug|iPhoneSimulator
		{3D066E4B-C054-4DE7-96D5-64D050A92C49}.Debug|x86.Build.0 = Debug|iPhoneSimulator
		{3D066E4B-C054-4DE7-96D5-64D050A92C49}.Release|Any CPU.ActiveCfg = Release|iPhoneSimulator
		{3D066E4B-C054-4DE7-96D5-64D050A92C49}.Release|Any CPU.Build.0 = Release|iPhoneSimulator
		{3D066E4B-C054-4DE7-96D5-64D050A92C49}.Release|ARM.ActiveCfg = Release|iPhoneSimulator
		{3D066E4B-C054-4DE7-96D5-64D050A92C49}.Release|ARM.Build.0 = Release|iPhoneSimulator
		{3D066E4B-C054-4DE7-96D5-64D050A92C49}.Release|iPhone.ActiveCfg = Release|iPhone
		{3D066E4B-C054-4DE7-96D5-64D050A92C49}.Release|iPhone.Build.0 = Release|iPhone
		{3D066E4B-C054-4DE7-96D5-64D050A92C49}.Release|iPhoneSimulator.ActiveCfg = Release|iPhoneSimulator
		{3D066E4B-C054-4DE7-96D5-64D050A92C49}.Release|iPhoneSimulator.Build.0 = Release|iPhoneSimulator
		{3D066E4B-C054-4DE7-96D5-64D050A92C49}.Release|x64.ActiveCfg = Release|iPhoneSimulator
		{3D066E4B-C054-4DE7-96D5-64D050A92C49}.Release|x64.Build.0 = Release|iPhoneSimulator
		{3D066E4B-C054-4DE7-96D5-64D050A92C49}.Release|x86.ActiveCfg = Release|iPhoneSimulator
		{3D066E4B-C054-4DE7-96D5-64D050A92C49}.Release|x86.Build.0 = Release|iPhoneSimulator
	EndGlobalSection
	GlobalSection(SolutionProperties) = preSolution
		HideSolutionNode = FALSE
	EndGlobalSection
	GlobalSection(MonoDevelopProperties) = preSolution
		StartupItem = FractalGen.Core\FractalGen.Core.csproj
	EndGlobalSection
EndGlobal
